// !$*UTF8*$!
{
	archiveVersion = 1;
	classes = {
	};
	objectVersion = 46;
	objects = {

/* Begin PBXBuildFile section */
		19B26691193D2CF98E39543F /* Pods_WhatsOnTests.framework in Frameworks */ = {isa = PBXBuildFile; fileRef = FE94BF63C5CC68AC641A95DE /* Pods_WhatsOnTests.framework */; };
		2DBA13D585CE5E035AE263D4 /* EventResponseView.swift in Sources */ = {isa = PBXBuildFile; fileRef = 2DBA11FDB477210F9D964D34 /* EventResponseView.swift */; };
		2DBA1A1D4FF1A6199AD9D4FA /* BuildConfig.swift in Sources */ = {isa = PBXBuildFile; fileRef = 2DBA1EBA1E19FC38477D7218 /* BuildConfig.swift */; };
		2DBA1FC7FB7A35811ADEDB84 /* EventResponse.swift in Sources */ = {isa = PBXBuildFile; fileRef = 2DBA151F9881A527C9CC0A71 /* EventResponse.swift */; };
		69853044F5C74357E1751736 /* Animator.swift in Sources */ = {isa = PBXBuildFile; fileRef = 6985300D9DA8F970ED4D589E /* Animator.swift */; };
		698531761CD39981ABD5B75B /* Completion.swift in Sources */ = {isa = PBXBuildFile; fileRef = 69853BE8F4A525FC03DF7E20 /* Completion.swift */; };
		6985330727D25CE189AC7193 /* FailedAccessView.swift in Sources */ = {isa = PBXBuildFile; fileRef = 6985333EBC410C0E8F45C969 /* FailedAccessView.swift */; };
		698533858A420599E0C749F0 /* DayCell.swift in Sources */ = {isa = PBXBuildFile; fileRef = 698530C0F754D12F1E38397C /* DayCell.swift */; };
		6985339AD6136F4F0794DD59 /* EKEventKit+Convenience.swift in Sources */ = {isa = PBXBuildFile; fileRef = 69853687E86C131BBEA80025 /* EKEventKit+Convenience.swift */; };
		698533DEAF59954635D7E3CD /* Line.swift in Sources */ = {isa = PBXBuildFile; fileRef = 6985328C217A9C753C09CFDE /* Line.swift */; };
		698534B8D95E1BCE5206D939 /* BasicAnimator.swift in Sources */ = {isa = PBXBuildFile; fileRef = 69853B71158DE94568DDC9FB /* BasicAnimator.swift */; };
		6985372A302EA91FAB612301 /* DataProvider.swift in Sources */ = {isa = PBXBuildFile; fileRef = 698536C18C7A4E830F167DAE /* DataProvider.swift */; };
		698538F49DD3046F71BE4E01 /* AllowsGestureRecognizer.swift in Sources */ = {isa = PBXBuildFile; fileRef = 69853BC8BAF5893B6913918C /* AllowsGestureRecognizer.swift */; };
		698539E35BDB526A55FA73A4 /* PropertyAnimator.swift in Sources */ = {isa = PBXBuildFile; fileRef = 69853939FC3A0F98F4792C0F /* PropertyAnimator.swift */; };
		69853B3AC06B29C271651CF0 /* UIDatePicker+Hours.swift in Sources */ = {isa = PBXBuildFile; fileRef = 6985397DE155D32104662FA2 /* UIDatePicker+Hours.swift */; };
		69853BB8C3723DD6A606DFFE /* DetailsCard.swift in Sources */ = {isa = PBXBuildFile; fileRef = 69853ADAFB0D8A57C40FC7BA /* DetailsCard.swift */; };
		69853C206C9404ACE2BD00BC /* EventView.swift in Sources */ = {isa = PBXBuildFile; fileRef = 69853943917F0CF738ACB915 /* EventView.swift */; };
		69853C93D4E8453CAAF42338 /* EventDetailsPresenter.swift in Sources */ = {isa = PBXBuildFile; fileRef = 6985351AE5837369246C93AD /* EventDetailsPresenter.swift */; };
		69853D85F37E68B39053DB9F /* GoogleService-Info.plist in Resources */ = {isa = PBXBuildFile; fileRef = 69853D2C9F2840A9862339C4 /* GoogleService-Info.plist */; };
		69853EB6AEFC9EE982D28388 /* TimeLabel.swift in Sources */ = {isa = PBXBuildFile; fileRef = 69853F60E5391F881F006F7B /* TimeLabel.swift */; };
		69853EDF767415596862180F /* Analytics.swift in Sources */ = {isa = PBXBuildFile; fileRef = 6985358E9835009A7EA756E9 /* Analytics.swift */; };
		8600B99D1F09383D008578E5 /* LoadingView.swift in Sources */ = {isa = PBXBuildFile; fileRef = 8600B99C1F09383D008578E5 /* LoadingView.swift */; };
		8600B99F1F09429D008578E5 /* Delayer.swift in Sources */ = {isa = PBXBuildFile; fileRef = 8600B99E1F09429D008578E5 /* Delayer.swift */; };
		8600B9A11F0946F9008578E5 /* UIView+Animations.swift in Sources */ = {isa = PBXBuildFile; fileRef = 8600B9A01F0946F9008578E5 /* UIView+Animations.swift */; };
		86075C331E3E228C005AF423 /* Localizable.strings in Resources */ = {isa = PBXBuildFile; fileRef = 86075C321E3E228C005AF423 /* Localizable.strings */; };
		8607847A1DAD7E6100AAE856 /* LabelStyle.swift in Sources */ = {isa = PBXBuildFile; fileRef = 860784791DAD7E6100AAE856 /* LabelStyle.swift */; };
		8609C5A41DB01AF100B44D76 /* EventDetailsPushTransition.swift in Sources */ = {isa = PBXBuildFile; fileRef = 8609C5A31DB01AF100B44D76 /* EventDetailsPushTransition.swift */; };
		8618A51F1BDA92F900A4845E /* EventCell.swift in Sources */ = {isa = PBXBuildFile; fileRef = 8618A51E1BDA92F900A4845E /* EventCell.swift */; };
		861BD0E01D9FC4290032FBAB /* Optional+Fluency.swift in Sources */ = {isa = PBXBuildFile; fileRef = 861BD0DF1D9FC4290032FBAB /* Optional+Fluency.swift */; };
		8620886D22BFE2E200268B3D /* MultipleEventCell.swift in Sources */ = {isa = PBXBuildFile; fileRef = 8620886C22BFE2E200268B3D /* MultipleEventCell.swift */; };
		8620886F22BFEDF000268B3D /* Localizable.stringsdict in Resources */ = {isa = PBXBuildFile; fileRef = 8620886E22BFEDF000268B3D /* Localizable.stringsdict */; };
		8620887122C119E200268B3D /* NewFoo.swift in Sources */ = {isa = PBXBuildFile; fileRef = 8620887022C119E200268B3D /* NewFoo.swift */; };
		8626886E1EEC94DE00D8FB79 /* UIApplicationShortcuts.swift in Sources */ = {isa = PBXBuildFile; fileRef = 8626886D1EEC94DE00D8FB79 /* UIApplicationShortcuts.swift */; };
		86302CDA23ABD16300008124 /* OptionsView2.swift in Sources */ = {isa = PBXBuildFile; fileRef = 86302CD923ABD16300008124 /* OptionsView2.swift */; };
		86317A091EC258ED0009EE8A /* EventPredicateTests.swift in Sources */ = {isa = PBXBuildFile; fileRef = 86317A081EC258ED0009EE8A /* EventPredicateTests.swift */; };
		8648F18F1D984F6500C7BD48 /* EventDetailsTracking.swift in Sources */ = {isa = PBXBuildFile; fileRef = 8648F18E1D984F6500C7BD48 /* EventDetailsTracking.swift */; };
		8650D7D21D9FAE8E002D5930 /* TimeRepository.swift in Sources */ = {isa = PBXBuildFile; fileRef = 8650D7D11D9FAE8E002D5930 /* TimeRepository.swift */; };
		8658A2301F375DF800BF219C /* TableSection.swift in Sources */ = {isa = PBXBuildFile; fileRef = 8658A22F1F375DF800BF219C /* TableSection.swift */; };
		8658A2321F375E3A00BF219C /* TableItem.swift in Sources */ = {isa = PBXBuildFile; fileRef = 8658A2311F375E3A00BF219C /* TableItem.swift */; };
		8658A2341F375E6100BF219C /* TitleTableItem.swift in Sources */ = {isa = PBXBuildFile; fileRef = 8658A2331F375E6100BF219C /* TitleTableItem.swift */; };
		8658A2361F375EA500BF219C /* SwitchTableItem.swift in Sources */ = {isa = PBXBuildFile; fileRef = 8658A2351F375EA500BF219C /* SwitchTableItem.swift */; };
		8658A2381F375ED500BF219C /* CustomViewTableItem.swift in Sources */ = {isa = PBXBuildFile; fileRef = 8658A2371F375ED500BF219C /* CustomViewTableItem.swift */; };
		8658A23C1F37685400BF219C /* CheckableTableItem.swift in Sources */ = {isa = PBXBuildFile; fileRef = 8658A23B1F37685400BF219C /* CheckableTableItem.swift */; };
		865C7B011EE4B00D0047D8E0 /* BoundaryPickerView.swift in Sources */ = {isa = PBXBuildFile; fileRef = 865C7B001EE4B00D0047D8E0 /* BoundaryPickerView.swift */; };
		865C7B031EE56AE80047D8E0 /* BuildableTableSource.swift in Sources */ = {isa = PBXBuildFile; fileRef = 865C7B021EE56AE80047D8E0 /* BuildableTableSource.swift */; };
		865C7B051EE574100047D8E0 /* OptionsViewController.swift in Sources */ = {isa = PBXBuildFile; fileRef = 865C7B041EE574100047D8E0 /* OptionsViewController.swift */; };
		866560AB1FB88713000ED8A2 /* CalendarPickerViewController.swift in Sources */ = {isa = PBXBuildFile; fileRef = 866560AA1FB88713000ED8A2 /* CalendarPickerViewController.swift */; };
		866D2E771EEA045E008D76D5 /* GradientView.swift in Sources */ = {isa = PBXBuildFile; fileRef = 866D2E761EEA045E008D76D5 /* GradientView.swift */; };
		86755DCE22C7BC2100E91DF4 /* Core.framework in Frameworks */ = {isa = PBXBuildFile; fileRef = 86755DC522C7BC2000E91DF4 /* Core.framework */; };
		86755DD522C7BC2100E91DF4 /* CoreTests.swift in Sources */ = {isa = PBXBuildFile; fileRef = 86755DD422C7BC2100E91DF4 /* CoreTests.swift */; };
		86755DD722C7BC2100E91DF4 /* Core.h in Headers */ = {isa = PBXBuildFile; fileRef = 86755DC722C7BC2000E91DF4 /* Core.h */; settings = {ATTRIBUTES = (Public, ); }; };
		86755DDA22C7BC2100E91DF4 /* Core.framework in Frameworks */ = {isa = PBXBuildFile; fileRef = 86755DC522C7BC2000E91DF4 /* Core.framework */; };
		86755DDB22C7BC2100E91DF4 /* Core.framework in Embed Frameworks */ = {isa = PBXBuildFile; fileRef = 86755DC522C7BC2000E91DF4 /* Core.framework */; settings = {ATTRIBUTES = (CodeSignOnCopy, RemoveHeadersOnCopy, ); }; };
		86755DE422C7BC5100E91DF4 /* CalendarItem.swift in Sources */ = {isa = PBXBuildFile; fileRef = 86755DE322C7BC5100E91DF4 /* CalendarItem.swift */; };
		86755DE622C7BC9500E91DF4 /* Timestamp.swift in Sources */ = {isa = PBXBuildFile; fileRef = 86755DE522C7BC9500E91DF4 /* Timestamp.swift */; };
		86755DE822C7BD0D00E91DF4 /* TimeOfDay.swift in Sources */ = {isa = PBXBuildFile; fileRef = 86755DE722C7BD0D00E91DF4 /* TimeOfDay.swift */; };
		86755DEA22C7BD8D00E91DF4 /* TimeRepository.swift in Sources */ = {isa = PBXBuildFile; fileRef = 86755DE922C7BD8D00E91DF4 /* TimeRepository.swift */; };
		86755DEC22C7BDB500E91DF4 /* TimeCalculator.swift in Sources */ = {isa = PBXBuildFile; fileRef = 86755DEB22C7BDB500E91DF4 /* TimeCalculator.swift */; };
		86755DEE22C7BDF100E91DF4 /* CalendarSlot.swift in Sources */ = {isa = PBXBuildFile; fileRef = 86755DED22C7BDF100E91DF4 /* CalendarSlot.swift */; };
		868119DE2306D66E0035553B /* UserDefaultsTimeStore.swift in Sources */ = {isa = PBXBuildFile; fileRef = 698538EBD0B5796034B50A5C /* UserDefaultsTimeStore.swift */; };
		868119DF2306D67E0035553B /* NSDateCalculator.swift in Sources */ = {isa = PBXBuildFile; fileRef = 864561C21C02709800ADDE44 /* NSDateCalculator.swift */; };
		868119E02306D71A0035553B /* EventStoreRepository.swift in Sources */ = {isa = PBXBuildFile; fileRef = 8650D7CF1D9FA8F5002D5930 /* EventStoreRepository.swift */; };
		868119E12306D7390035553B /* EventPredicates.swift in Sources */ = {isa = PBXBuildFile; fileRef = 869DAC7C1D44D15C005AF315 /* EventPredicates.swift */; };
		868119E22306D7490035553B /* Date+SCTimeOfDay.swift in Sources */ = {isa = PBXBuildFile; fileRef = 698539EC9C2B0360E301F15F /* Date+SCTimeOfDay.swift */; };
		868119E32306D76A0035553B /* CalendarPreferenceStore.swift in Sources */ = {isa = PBXBuildFile; fileRef = 869475691F376DE900925C2A /* CalendarPreferenceStore.swift */; };
		868119E42306D77C0035553B /* CalendarsLoader.swift in Sources */ = {isa = PBXBuildFile; fileRef = 8658A2391F37605000BF219C /* CalendarsLoader.swift */; };
		868119E52306D7930035553B /* EKEventStore+Singleton.swift in Sources */ = {isa = PBXBuildFile; fileRef = 86A9E4581DA8076400E8D019 /* EKEventStore+Singleton.swift */; };
		8694756C1F37726D00925C2A /* CalendarPresenter.swift in Sources */ = {isa = PBXBuildFile; fileRef = 8694756B1F37726D00925C2A /* CalendarPresenter.swift */; };
		8694756E1F37742C00925C2A /* DatePickerPresenter.swift in Sources */ = {isa = PBXBuildFile; fileRef = 8694756D1F37742C00925C2A /* DatePickerPresenter.swift */; };
		8695D0281DA023670034D52A /* HeaderView.swift in Sources */ = {isa = PBXBuildFile; fileRef = 8695D0271DA023670034D52A /* HeaderView.swift */; };
		8695D0301DA185DB0034D52A /* SlotCellStyle.swift in Sources */ = {isa = PBXBuildFile; fileRef = 8695D02F1DA185DB0034D52A /* SlotCellStyle.swift */; };
		8695D0331DA1A2A20034D52A /* SlotDetail.swift in Sources */ = {isa = PBXBuildFile; fileRef = 8695D0321DA1A2A20034D52A /* SlotDetail.swift */; };
		869B1EF520E180A40012A72D /* EventItemView.swift in Sources */ = {isa = PBXBuildFile; fileRef = 869B1EF420E180A40012A72D /* EventItemView.swift */; };
		86A9355522C7C04C003FC26C /* CalendarSource.swift in Sources */ = {isa = PBXBuildFile; fileRef = 86A9355422C7C04C003FC26C /* CalendarSource.swift */; };
		86A9355722C7C1B8003FC26C /* EmptyCalendarItem.swift in Sources */ = {isa = PBXBuildFile; fileRef = 86A9355622C7C1B8003FC26C /* EmptyCalendarItem.swift */; };
		86A9355922C7C1F4003FC26C /* EventCalendarItem.swift in Sources */ = {isa = PBXBuildFile; fileRef = 86A9355822C7C1F4003FC26C /* EventCalendarItem.swift */; };
		86A9355B22C7C246003FC26C /* EventsRepository.swift in Sources */ = {isa = PBXBuildFile; fileRef = 86A9355A22C7C246003FC26C /* EventsRepository.swift */; };
		86A9355D22C7C261003FC26C /* EventsService.swift in Sources */ = {isa = PBXBuildFile; fileRef = 86A9355C22C7C261003FC26C /* EventsService.swift */; };
		86A9355F22C7D52D003FC26C /* NSDate+Time.swift in Sources */ = {isa = PBXBuildFile; fileRef = 86A9355E22C7D52D003FC26C /* NSDate+Time.swift */; };
		86A9C2CB1C444468009281A0 /* WhatsOnAppDelegate.swift in Sources */ = {isa = PBXBuildFile; fileRef = 86A9C2CA1C444468009281A0 /* WhatsOnAppDelegate.swift */; };
		86A9E4571DA7A7DC00E8D019 /* CalendarTableView.swift in Sources */ = {isa = PBXBuildFile; fileRef = 86A9E4561DA7A7DC00E8D019 /* CalendarTableView.swift */; };
		86A9E45B1DA80A4900E8D019 /* UIViewController+Navigation.swift in Sources */ = {isa = PBXBuildFile; fileRef = 86A9E45A1DA80A4900E8D019 /* UIViewController+Navigation.swift */; };
		86A9E45D1DA80DA500E8D019 /* SCTimestamp+Now.swift in Sources */ = {isa = PBXBuildFile; fileRef = 86A9E45C1DA80DA500E8D019 /* SCTimestamp+Now.swift */; };
		86A9E45F1DA80E9700E8D019 /* DateFormatter+Initialisers.swift in Sources */ = {isa = PBXBuildFile; fileRef = 86A9E45E1DA80E9700E8D019 /* DateFormatter+Initialisers.swift */; };
		86C19EBF1BBF28E600BBCDF6 /* WhatsOnViewController.swift in Sources */ = {isa = PBXBuildFile; fileRef = 86C19EBE1BBF28E600BBCDF6 /* WhatsOnViewController.swift */; };
		86CAD4A91BACC9B1009C9CFD /* Assets.xcassets in Resources */ = {isa = PBXBuildFile; fileRef = 86CAD4A81BACC9B1009C9CFD /* Assets.xcassets */; };
		86CAD4AC1BACC9B1009C9CFD /* LaunchScreen.storyboard in Resources */ = {isa = PBXBuildFile; fileRef = 86CAD4AA1BACC9B1009C9CFD /* LaunchScreen.storyboard */; };
		86CFE11C1F1376A400D9AA8D /* EventForceTouchDisplayer.swift in Sources */ = {isa = PBXBuildFile; fileRef = 86CFE11B1F1376A400D9AA8D /* EventForceTouchDisplayer.swift */; };
		86D751131C7128EB00C0A607 /* RoundedRectBorderView.swift in Sources */ = {isa = PBXBuildFile; fileRef = 86D751121C7128EB00C0A607 /* RoundedRectBorderView.swift */; };
		86D751151C71316D00C0A607 /* UIColor+WhatsOn.swift in Sources */ = {isa = PBXBuildFile; fileRef = 86D751141C71316D00C0A607 /* UIColor+WhatsOn.swift */; };
		86DEC9561FB3A069000FF4CD /* AddNewEventViewControllerFactory.swift in Sources */ = {isa = PBXBuildFile; fileRef = 86DEC9551FB3A069000FF4CD /* AddNewEventViewControllerFactory.swift */; };
		86DEC9581FB3B40D000FF4CD /* NextStepTableItem.swift in Sources */ = {isa = PBXBuildFile; fileRef = 86DEC9571FB3B40D000FF4CD /* NextStepTableItem.swift */; };
		86F467F91C8AFFA500147F2E /* WhatsOnPresenter.swift in Sources */ = {isa = PBXBuildFile; fileRef = 86F467F81C8AFFA500147F2E /* WhatsOnPresenter.swift */; };
		86F849991D046A3E007C41B0 /* EventDetailsViewController.swift in Sources */ = {isa = PBXBuildFile; fileRef = 86F849981D046A3E007C41B0 /* EventDetailsViewController.swift */; };
		86F8499B1D046AAE007C41B0 /* UIView+Constraints.swift in Sources */ = {isa = PBXBuildFile; fileRef = 86F8499A1D046AAE007C41B0 /* UIView+Constraints.swift */; };
		86FFFE491EC10E01009D772E /* Optional+Requirements.swift in Sources */ = {isa = PBXBuildFile; fileRef = 86FFFE481EC10E01009D772E /* Optional+Requirements.swift */; };
		E127D37CA6A573D91A32B802 /* Pods_whatson.framework in Frameworks */ = {isa = PBXBuildFile; fileRef = 8334259A4DD3ECC2E846BCAF /* Pods_whatson.framework */; };
/* End PBXBuildFile section */

/* Begin PBXContainerItemProxy section */
		86755DCF22C7BC2100E91DF4 /* PBXContainerItemProxy */ = {
			isa = PBXContainerItemProxy;
			containerPortal = 86CAD4911BACC9B1009C9CFD /* Project object */;
			proxyType = 1;
			remoteGlobalIDString = 86755DC422C7BC2000E91DF4;
			remoteInfo = Core;
		};
		86755DD122C7BC2100E91DF4 /* PBXContainerItemProxy */ = {
			isa = PBXContainerItemProxy;
			containerPortal = 86CAD4911BACC9B1009C9CFD /* Project object */;
			proxyType = 1;
			remoteGlobalIDString = 86CAD4981BACC9B1009C9CFD;
			remoteInfo = whatson;
		};
		86755DD822C7BC2100E91DF4 /* PBXContainerItemProxy */ = {
			isa = PBXContainerItemProxy;
			containerPortal = 86CAD4911BACC9B1009C9CFD /* Project object */;
			proxyType = 1;
			remoteGlobalIDString = 86755DC422C7BC2000E91DF4;
			remoteInfo = Core;
		};
		869DAC751D449EFB005AF315 /* PBXContainerItemProxy */ = {
			isa = PBXContainerItemProxy;
			containerPortal = 86CAD4911BACC9B1009C9CFD /* Project object */;
			proxyType = 1;
			remoteGlobalIDString = 86CAD4981BACC9B1009C9CFD;
			remoteInfo = whatson;
		};
/* End PBXContainerItemProxy section */

/* Begin PBXCopyFilesBuildPhase section */
		86755DDC22C7BC2100E91DF4 /* Embed Frameworks */ = {
			isa = PBXCopyFilesBuildPhase;
			buildActionMask = 2147483647;
			dstPath = "";
			dstSubfolderSpec = 10;
			files = (
				86755DDB22C7BC2100E91DF4 /* Core.framework in Embed Frameworks */,
			);
			name = "Embed Frameworks";
			runOnlyForDeploymentPostprocessing = 0;
		};
		86B7D2F620E123EC001B0DF6 /* Embed App Extensions */ = {
			isa = PBXCopyFilesBuildPhase;
			buildActionMask = 2147483647;
			dstPath = "";
			dstSubfolderSpec = 13;
			files = (
			);
			name = "Embed App Extensions";
			runOnlyForDeploymentPostprocessing = 0;
		};
/* End PBXCopyFilesBuildPhase section */

/* Begin PBXFileReference section */
		1175B80F0FD97DA802FE2AB1 /* Pods-whatson.debug.xcconfig */ = {isa = PBXFileReference; includeInIndex = 1; lastKnownFileType = text.xcconfig; name = "Pods-whatson.debug.xcconfig"; path = "Pods/Target Support Files/Pods-whatson/Pods-whatson.debug.xcconfig"; sourceTree = "<group>"; };
		2DBA11FDB477210F9D964D34 /* EventResponseView.swift */ = {isa = PBXFileReference; fileEncoding = 4; lastKnownFileType = sourcecode.swift; path = EventResponseView.swift; sourceTree = "<group>"; };
		2DBA151F9881A527C9CC0A71 /* EventResponse.swift */ = {isa = PBXFileReference; fileEncoding = 4; lastKnownFileType = sourcecode.swift; path = EventResponse.swift; sourceTree = "<group>"; };
		2DBA1EBA1E19FC38477D7218 /* BuildConfig.swift */ = {isa = PBXFileReference; fileEncoding = 4; lastKnownFileType = sourcecode.swift; path = BuildConfig.swift; sourceTree = "<group>"; };
		4DB8059D3AAB19AFD5B4C782 /* Pods-whatson.release.xcconfig */ = {isa = PBXFileReference; includeInIndex = 1; lastKnownFileType = text.xcconfig; name = "Pods-whatson.release.xcconfig"; path = "Pods/Target Support Files/Pods-whatson/Pods-whatson.release.xcconfig"; sourceTree = "<group>"; };
		6985300D9DA8F970ED4D589E /* Animator.swift */ = {isa = PBXFileReference; fileEncoding = 4; lastKnownFileType = sourcecode.swift; path = Animator.swift; sourceTree = "<group>"; };
		698530C0F754D12F1E38397C /* DayCell.swift */ = {isa = PBXFileReference; fileEncoding = 4; lastKnownFileType = sourcecode.swift; path = DayCell.swift; sourceTree = "<group>"; };
		6985328C217A9C753C09CFDE /* Line.swift */ = {isa = PBXFileReference; fileEncoding = 4; lastKnownFileType = sourcecode.swift; path = Line.swift; sourceTree = "<group>"; };
		6985333EBC410C0E8F45C969 /* FailedAccessView.swift */ = {isa = PBXFileReference; fileEncoding = 4; lastKnownFileType = sourcecode.swift; path = FailedAccessView.swift; sourceTree = "<group>"; };
		6985351AE5837369246C93AD /* EventDetailsPresenter.swift */ = {isa = PBXFileReference; fileEncoding = 4; lastKnownFileType = sourcecode.swift; path = EventDetailsPresenter.swift; sourceTree = "<group>"; };
		6985358E9835009A7EA756E9 /* Analytics.swift */ = {isa = PBXFileReference; fileEncoding = 4; lastKnownFileType = sourcecode.swift; path = Analytics.swift; sourceTree = "<group>"; };
		69853687E86C131BBEA80025 /* EKEventKit+Convenience.swift */ = {isa = PBXFileReference; fileEncoding = 4; lastKnownFileType = sourcecode.swift; name = "EKEventKit+Convenience.swift"; path = "utils/EKEventKit+Convenience.swift"; sourceTree = "<group>"; };
		698536C18C7A4E830F167DAE /* DataProvider.swift */ = {isa = PBXFileReference; fileEncoding = 4; lastKnownFileType = sourcecode.swift; path = DataProvider.swift; sourceTree = "<group>"; };
		698538EBD0B5796034B50A5C /* UserDefaultsTimeStore.swift */ = {isa = PBXFileReference; fileEncoding = 4; lastKnownFileType = sourcecode.swift; path = UserDefaultsTimeStore.swift; sourceTree = "<group>"; };
		69853939FC3A0F98F4792C0F /* PropertyAnimator.swift */ = {isa = PBXFileReference; fileEncoding = 4; lastKnownFileType = sourcecode.swift; path = PropertyAnimator.swift; sourceTree = "<group>"; };
		69853943917F0CF738ACB915 /* EventView.swift */ = {isa = PBXFileReference; fileEncoding = 4; lastKnownFileType = sourcecode.swift; path = EventView.swift; sourceTree = "<group>"; };
		6985397DE155D32104662FA2 /* UIDatePicker+Hours.swift */ = {isa = PBXFileReference; fileEncoding = 4; lastKnownFileType = sourcecode.swift; path = "UIDatePicker+Hours.swift"; sourceTree = "<group>"; };
		698539EC9C2B0360E301F15F /* Date+SCTimeOfDay.swift */ = {isa = PBXFileReference; fileEncoding = 4; lastKnownFileType = sourcecode.swift; path = "Date+SCTimeOfDay.swift"; sourceTree = "<group>"; };
		69853ADAFB0D8A57C40FC7BA /* DetailsCard.swift */ = {isa = PBXFileReference; fileEncoding = 4; lastKnownFileType = sourcecode.swift; path = DetailsCard.swift; sourceTree = "<group>"; };
		69853B71158DE94568DDC9FB /* BasicAnimator.swift */ = {isa = PBXFileReference; fileEncoding = 4; lastKnownFileType = sourcecode.swift; path = BasicAnimator.swift; sourceTree = "<group>"; };
		69853BC8BAF5893B6913918C /* AllowsGestureRecognizer.swift */ = {isa = PBXFileReference; fileEncoding = 4; lastKnownFileType = sourcecode.swift; path = AllowsGestureRecognizer.swift; sourceTree = "<group>"; };
		69853BE8F4A525FC03DF7E20 /* Completion.swift */ = {isa = PBXFileReference; fileEncoding = 4; lastKnownFileType = sourcecode.swift; path = Completion.swift; sourceTree = "<group>"; };
		69853D2C9F2840A9862339C4 /* GoogleService-Info.plist */ = {isa = PBXFileReference; fileEncoding = 4; lastKnownFileType = text.plist.info; path = "GoogleService-Info.plist"; sourceTree = "<group>"; };
		69853F60E5391F881F006F7B /* TimeLabel.swift */ = {isa = PBXFileReference; fileEncoding = 4; lastKnownFileType = sourcecode.swift; path = TimeLabel.swift; sourceTree = "<group>"; };
		8334259A4DD3ECC2E846BCAF /* Pods_whatson.framework */ = {isa = PBXFileReference; explicitFileType = wrapper.framework; includeInIndex = 0; path = Pods_whatson.framework; sourceTree = BUILT_PRODUCTS_DIR; };
		8600B99C1F09383D008578E5 /* LoadingView.swift */ = {isa = PBXFileReference; fileEncoding = 4; lastKnownFileType = sourcecode.swift; path = LoadingView.swift; sourceTree = "<group>"; };
		8600B99E1F09429D008578E5 /* Delayer.swift */ = {isa = PBXFileReference; fileEncoding = 4; lastKnownFileType = sourcecode.swift; path = Delayer.swift; sourceTree = "<group>"; };
		8600B9A01F0946F9008578E5 /* UIView+Animations.swift */ = {isa = PBXFileReference; fileEncoding = 4; lastKnownFileType = sourcecode.swift; path = "UIView+Animations.swift"; sourceTree = "<group>"; };
		86075C321E3E228C005AF423 /* Localizable.strings */ = {isa = PBXFileReference; fileEncoding = 4; lastKnownFileType = text.plist.strings; path = Localizable.strings; sourceTree = "<group>"; };
		860784791DAD7E6100AAE856 /* LabelStyle.swift */ = {isa = PBXFileReference; fileEncoding = 4; lastKnownFileType = sourcecode.swift; path = LabelStyle.swift; sourceTree = "<group>"; };
		8609C5A31DB01AF100B44D76 /* EventDetailsPushTransition.swift */ = {isa = PBXFileReference; fileEncoding = 4; lastKnownFileType = sourcecode.swift; path = EventDetailsPushTransition.swift; sourceTree = "<group>"; };
		8618A51E1BDA92F900A4845E /* EventCell.swift */ = {isa = PBXFileReference; fileEncoding = 4; lastKnownFileType = sourcecode.swift; path = EventCell.swift; sourceTree = "<group>"; };
		861BD0DF1D9FC4290032FBAB /* Optional+Fluency.swift */ = {isa = PBXFileReference; fileEncoding = 4; lastKnownFileType = sourcecode.swift; path = "Optional+Fluency.swift"; sourceTree = "<group>"; };
		8620886C22BFE2E200268B3D /* MultipleEventCell.swift */ = {isa = PBXFileReference; lastKnownFileType = sourcecode.swift; path = MultipleEventCell.swift; sourceTree = "<group>"; };
		8620886E22BFEDF000268B3D /* Localizable.stringsdict */ = {isa = PBXFileReference; lastKnownFileType = text.plist.stringsdict; path = Localizable.stringsdict; sourceTree = "<group>"; };
		8620887022C119E200268B3D /* NewFoo.swift */ = {isa = PBXFileReference; lastKnownFileType = sourcecode.swift; path = NewFoo.swift; sourceTree = "<group>"; };
		862468D11F091B8C00FE5A49 /* libiconv.tbd */ = {isa = PBXFileReference; lastKnownFileType = "sourcecode.text-based-dylib-definition"; name = libiconv.tbd; path = usr/lib/libiconv.tbd; sourceTree = SDKROOT; };
		8626886D1EEC94DE00D8FB79 /* UIApplicationShortcuts.swift */ = {isa = PBXFileReference; fileEncoding = 4; lastKnownFileType = sourcecode.swift; path = UIApplicationShortcuts.swift; sourceTree = "<group>"; };
		86302CD923ABD16300008124 /* OptionsView2.swift */ = {isa = PBXFileReference; lastKnownFileType = sourcecode.swift; path = OptionsView2.swift; sourceTree = "<group>"; };
		86317A081EC258ED0009EE8A /* EventPredicateTests.swift */ = {isa = PBXFileReference; fileEncoding = 4; lastKnownFileType = sourcecode.swift; path = EventPredicateTests.swift; sourceTree = "<group>"; };
		864561C21C02709800ADDE44 /* NSDateCalculator.swift */ = {isa = PBXFileReference; fileEncoding = 4; lastKnownFileType = sourcecode.swift; path = NSDateCalculator.swift; sourceTree = "<group>"; };
		8648F18E1D984F6500C7BD48 /* EventDetailsTracking.swift */ = {isa = PBXFileReference; fileEncoding = 4; lastKnownFileType = sourcecode.swift; path = EventDetailsTracking.swift; sourceTree = "<group>"; };
		8650D7CF1D9FA8F5002D5930 /* EventStoreRepository.swift */ = {isa = PBXFileReference; fileEncoding = 4; lastKnownFileType = sourcecode.swift; path = EventStoreRepository.swift; sourceTree = "<group>"; };
		8650D7D11D9FAE8E002D5930 /* TimeRepository.swift */ = {isa = PBXFileReference; fileEncoding = 4; lastKnownFileType = sourcecode.swift; path = TimeRepository.swift; sourceTree = "<group>"; };
		8658A22F1F375DF800BF219C /* TableSection.swift */ = {isa = PBXFileReference; lastKnownFileType = sourcecode.swift; path = TableSection.swift; sourceTree = "<group>"; };
		8658A2311F375E3A00BF219C /* TableItem.swift */ = {isa = PBXFileReference; lastKnownFileType = sourcecode.swift; path = TableItem.swift; sourceTree = "<group>"; };
		8658A2331F375E6100BF219C /* TitleTableItem.swift */ = {isa = PBXFileReference; lastKnownFileType = sourcecode.swift; path = TitleTableItem.swift; sourceTree = "<group>"; };
		8658A2351F375EA500BF219C /* SwitchTableItem.swift */ = {isa = PBXFileReference; lastKnownFileType = sourcecode.swift; path = SwitchTableItem.swift; sourceTree = "<group>"; };
		8658A2371F375ED500BF219C /* CustomViewTableItem.swift */ = {isa = PBXFileReference; lastKnownFileType = sourcecode.swift; path = CustomViewTableItem.swift; sourceTree = "<group>"; };
		8658A2391F37605000BF219C /* CalendarsLoader.swift */ = {isa = PBXFileReference; lastKnownFileType = sourcecode.swift; path = CalendarsLoader.swift; sourceTree = "<group>"; };
		8658A23B1F37685400BF219C /* CheckableTableItem.swift */ = {isa = PBXFileReference; lastKnownFileType = sourcecode.swift; path = CheckableTableItem.swift; sourceTree = "<group>"; };
		865C7B001EE4B00D0047D8E0 /* BoundaryPickerView.swift */ = {isa = PBXFileReference; fileEncoding = 4; lastKnownFileType = sourcecode.swift; path = BoundaryPickerView.swift; sourceTree = "<group>"; };
		865C7B021EE56AE80047D8E0 /* BuildableTableSource.swift */ = {isa = PBXFileReference; fileEncoding = 4; lastKnownFileType = sourcecode.swift; path = BuildableTableSource.swift; sourceTree = "<group>"; };
		865C7B041EE574100047D8E0 /* OptionsViewController.swift */ = {isa = PBXFileReference; fileEncoding = 4; lastKnownFileType = sourcecode.swift; path = OptionsViewController.swift; sourceTree = "<group>"; };
		866560AA1FB88713000ED8A2 /* CalendarPickerViewController.swift */ = {isa = PBXFileReference; lastKnownFileType = sourcecode.swift; path = CalendarPickerViewController.swift; sourceTree = "<group>"; };
		866D2E761EEA045E008D76D5 /* GradientView.swift */ = {isa = PBXFileReference; fileEncoding = 4; lastKnownFileType = sourcecode.swift; path = GradientView.swift; sourceTree = "<group>"; };
		86755DC522C7BC2000E91DF4 /* Core.framework */ = {isa = PBXFileReference; explicitFileType = wrapper.framework; includeInIndex = 0; path = Core.framework; sourceTree = BUILT_PRODUCTS_DIR; };
		86755DC722C7BC2000E91DF4 /* Core.h */ = {isa = PBXFileReference; lastKnownFileType = sourcecode.c.h; path = Core.h; sourceTree = "<group>"; };
		86755DC822C7BC2000E91DF4 /* Info.plist */ = {isa = PBXFileReference; lastKnownFileType = text.plist.xml; path = Info.plist; sourceTree = "<group>"; };
		86755DCD22C7BC2100E91DF4 /* CoreTests.xctest */ = {isa = PBXFileReference; explicitFileType = wrapper.cfbundle; includeInIndex = 0; path = CoreTests.xctest; sourceTree = BUILT_PRODUCTS_DIR; };
		86755DD422C7BC2100E91DF4 /* CoreTests.swift */ = {isa = PBXFileReference; lastKnownFileType = sourcecode.swift; path = CoreTests.swift; sourceTree = "<group>"; };
		86755DD622C7BC2100E91DF4 /* Info.plist */ = {isa = PBXFileReference; lastKnownFileType = text.plist.xml; path = Info.plist; sourceTree = "<group>"; };
		86755DE322C7BC5100E91DF4 /* CalendarItem.swift */ = {isa = PBXFileReference; lastKnownFileType = sourcecode.swift; path = CalendarItem.swift; sourceTree = "<group>"; };
		86755DE522C7BC9500E91DF4 /* Timestamp.swift */ = {isa = PBXFileReference; lastKnownFileType = sourcecode.swift; path = Timestamp.swift; sourceTree = "<group>"; };
		86755DE722C7BD0D00E91DF4 /* TimeOfDay.swift */ = {isa = PBXFileReference; lastKnownFileType = sourcecode.swift; path = TimeOfDay.swift; sourceTree = "<group>"; };
		86755DE922C7BD8D00E91DF4 /* TimeRepository.swift */ = {isa = PBXFileReference; lastKnownFileType = sourcecode.swift; path = TimeRepository.swift; sourceTree = "<group>"; };
		86755DEB22C7BDB500E91DF4 /* TimeCalculator.swift */ = {isa = PBXFileReference; lastKnownFileType = sourcecode.swift; path = TimeCalculator.swift; sourceTree = "<group>"; };
		86755DED22C7BDF100E91DF4 /* CalendarSlot.swift */ = {isa = PBXFileReference; lastKnownFileType = sourcecode.swift; path = CalendarSlot.swift; sourceTree = "<group>"; };
		869475691F376DE900925C2A /* CalendarPreferenceStore.swift */ = {isa = PBXFileReference; lastKnownFileType = sourcecode.swift; path = CalendarPreferenceStore.swift; sourceTree = "<group>"; };
		8694756B1F37726D00925C2A /* CalendarPresenter.swift */ = {isa = PBXFileReference; lastKnownFileType = sourcecode.swift; path = CalendarPresenter.swift; sourceTree = "<group>"; };
		8694756D1F37742C00925C2A /* DatePickerPresenter.swift */ = {isa = PBXFileReference; lastKnownFileType = sourcecode.swift; path = DatePickerPresenter.swift; sourceTree = "<group>"; };
		8695D0271DA023670034D52A /* HeaderView.swift */ = {isa = PBXFileReference; fileEncoding = 4; lastKnownFileType = sourcecode.swift; path = HeaderView.swift; sourceTree = "<group>"; };
		8695D02F1DA185DB0034D52A /* SlotCellStyle.swift */ = {isa = PBXFileReference; fileEncoding = 4; lastKnownFileType = sourcecode.swift; path = SlotCellStyle.swift; sourceTree = "<group>"; };
		8695D0321DA1A2A20034D52A /* SlotDetail.swift */ = {isa = PBXFileReference; fileEncoding = 4; lastKnownFileType = sourcecode.swift; path = SlotDetail.swift; sourceTree = "<group>"; };
		869B1EF420E180A40012A72D /* EventItemView.swift */ = {isa = PBXFileReference; lastKnownFileType = sourcecode.swift; path = EventItemView.swift; sourceTree = "<group>"; };
		869DAC701D449EFB005AF315 /* WhatsOnTests.xctest */ = {isa = PBXFileReference; explicitFileType = wrapper.cfbundle; includeInIndex = 0; path = WhatsOnTests.xctest; sourceTree = BUILT_PRODUCTS_DIR; };
		869DAC741D449EFB005AF315 /* Info.plist */ = {isa = PBXFileReference; lastKnownFileType = text.plist.xml; path = Info.plist; sourceTree = "<group>"; };
		869DAC7C1D44D15C005AF315 /* EventPredicates.swift */ = {isa = PBXFileReference; fileEncoding = 4; lastKnownFileType = sourcecode.swift; path = EventPredicates.swift; sourceTree = "<group>"; };
		86A9355422C7C04C003FC26C /* CalendarSource.swift */ = {isa = PBXFileReference; lastKnownFileType = sourcecode.swift; path = CalendarSource.swift; sourceTree = "<group>"; };
		86A9355622C7C1B8003FC26C /* EmptyCalendarItem.swift */ = {isa = PBXFileReference; lastKnownFileType = sourcecode.swift; path = EmptyCalendarItem.swift; sourceTree = "<group>"; };
		86A9355822C7C1F4003FC26C /* EventCalendarItem.swift */ = {isa = PBXFileReference; lastKnownFileType = sourcecode.swift; path = EventCalendarItem.swift; sourceTree = "<group>"; };
		86A9355A22C7C246003FC26C /* EventsRepository.swift */ = {isa = PBXFileReference; lastKnownFileType = sourcecode.swift; path = EventsRepository.swift; sourceTree = "<group>"; };
		86A9355C22C7C261003FC26C /* EventsService.swift */ = {isa = PBXFileReference; lastKnownFileType = sourcecode.swift; path = EventsService.swift; sourceTree = "<group>"; };
		86A9355E22C7D52D003FC26C /* NSDate+Time.swift */ = {isa = PBXFileReference; fileEncoding = 4; lastKnownFileType = sourcecode.swift; path = "NSDate+Time.swift"; sourceTree = "<group>"; };
		86A9C2CA1C444468009281A0 /* WhatsOnAppDelegate.swift */ = {isa = PBXFileReference; fileEncoding = 4; lastKnownFileType = sourcecode.swift; path = WhatsOnAppDelegate.swift; sourceTree = "<group>"; };
		86A9E4561DA7A7DC00E8D019 /* CalendarTableView.swift */ = {isa = PBXFileReference; fileEncoding = 4; lastKnownFileType = sourcecode.swift; path = CalendarTableView.swift; sourceTree = "<group>"; };
		86A9E4581DA8076400E8D019 /* EKEventStore+Singleton.swift */ = {isa = PBXFileReference; fileEncoding = 4; lastKnownFileType = sourcecode.swift; path = "EKEventStore+Singleton.swift"; sourceTree = "<group>"; };
		86A9E45A1DA80A4900E8D019 /* UIViewController+Navigation.swift */ = {isa = PBXFileReference; fileEncoding = 4; lastKnownFileType = sourcecode.swift; path = "UIViewController+Navigation.swift"; sourceTree = "<group>"; };
		86A9E45C1DA80DA500E8D019 /* SCTimestamp+Now.swift */ = {isa = PBXFileReference; fileEncoding = 4; lastKnownFileType = sourcecode.swift; path = "SCTimestamp+Now.swift"; sourceTree = "<group>"; };
		86A9E45E1DA80E9700E8D019 /* DateFormatter+Initialisers.swift */ = {isa = PBXFileReference; fileEncoding = 4; lastKnownFileType = sourcecode.swift; path = "DateFormatter+Initialisers.swift"; sourceTree = "<group>"; };
		86B7D2E720E123EC001B0DF6 /* NotificationCenter.framework */ = {isa = PBXFileReference; lastKnownFileType = wrapper.framework; name = NotificationCenter.framework; path = System/Library/Frameworks/NotificationCenter.framework; sourceTree = SDKROOT; };
		86B7D32020E12DA4001B0DF6 /* Today.entitlements */ = {isa = PBXFileReference; lastKnownFileType = text.plist.entitlements; path = Today.entitlements; sourceTree = "<group>"; };
		86C19EBE1BBF28E600BBCDF6 /* WhatsOnViewController.swift */ = {isa = PBXFileReference; fileEncoding = 4; lastKnownFileType = sourcecode.swift; path = WhatsOnViewController.swift; sourceTree = "<group>"; };
		86C85A121EA80B080085C9C6 /* What’s on.entitlements */ = {isa = PBXFileReference; lastKnownFileType = text.plist.entitlements; path = "What’s on.entitlements"; sourceTree = "<group>"; };
		86CAD4991BACC9B1009C9CFD /* What’s on.app */ = {isa = PBXFileReference; explicitFileType = wrapper.application; includeInIndex = 0; path = "What’s on.app"; sourceTree = BUILT_PRODUCTS_DIR; };
		86CAD4A81BACC9B1009C9CFD /* Assets.xcassets */ = {isa = PBXFileReference; lastKnownFileType = folder.assetcatalog; path = Assets.xcassets; sourceTree = "<group>"; };
		86CAD4AB1BACC9B1009C9CFD /* Base */ = {isa = PBXFileReference; lastKnownFileType = file.storyboard; name = Base; path = Base.lproj/LaunchScreen.storyboard; sourceTree = "<group>"; };
		86CAD4AD1BACC9B1009C9CFD /* Info.plist */ = {isa = PBXFileReference; lastKnownFileType = text.plist.xml; path = Info.plist; sourceTree = "<group>"; };
		86CFE11B1F1376A400D9AA8D /* EventForceTouchDisplayer.swift */ = {isa = PBXFileReference; lastKnownFileType = sourcecode.swift; path = EventForceTouchDisplayer.swift; sourceTree = "<group>"; };
		86D751121C7128EB00C0A607 /* RoundedRectBorderView.swift */ = {isa = PBXFileReference; fileEncoding = 4; lastKnownFileType = sourcecode.swift; path = RoundedRectBorderView.swift; sourceTree = "<group>"; };
		86D751141C71316D00C0A607 /* UIColor+WhatsOn.swift */ = {isa = PBXFileReference; fileEncoding = 4; lastKnownFileType = sourcecode.swift; path = "UIColor+WhatsOn.swift"; sourceTree = "<group>"; };
		86DE0FE61BB885E8004E20B5 /* libicucore.tbd */ = {isa = PBXFileReference; lastKnownFileType = "sourcecode.text-based-dylib-definition"; name = libicucore.tbd; path = usr/lib/libicucore.tbd; sourceTree = SDKROOT; };
		86DE0FE81BB8863D004E20B5 /* Security.framework */ = {isa = PBXFileReference; lastKnownFileType = wrapper.framework; name = Security.framework; path = System/Library/Frameworks/Security.framework; sourceTree = SDKROOT; };
		86DE0FEA1BB88646004E20B5 /* libz.tbd */ = {isa = PBXFileReference; lastKnownFileType = "sourcecode.text-based-dylib-definition"; name = libz.tbd; path = usr/lib/libz.tbd; sourceTree = SDKROOT; };
		86DEC9551FB3A069000FF4CD /* AddNewEventViewControllerFactory.swift */ = {isa = PBXFileReference; lastKnownFileType = sourcecode.swift; path = AddNewEventViewControllerFactory.swift; sourceTree = "<group>"; };
		86DEC9571FB3B40D000FF4CD /* NextStepTableItem.swift */ = {isa = PBXFileReference; lastKnownFileType = sourcecode.swift; path = NextStepTableItem.swift; sourceTree = "<group>"; };
		86F467F81C8AFFA500147F2E /* WhatsOnPresenter.swift */ = {isa = PBXFileReference; fileEncoding = 4; lastKnownFileType = sourcecode.swift; path = WhatsOnPresenter.swift; sourceTree = "<group>"; };
		86F849961D046418007C41B0 /* libjre_emul.a */ = {isa = PBXFileReference; lastKnownFileType = archive.ar; name = libjre_emul.a; path = ../../../j2objc/lib/libjre_emul.a; sourceTree = "<group>"; };
		86F849981D046A3E007C41B0 /* EventDetailsViewController.swift */ = {isa = PBXFileReference; fileEncoding = 4; lastKnownFileType = sourcecode.swift; path = EventDetailsViewController.swift; sourceTree = "<group>"; };
		86F8499A1D046AAE007C41B0 /* UIView+Constraints.swift */ = {isa = PBXFileReference; fileEncoding = 4; lastKnownFileType = sourcecode.swift; path = "UIView+Constraints.swift"; sourceTree = "<group>"; };
		86FFFE481EC10E01009D772E /* Optional+Requirements.swift */ = {isa = PBXFileReference; fileEncoding = 4; lastKnownFileType = sourcecode.swift; path = "Optional+Requirements.swift"; sourceTree = "<group>"; };
		A4CB48EDFB7E394EAA7145B4 /* Pods-WhatsOnTests.debug.xcconfig */ = {isa = PBXFileReference; includeInIndex = 1; lastKnownFileType = text.xcconfig; name = "Pods-WhatsOnTests.debug.xcconfig"; path = "Pods/Target Support Files/Pods-WhatsOnTests/Pods-WhatsOnTests.debug.xcconfig"; sourceTree = "<group>"; };
		AADD5837B38D8A67EFF8AF80 /* Pods-WhatsOnTests.release.xcconfig */ = {isa = PBXFileReference; includeInIndex = 1; lastKnownFileType = text.xcconfig; name = "Pods-WhatsOnTests.release.xcconfig"; path = "Pods/Target Support Files/Pods-WhatsOnTests/Pods-WhatsOnTests.release.xcconfig"; sourceTree = "<group>"; };
		FE94BF63C5CC68AC641A95DE /* Pods_WhatsOnTests.framework */ = {isa = PBXFileReference; explicitFileType = wrapper.framework; includeInIndex = 0; path = Pods_WhatsOnTests.framework; sourceTree = BUILT_PRODUCTS_DIR; };
/* End PBXFileReference section */

/* Begin PBXFrameworksBuildPhase section */
		86755DC222C7BC2000E91DF4 /* Frameworks */ = {
			isa = PBXFrameworksBuildPhase;
			buildActionMask = 2147483647;
			files = (
			);
			runOnlyForDeploymentPostprocessing = 0;
		};
		86755DCA22C7BC2100E91DF4 /* Frameworks */ = {
			isa = PBXFrameworksBuildPhase;
			buildActionMask = 2147483647;
			files = (
				86755DCE22C7BC2100E91DF4 /* Core.framework in Frameworks */,
			);
			runOnlyForDeploymentPostprocessing = 0;
		};
		869DAC6D1D449EFB005AF315 /* Frameworks */ = {
			isa = PBXFrameworksBuildPhase;
			buildActionMask = 2147483647;
			files = (
				19B26691193D2CF98E39543F /* Pods_WhatsOnTests.framework in Frameworks */,
			);
			runOnlyForDeploymentPostprocessing = 0;
		};
		86CAD4961BACC9B1009C9CFD /* Frameworks */ = {
			isa = PBXFrameworksBuildPhase;
			buildActionMask = 2147483647;
			files = (
				86755DDA22C7BC2100E91DF4 /* Core.framework in Frameworks */,
				E127D37CA6A573D91A32B802 /* Pods_whatson.framework in Frameworks */,
			);
			runOnlyForDeploymentPostprocessing = 0;
		};
/* End PBXFrameworksBuildPhase section */

/* Begin PBXGroup section */
		3C1168F9D8934AD69843604B /* Pods */ = {
			isa = PBXGroup;
			children = (
				A4CB48EDFB7E394EAA7145B4 /* Pods-WhatsOnTests.debug.xcconfig */,
				AADD5837B38D8A67EFF8AF80 /* Pods-WhatsOnTests.release.xcconfig */,
				1175B80F0FD97DA802FE2AB1 /* Pods-whatson.debug.xcconfig */,
				4DB8059D3AAB19AFD5B4C782 /* Pods-whatson.release.xcconfig */,
			);
			name = Pods;
			sourceTree = "<group>";
		};
		69853BA72CF4C2EAB206708F /* utils */ = {
			isa = PBXGroup;
			children = (
				69853BC8BAF5893B6913918C /* AllowsGestureRecognizer.swift */,
				86FFFE481EC10E01009D772E /* Optional+Requirements.swift */,
				8600B99E1F09429D008578E5 /* Delayer.swift */,
				8600B9A01F0946F9008578E5 /* UIView+Animations.swift */,
			);
			path = utils;
			sourceTree = "<group>";
		};
		69853E6065D4384CD18D05CB /* views */ = {
			isa = PBXGroup;
			children = (
				8658A22E1F375C8800BF219C /* buildable-table */,
				8600B99C1F09383D008578E5 /* LoadingView.swift */,
				860784791DAD7E6100AAE856 /* LabelStyle.swift */,
				86D751121C7128EB00C0A607 /* RoundedRectBorderView.swift */,
				6985328C217A9C753C09CFDE /* Line.swift */,
				866D2E761EEA045E008D76D5 /* GradientView.swift */,
				69853B71158DE94568DDC9FB /* BasicAnimator.swift */,
				6985300D9DA8F970ED4D589E /* Animator.swift */,
				69853939FC3A0F98F4792C0F /* PropertyAnimator.swift */,
			);
			path = views;
			sourceTree = "<group>";
		};
		69853E9117B0AD7E86F54338 /* business-logic */ = {
			isa = PBXGroup;
			children = (
			);
			path = "business-logic";
			sourceTree = "<group>";
		};
		861BD0DE1D9FBFBB0032FBAB /* options */ = {
			isa = PBXGroup;
			children = (
				69853F60E5391F881F006F7B /* TimeLabel.swift */,
				6985397DE155D32104662FA2 /* UIDatePicker+Hours.swift */,
				865C7B001EE4B00D0047D8E0 /* BoundaryPickerView.swift */,
				865C7B041EE574100047D8E0 /* OptionsViewController.swift */,
				8694756B1F37726D00925C2A /* CalendarPresenter.swift */,
				8694756D1F37742C00925C2A /* DatePickerPresenter.swift */,
				866560AA1FB88713000ED8A2 /* CalendarPickerViewController.swift */,
				86302CD923ABD16300008124 /* OptionsView2.swift */,
			);
			path = options;
			sourceTree = "<group>";
		};
		8658A22E1F375C8800BF219C /* buildable-table */ = {
			isa = PBXGroup;
			children = (
				865C7B021EE56AE80047D8E0 /* BuildableTableSource.swift */,
				8658A22F1F375DF800BF219C /* TableSection.swift */,
				8658A2311F375E3A00BF219C /* TableItem.swift */,
				8658A2331F375E6100BF219C /* TitleTableItem.swift */,
				8658A2351F375EA500BF219C /* SwitchTableItem.swift */,
				8658A2371F375ED500BF219C /* CustomViewTableItem.swift */,
				8658A23B1F37685400BF219C /* CheckableTableItem.swift */,
				86DEC9571FB3B40D000FF4CD /* NextStepTableItem.swift */,
			);
			path = "buildable-table";
			sourceTree = "<group>";
		};
		86755DC622C7BC2000E91DF4 /* Core */ = {
			isa = PBXGroup;
			children = (
				86755DC722C7BC2000E91DF4 /* Core.h */,
				86755DC822C7BC2000E91DF4 /* Info.plist */,
				698539EC9C2B0360E301F15F /* Date+SCTimeOfDay.swift */,
				8658A2391F37605000BF219C /* CalendarsLoader.swift */,
				86755DE322C7BC5100E91DF4 /* CalendarItem.swift */,
				869475691F376DE900925C2A /* CalendarPreferenceStore.swift */,
				864561C21C02709800ADDE44 /* NSDateCalculator.swift */,
				8650D7CF1D9FA8F5002D5930 /* EventStoreRepository.swift */,
				86A9E4581DA8076400E8D019 /* EKEventStore+Singleton.swift */,
				869DAC7C1D44D15C005AF315 /* EventPredicates.swift */,
				698538EBD0B5796034B50A5C /* UserDefaultsTimeStore.swift */,
				86755DE522C7BC9500E91DF4 /* Timestamp.swift */,
				86755DE722C7BD0D00E91DF4 /* TimeOfDay.swift */,
				86755DE922C7BD8D00E91DF4 /* TimeRepository.swift */,
				86755DEB22C7BDB500E91DF4 /* TimeCalculator.swift */,
				86755DED22C7BDF100E91DF4 /* CalendarSlot.swift */,
				86A9355422C7C04C003FC26C /* CalendarSource.swift */,
				86A9355622C7C1B8003FC26C /* EmptyCalendarItem.swift */,
				86A9355822C7C1F4003FC26C /* EventCalendarItem.swift */,
				86A9355A22C7C246003FC26C /* EventsRepository.swift */,
				86A9355C22C7C261003FC26C /* EventsService.swift */,
			);
			path = Core;
			sourceTree = "<group>";
		};
		86755DD322C7BC2100E91DF4 /* CoreTests */ = {
			isa = PBXGroup;
			children = (
				86755DD422C7BC2100E91DF4 /* CoreTests.swift */,
				86755DD622C7BC2100E91DF4 /* Info.plist */,
			);
			path = CoreTests;
			sourceTree = "<group>";
		};
		8695D0311DA1A19B0034D52A /* day list */ = {
			isa = PBXGroup;
			children = (
				86C19EBE1BBF28E600BBCDF6 /* WhatsOnViewController.swift */,
				86F467F81C8AFFA500147F2E /* WhatsOnPresenter.swift */,
				8618A51E1BDA92F900A4845E /* EventCell.swift */,
				8695D0271DA023670034D52A /* HeaderView.swift */,
				8695D02F1DA185DB0034D52A /* SlotCellStyle.swift */,
				8695D0321DA1A2A20034D52A /* SlotDetail.swift */,
				6985333EBC410C0E8F45C969 /* FailedAccessView.swift */,
				86A9E4561DA7A7DC00E8D019 /* CalendarTableView.swift */,
				698536C18C7A4E830F167DAE /* DataProvider.swift */,
				86CFE11B1F1376A400D9AA8D /* EventForceTouchDisplayer.swift */,
				698530C0F754D12F1E38397C /* DayCell.swift */,
				86DEC9551FB3A069000FF4CD /* AddNewEventViewControllerFactory.swift */,
				869B1EF420E180A40012A72D /* EventItemView.swift */,
				8620886C22BFE2E200268B3D /* MultipleEventCell.swift */,
				8620887022C119E200268B3D /* NewFoo.swift */,
			);
			path = "day list";
			sourceTree = "<group>";
		};
		869DAC711D449EFB005AF315 /* tests */ = {
			isa = PBXGroup;
			children = (
				869DAC741D449EFB005AF315 /* Info.plist */,
				86317A081EC258ED0009EE8A /* EventPredicateTests.swift */,
			);
			name = tests;
			path = WhatsOnTests;
			sourceTree = "<group>";
		};
		86CAD4901BACC9B1009C9CFD = {
			isa = PBXGroup;
			children = (
				86B7D32020E12DA4001B0DF6 /* Today.entitlements */,
				8620886E22BFEDF000268B3D /* Localizable.stringsdict */,
				86075C321E3E228C005AF423 /* Localizable.strings */,
				86FCF4411D455ADE000938E3 /* dependencies */,
				86CAD49B1BACC9B1009C9CFD /* whatson */,
				869DAC711D449EFB005AF315 /* tests */,
				86755DC622C7BC2000E91DF4 /* Core */,
				86755DD322C7BC2100E91DF4 /* CoreTests */,
				86CAD49A1BACC9B1009C9CFD /* Products */,
				3C1168F9D8934AD69843604B /* Pods */,
				BC38BE0C51940461A7C28C6F /* Frameworks */,
				69853D2C9F2840A9862339C4 /* GoogleService-Info.plist */,
			);
			sourceTree = "<group>";
		};
		86CAD49A1BACC9B1009C9CFD /* Products */ = {
			isa = PBXGroup;
			children = (
				86CAD4991BACC9B1009C9CFD /* What’s on.app */,
				869DAC701D449EFB005AF315 /* WhatsOnTests.xctest */,
				86755DC522C7BC2000E91DF4 /* Core.framework */,
				86755DCD22C7BC2100E91DF4 /* CoreTests.xctest */,
			);
			name = Products;
			sourceTree = "<group>";
		};
		86CAD49B1BACC9B1009C9CFD /* whatson */ = {
			isa = PBXGroup;
			children = (
				86C85A121EA80B080085C9C6 /* What’s on.entitlements */,
				86FCF4401D455AC3000938E3 /* extensions */,
				86CAD4A81BACC9B1009C9CFD /* Assets.xcassets */,
				86CAD4AA1BACC9B1009C9CFD /* LaunchScreen.storyboard */,
				86A9C2CA1C444468009281A0 /* WhatsOnAppDelegate.swift */,
				86CAD49C1BACC9B1009C9CFD /* Supporting Files */,
				8695D0311DA1A19B0034D52A /* day list */,
				86FB1C321D8F37310074431B /* event details */,
				861BD0DE1D9FBFBB0032FBAB /* options */,
				8650D7D11D9FAE8E002D5930 /* TimeRepository.swift */,
				69853E6065D4384CD18D05CB /* views */,
				6985358E9835009A7EA756E9 /* Analytics.swift */,
				2DBA1EBA1E19FC38477D7218 /* BuildConfig.swift */,
				69853BA72CF4C2EAB206708F /* utils */,
				69853E9117B0AD7E86F54338 /* business-logic */,
				8626886D1EEC94DE00D8FB79 /* UIApplicationShortcuts.swift */,
			);
			path = whatson;
			sourceTree = "<group>";
		};
		86CAD49C1BACC9B1009C9CFD /* Supporting Files */ = {
			isa = PBXGroup;
			children = (
				86CAD4AD1BACC9B1009C9CFD /* Info.plist */,
			);
			name = "Supporting Files";
			sourceTree = "<group>";
		};
		86FB1C321D8F37310074431B /* event details */ = {
			isa = PBXGroup;
			children = (
				86F849981D046A3E007C41B0 /* EventDetailsViewController.swift */,
				8648F18E1D984F6500C7BD48 /* EventDetailsTracking.swift */,
				8609C5A31DB01AF100B44D76 /* EventDetailsPushTransition.swift */,
				69853ADAFB0D8A57C40FC7BA /* DetailsCard.swift */,
				2DBA11FDB477210F9D964D34 /* EventResponseView.swift */,
				2DBA151F9881A527C9CC0A71 /* EventResponse.swift */,
				6985351AE5837369246C93AD /* EventDetailsPresenter.swift */,
				69853943917F0CF738ACB915 /* EventView.swift */,
			);
			path = "event details";
			sourceTree = "<group>";
		};
		86FCF4401D455AC3000938E3 /* extensions */ = {
			isa = PBXGroup;
			children = (
				86A9355E22C7D52D003FC26C /* NSDate+Time.swift */,
				86D751141C71316D00C0A607 /* UIColor+WhatsOn.swift */,
				86F8499A1D046AAE007C41B0 /* UIView+Constraints.swift */,
				861BD0DF1D9FC4290032FBAB /* Optional+Fluency.swift */,
				86A9E45A1DA80A4900E8D019 /* UIViewController+Navigation.swift */,
				86A9E45C1DA80DA500E8D019 /* SCTimestamp+Now.swift */,
				86A9E45E1DA80E9700E8D019 /* DateFormatter+Initialisers.swift */,
				69853BE8F4A525FC03DF7E20 /* Completion.swift */,
				69853687E86C131BBEA80025 /* EKEventKit+Convenience.swift */,
			);
			name = extensions;
			sourceTree = "<group>";
		};
		86FCF4411D455ADE000938E3 /* dependencies */ = {
			isa = PBXGroup;
			children = (
				86F849961D046418007C41B0 /* libjre_emul.a */,
				86DE0FEA1BB88646004E20B5 /* libz.tbd */,
				86DE0FE81BB8863D004E20B5 /* Security.framework */,
				86DE0FE61BB885E8004E20B5 /* libicucore.tbd */,
			);
			name = dependencies;
			sourceTree = "<group>";
		};
		BC38BE0C51940461A7C28C6F /* Frameworks */ = {
			isa = PBXGroup;
			children = (
				862468D11F091B8C00FE5A49 /* libiconv.tbd */,
				FE94BF63C5CC68AC641A95DE /* Pods_WhatsOnTests.framework */,
				8334259A4DD3ECC2E846BCAF /* Pods_whatson.framework */,
				86B7D2E720E123EC001B0DF6 /* NotificationCenter.framework */,
			);
			name = Frameworks;
			sourceTree = "<group>";
		};
/* End PBXGroup section */

/* Begin PBXHeadersBuildPhase section */
		86755DC022C7BC2000E91DF4 /* Headers */ = {
			isa = PBXHeadersBuildPhase;
			buildActionMask = 2147483647;
			files = (
				86755DD722C7BC2100E91DF4 /* Core.h in Headers */,
			);
			runOnlyForDeploymentPostprocessing = 0;
		};
/* End PBXHeadersBuildPhase section */

/* Begin PBXNativeTarget section */
		86755DC422C7BC2000E91DF4 /* Core */ = {
			isa = PBXNativeTarget;
			buildConfigurationList = 86755DE122C7BC2100E91DF4 /* Build configuration list for PBXNativeTarget "Core" */;
			buildPhases = (
				86755DC022C7BC2000E91DF4 /* Headers */,
				86755DC122C7BC2000E91DF4 /* Sources */,
				86755DC222C7BC2000E91DF4 /* Frameworks */,
				86755DC322C7BC2000E91DF4 /* Resources */,
			);
			buildRules = (
			);
			dependencies = (
			);
			name = Core;
			productName = Core;
			productReference = 86755DC522C7BC2000E91DF4 /* Core.framework */;
			productType = "com.apple.product-type.framework";
		};
		86755DCC22C7BC2100E91DF4 /* CoreTests */ = {
			isa = PBXNativeTarget;
			buildConfigurationList = 86755DE222C7BC2100E91DF4 /* Build configuration list for PBXNativeTarget "CoreTests" */;
			buildPhases = (
				86755DC922C7BC2100E91DF4 /* Sources */,
				86755DCA22C7BC2100E91DF4 /* Frameworks */,
				86755DCB22C7BC2100E91DF4 /* Resources */,
			);
			buildRules = (
			);
			dependencies = (
				86755DD022C7BC2100E91DF4 /* PBXTargetDependency */,
				86755DD222C7BC2100E91DF4 /* PBXTargetDependency */,
			);
			name = CoreTests;
			productName = CoreTests;
			productReference = 86755DCD22C7BC2100E91DF4 /* CoreTests.xctest */;
			productType = "com.apple.product-type.bundle.unit-test";
		};
		869DAC6F1D449EFB005AF315 /* WhatsOnTests */ = {
			isa = PBXNativeTarget;
			buildConfigurationList = 869DAC791D449EFB005AF315 /* Build configuration list for PBXNativeTarget "WhatsOnTests" */;
			buildPhases = (
				13510FAD288DB876F4028E4D /* [CP] Check Pods Manifest.lock */,
				869DAC6C1D449EFB005AF315 /* Sources */,
				869DAC6D1D449EFB005AF315 /* Frameworks */,
				869DAC6E1D449EFB005AF315 /* Resources */,
			);
			buildRules = (
			);
			dependencies = (
				869DAC761D449EFB005AF315 /* PBXTargetDependency */,
			);
			name = WhatsOnTests;
			productName = WhatsOnTests;
			productReference = 869DAC701D449EFB005AF315 /* WhatsOnTests.xctest */;
			productType = "com.apple.product-type.bundle.unit-test";
		};
		86CAD4981BACC9B1009C9CFD /* whatson */ = {
			isa = PBXNativeTarget;
			buildConfigurationList = 86CAD4B01BACC9B1009C9CFD /* Build configuration list for PBXNativeTarget "whatson" */;
			buildPhases = (
				E031008CB91C4217FEFA3DC7 /* [CP] Check Pods Manifest.lock */,
				86CAD4951BACC9B1009C9CFD /* Sources */,
				86CAD4961BACC9B1009C9CFD /* Frameworks */,
				86CAD4971BACC9B1009C9CFD /* Resources */,
				E06D633432F6E8A06756CA5A /* [CP] Embed Pods Frameworks */,
				86A995CF1DEE1E8600DB5AF2 /* ShellScript */,
				86B7D2F620E123EC001B0DF6 /* Embed App Extensions */,
				86755DDC22C7BC2100E91DF4 /* Embed Frameworks */,
			);
			buildRules = (
			);
			dependencies = (
				86755DD922C7BC2100E91DF4 /* PBXTargetDependency */,
			);
			name = whatson;
			productName = whatson;
			productReference = 86CAD4991BACC9B1009C9CFD /* What’s on.app */;
			productType = "com.apple.product-type.application";
		};
/* End PBXNativeTarget section */

/* Begin PBXProject section */
		86CAD4911BACC9B1009C9CFD /* Project object */ = {
			isa = PBXProject;
			attributes = {
				LastSwiftUpdateCheck = 1100;
				LastUpgradeCheck = 1100;
				ORGANIZATIONNAME = "Alex Curran";
				TargetAttributes = {
					86755DC422C7BC2000E91DF4 = {
						CreatedOnToolsVersion = 11.0;
						DevelopmentTeam = 3H3SBN3AYY;
						LastSwiftMigration = 1100;
						ProvisioningStyle = Automatic;
					};
					86755DCC22C7BC2100E91DF4 = {
						CreatedOnToolsVersion = 11.0;
						DevelopmentTeam = 3H3SBN3AYY;
						ProvisioningStyle = Automatic;
						TestTargetID = 86CAD4981BACC9B1009C9CFD;
					};
					869DAC6F1D449EFB005AF315 = {
						CreatedOnToolsVersion = 8.0;
						DevelopmentTeam = 3H3SBN3AYY;
						DevelopmentTeamName = "Alexander Curran";
						LastSwiftMigration = 1020;
						ProvisioningStyle = Automatic;
						TestTargetID = 86CAD4981BACC9B1009C9CFD;
					};
					86CAD4981BACC9B1009C9CFD = {
						CreatedOnToolsVersion = 7.0;
						DevelopmentTeam = 3H3SBN3AYY;
						DevelopmentTeamName = "Alexander Curran";
						LastSwiftMigration = 1020;
						ProvisioningStyle = Automatic;
						SystemCapabilities = {
							com.apple.ApplicationGroups.iOS = {
								enabled = 1;
							};
							com.apple.Push = {
								enabled = 0;
							};
						};
					};
				};
			};
			buildConfigurationList = 86CAD4941BACC9B1009C9CFD /* Build configuration list for PBXProject "whatson" */;
			compatibilityVersion = "Xcode 3.2";
			developmentRegion = en;
			hasScannedForEncodings = 0;
			knownRegions = (
				en,
				Base,
			);
			mainGroup = 86CAD4901BACC9B1009C9CFD;
			productRefGroup = 86CAD49A1BACC9B1009C9CFD /* Products */;
			projectDirPath = "";
			projectRoot = "";
			targets = (
				86CAD4981BACC9B1009C9CFD /* whatson */,
				869DAC6F1D449EFB005AF315 /* WhatsOnTests */,
				86755DC422C7BC2000E91DF4 /* Core */,
				86755DCC22C7BC2100E91DF4 /* CoreTests */,
			);
		};
/* End PBXProject section */

/* Begin PBXResourcesBuildPhase section */
		86755DC322C7BC2000E91DF4 /* Resources */ = {
			isa = PBXResourcesBuildPhase;
			buildActionMask = 2147483647;
			files = (
			);
			runOnlyForDeploymentPostprocessing = 0;
		};
		86755DCB22C7BC2100E91DF4 /* Resources */ = {
			isa = PBXResourcesBuildPhase;
			buildActionMask = 2147483647;
			files = (
			);
			runOnlyForDeploymentPostprocessing = 0;
		};
		869DAC6E1D449EFB005AF315 /* Resources */ = {
			isa = PBXResourcesBuildPhase;
			buildActionMask = 2147483647;
			files = (
			);
			runOnlyForDeploymentPostprocessing = 0;
		};
		86CAD4971BACC9B1009C9CFD /* Resources */ = {
			isa = PBXResourcesBuildPhase;
			buildActionMask = 2147483647;
			files = (
				86075C331E3E228C005AF423 /* Localizable.strings in Resources */,
				86CAD4AC1BACC9B1009C9CFD /* LaunchScreen.storyboard in Resources */,
				86CAD4A91BACC9B1009C9CFD /* Assets.xcassets in Resources */,
				8620886F22BFEDF000268B3D /* Localizable.stringsdict in Resources */,
				69853D85F37E68B39053DB9F /* GoogleService-Info.plist in Resources */,
			);
			runOnlyForDeploymentPostprocessing = 0;
		};
/* End PBXResourcesBuildPhase section */

/* Begin PBXShellScriptBuildPhase section */
		13510FAD288DB876F4028E4D /* [CP] Check Pods Manifest.lock */ = {
			isa = PBXShellScriptBuildPhase;
			buildActionMask = 2147483647;
			files = (
			);
			inputPaths = (
				"${PODS_PODFILE_DIR_PATH}/Podfile.lock",
				"${PODS_ROOT}/Manifest.lock",
			);
			name = "[CP] Check Pods Manifest.lock";
			outputPaths = (
				"$(DERIVED_FILE_DIR)/Pods-WhatsOnTests-checkManifestLockResult.txt",
			);
			runOnlyForDeploymentPostprocessing = 0;
			shellPath = /bin/sh;
			shellScript = "diff \"${PODS_PODFILE_DIR_PATH}/Podfile.lock\" \"${PODS_ROOT}/Manifest.lock\" > /dev/null\nif [ $? != 0 ] ; then\n    # print error to STDERR\n    echo \"error: The sandbox is not in sync with the Podfile.lock. Run 'pod install' or update your CocoaPods installation.\" >&2\n    exit 1\nfi\n# This output is used by Xcode 'outputs' to avoid re-running this script phase.\necho \"SUCCESS\" > \"${SCRIPT_OUTPUT_FILE_0}\"\n";
			showEnvVarsInLog = 0;
		};
		86A995CF1DEE1E8600DB5AF2 /* ShellScript */ = {
			isa = PBXShellScriptBuildPhase;
			buildActionMask = 2147483647;
			files = (
			);
			inputPaths = (
			);
			outputPaths = (
			);
			runOnlyForDeploymentPostprocessing = 0;
			shellPath = /bin/sh;
			shellScript = "\"${PODS_ROOT}/SwiftLint/swiftlint\"";
		};
		E031008CB91C4217FEFA3DC7 /* [CP] Check Pods Manifest.lock */ = {
			isa = PBXShellScriptBuildPhase;
			buildActionMask = 2147483647;
			files = (
			);
			inputPaths = (
				"${PODS_PODFILE_DIR_PATH}/Podfile.lock",
				"${PODS_ROOT}/Manifest.lock",
			);
			name = "[CP] Check Pods Manifest.lock";
			outputPaths = (
				"$(DERIVED_FILE_DIR)/Pods-whatson-checkManifestLockResult.txt",
			);
			runOnlyForDeploymentPostprocessing = 0;
			shellPath = /bin/sh;
			shellScript = "diff \"${PODS_PODFILE_DIR_PATH}/Podfile.lock\" \"${PODS_ROOT}/Manifest.lock\" > /dev/null\nif [ $? != 0 ] ; then\n    # print error to STDERR\n    echo \"error: The sandbox is not in sync with the Podfile.lock. Run 'pod install' or update your CocoaPods installation.\" >&2\n    exit 1\nfi\n# This output is used by Xcode 'outputs' to avoid re-running this script phase.\necho \"SUCCESS\" > \"${SCRIPT_OUTPUT_FILE_0}\"\n";
			showEnvVarsInLog = 0;
		};
		E06D633432F6E8A06756CA5A /* [CP] Embed Pods Frameworks */ = {
			isa = PBXShellScriptBuildPhase;
			buildActionMask = 2147483647;
			files = (
			);
			inputPaths = (
				"${SRCROOT}/Pods/Target Support Files/Pods-whatson/Pods-whatson-frameworks.sh",
				"${BUILT_PRODUCTS_DIR}/GoogleToolboxForMac/GoogleToolboxForMac.framework",
				"${BUILT_PRODUCTS_DIR}/nanopb/nanopb.framework",
			);
			name = "[CP] Embed Pods Frameworks";
			outputPaths = (
				"${TARGET_BUILD_DIR}/${FRAMEWORKS_FOLDER_PATH}/GoogleToolboxForMac.framework",
				"${TARGET_BUILD_DIR}/${FRAMEWORKS_FOLDER_PATH}/nanopb.framework",
			);
			runOnlyForDeploymentPostprocessing = 0;
			shellPath = /bin/sh;
			shellScript = "\"${SRCROOT}/Pods/Target Support Files/Pods-whatson/Pods-whatson-frameworks.sh\"\n";
			showEnvVarsInLog = 0;
		};
/* End PBXShellScriptBuildPhase section */

/* Begin PBXSourcesBuildPhase section */
		86755DC122C7BC2000E91DF4 /* Sources */ = {
			isa = PBXSourcesBuildPhase;
			buildActionMask = 2147483647;
			files = (
				868119E52306D7930035553B /* EKEventStore+Singleton.swift in Sources */,
				86A9355B22C7C246003FC26C /* EventsRepository.swift in Sources */,
				86755DE822C7BD0D00E91DF4 /* TimeOfDay.swift in Sources */,
				868119E42306D77C0035553B /* CalendarsLoader.swift in Sources */,
				868119E22306D7490035553B /* Date+SCTimeOfDay.swift in Sources */,
				868119E02306D71A0035553B /* EventStoreRepository.swift in Sources */,
				868119DF2306D67E0035553B /* NSDateCalculator.swift in Sources */,
				86755DE622C7BC9500E91DF4 /* Timestamp.swift in Sources */,
				86A9355722C7C1B8003FC26C /* EmptyCalendarItem.swift in Sources */,
				86755DEA22C7BD8D00E91DF4 /* TimeRepository.swift in Sources */,
				868119E12306D7390035553B /* EventPredicates.swift in Sources */,
				868119DE2306D66E0035553B /* UserDefaultsTimeStore.swift in Sources */,
				86755DE422C7BC5100E91DF4 /* CalendarItem.swift in Sources */,
				86A9355D22C7C261003FC26C /* EventsService.swift in Sources */,
				86A9355922C7C1F4003FC26C /* EventCalendarItem.swift in Sources */,
				86755DEC22C7BDB500E91DF4 /* TimeCalculator.swift in Sources */,
				86A9355522C7C04C003FC26C /* CalendarSource.swift in Sources */,
				868119E32306D76A0035553B /* CalendarPreferenceStore.swift in Sources */,
				86755DEE22C7BDF100E91DF4 /* CalendarSlot.swift in Sources */,
			);
			runOnlyForDeploymentPostprocessing = 0;
		};
		86755DC922C7BC2100E91DF4 /* Sources */ = {
			isa = PBXSourcesBuildPhase;
			buildActionMask = 2147483647;
			files = (
				86755DD522C7BC2100E91DF4 /* CoreTests.swift in Sources */,
			);
			runOnlyForDeploymentPostprocessing = 0;
		};
		869DAC6C1D449EFB005AF315 /* Sources */ = {
			isa = PBXSourcesBuildPhase;
			buildActionMask = 2147483647;
			files = (
				86317A091EC258ED0009EE8A /* EventPredicateTests.swift in Sources */,
			);
			runOnlyForDeploymentPostprocessing = 0;
		};
		86CAD4951BACC9B1009C9CFD /* Sources */ = {
			isa = PBXSourcesBuildPhase;
			buildActionMask = 2147483647;
			files = (
				86C19EBF1BBF28E600BBCDF6 /* WhatsOnViewController.swift in Sources */,
				86DEC9581FB3B40D000FF4CD /* NextStepTableItem.swift in Sources */,
				866560AB1FB88713000ED8A2 /* CalendarPickerViewController.swift in Sources */,
				8607847A1DAD7E6100AAE856 /* LabelStyle.swift in Sources */,
				8648F18F1D984F6500C7BD48 /* EventDetailsTracking.swift in Sources */,
				8626886E1EEC94DE00D8FB79 /* UIApplicationShortcuts.swift in Sources */,
				86302CDA23ABD16300008124 /* OptionsView2.swift in Sources */,
				865C7B031EE56AE80047D8E0 /* BuildableTableSource.swift in Sources */,
				86F849991D046A3E007C41B0 /* EventDetailsViewController.swift in Sources */,
				8658A2381F375ED500BF219C /* CustomViewTableItem.swift in Sources */,
				8695D0331DA1A2A20034D52A /* SlotDetail.swift in Sources */,
				86D751131C7128EB00C0A607 /* RoundedRectBorderView.swift in Sources */,
				869B1EF520E180A40012A72D /* EventItemView.swift in Sources */,
				86F8499B1D046AAE007C41B0 /* UIView+Constraints.swift in Sources */,
				86A9E45B1DA80A4900E8D019 /* UIViewController+Navigation.swift in Sources */,
				8658A2341F375E6100BF219C /* TitleTableItem.swift in Sources */,
				8694756C1F37726D00925C2A /* CalendarPresenter.swift in Sources */,
				861BD0E01D9FC4290032FBAB /* Optional+Fluency.swift in Sources */,
				86F467F91C8AFFA500147F2E /* WhatsOnPresenter.swift in Sources */,
				865C7B051EE574100047D8E0 /* OptionsViewController.swift in Sources */,
				866D2E771EEA045E008D76D5 /* GradientView.swift in Sources */,
				8600B99F1F09429D008578E5 /* Delayer.swift in Sources */,
				8658A2301F375DF800BF219C /* TableSection.swift in Sources */,
				86A9E45F1DA80E9700E8D019 /* DateFormatter+Initialisers.swift in Sources */,
				8650D7D21D9FAE8E002D5930 /* TimeRepository.swift in Sources */,
				8695D0281DA023670034D52A /* HeaderView.swift in Sources */,
				86D751151C71316D00C0A607 /* UIColor+WhatsOn.swift in Sources */,
				86A9E4571DA7A7DC00E8D019 /* CalendarTableView.swift in Sources */,
				86FFFE491EC10E01009D772E /* Optional+Requirements.swift in Sources */,
				8609C5A41DB01AF100B44D76 /* EventDetailsPushTransition.swift in Sources */,
				8695D0301DA185DB0034D52A /* SlotCellStyle.swift in Sources */,
				86CFE11C1F1376A400D9AA8D /* EventForceTouchDisplayer.swift in Sources */,
				86DEC9561FB3A069000FF4CD /* AddNewEventViewControllerFactory.swift in Sources */,
				86A9C2CB1C444468009281A0 /* WhatsOnAppDelegate.swift in Sources */,
				86A9E45D1DA80DA500E8D019 /* SCTimestamp+Now.swift in Sources */,
				8600B9A11F0946F9008578E5 /* UIView+Animations.swift in Sources */,
				8618A51F1BDA92F900A4845E /* EventCell.swift in Sources */,
				8658A2321F375E3A00BF219C /* TableItem.swift in Sources */,
				69853BB8C3723DD6A606DFFE /* DetailsCard.swift in Sources */,
				865C7B011EE4B00D0047D8E0 /* BoundaryPickerView.swift in Sources */,
				698533DEAF59954635D7E3CD /* Line.swift in Sources */,
				69853EB6AEFC9EE982D28388 /* TimeLabel.swift in Sources */,
				69853B3AC06B29C271651CF0 /* UIDatePicker+Hours.swift in Sources */,
				69853EDF767415596862180F /* Analytics.swift in Sources */,
				698531761CD39981ABD5B75B /* Completion.swift in Sources */,
				8620886D22BFE2E200268B3D /* MultipleEventCell.swift in Sources */,
				2DBA1A1D4FF1A6199AD9D4FA /* BuildConfig.swift in Sources */,
				2DBA13D585CE5E035AE263D4 /* EventResponseView.swift in Sources */,
				8658A2361F375EA500BF219C /* SwitchTableItem.swift in Sources */,
				8620887122C119E200268B3D /* NewFoo.swift in Sources */,
				2DBA1FC7FB7A35811ADEDB84 /* EventResponse.swift in Sources */,
				8658A23C1F37685400BF219C /* CheckableTableItem.swift in Sources */,
				8600B99D1F09383D008578E5 /* LoadingView.swift in Sources */,
				6985372A302EA91FAB612301 /* DataProvider.swift in Sources */,
				6985330727D25CE189AC7193 /* FailedAccessView.swift in Sources */,
				698538F49DD3046F71BE4E01 /* AllowsGestureRecognizer.swift in Sources */,
				698533858A420599E0C749F0 /* DayCell.swift in Sources */,
				8694756E1F37742C00925C2A /* DatePickerPresenter.swift in Sources */,
				698534B8D95E1BCE5206D939 /* BasicAnimator.swift in Sources */,
				69853044F5C74357E1751736 /* Animator.swift in Sources */,
				698539E35BDB526A55FA73A4 /* PropertyAnimator.swift in Sources */,
				86A9355F22C7D52D003FC26C /* NSDate+Time.swift in Sources */,
				69853C93D4E8453CAAF42338 /* EventDetailsPresenter.swift in Sources */,
				69853C206C9404ACE2BD00BC /* EventView.swift in Sources */,
				6985339AD6136F4F0794DD59 /* EKEventKit+Convenience.swift in Sources */,
			);
			runOnlyForDeploymentPostprocessing = 0;
		};
/* End PBXSourcesBuildPhase section */

/* Begin PBXTargetDependency section */
		86755DD022C7BC2100E91DF4 /* PBXTargetDependency */ = {
			isa = PBXTargetDependency;
			target = 86755DC422C7BC2000E91DF4 /* Core */;
			targetProxy = 86755DCF22C7BC2100E91DF4 /* PBXContainerItemProxy */;
		};
		86755DD222C7BC2100E91DF4 /* PBXTargetDependency */ = {
			isa = PBXTargetDependency;
			target = 86CAD4981BACC9B1009C9CFD /* whatson */;
			targetProxy = 86755DD122C7BC2100E91DF4 /* PBXContainerItemProxy */;
		};
		86755DD922C7BC2100E91DF4 /* PBXTargetDependency */ = {
			isa = PBXTargetDependency;
			target = 86755DC422C7BC2000E91DF4 /* Core */;
			targetProxy = 86755DD822C7BC2100E91DF4 /* PBXContainerItemProxy */;
		};
		869DAC761D449EFB005AF315 /* PBXTargetDependency */ = {
			isa = PBXTargetDependency;
			target = 86CAD4981BACC9B1009C9CFD /* whatson */;
			targetProxy = 869DAC751D449EFB005AF315 /* PBXContainerItemProxy */;
		};
/* End PBXTargetDependency section */

/* Begin PBXVariantGroup section */
		86CAD4AA1BACC9B1009C9CFD /* LaunchScreen.storyboard */ = {
			isa = PBXVariantGroup;
			children = (
				86CAD4AB1BACC9B1009C9CFD /* Base */,
			);
			name = LaunchScreen.storyboard;
			sourceTree = "<group>";
		};
/* End PBXVariantGroup section */

/* Begin XCBuildConfiguration section */
		86755DDD22C7BC2100E91DF4 /* Debug */ = {
			isa = XCBuildConfiguration;
			buildSettings = {
				CLANG_ANALYZER_NONNULL = YES;
				CLANG_ANALYZER_NUMBER_OBJECT_CONVERSION = YES_AGGRESSIVE;
				CLANG_CXX_LANGUAGE_STANDARD = "gnu++14";
				CLANG_CXX_LIBRARY = "libc++";
				CLANG_ENABLE_MODULES = YES;
				CLANG_ENABLE_OBJC_WEAK = YES;
				CLANG_WARN_DOCUMENTATION_COMMENTS = YES;
				CLANG_WARN_UNGUARDED_AVAILABILITY = YES_AGGRESSIVE;
				CODE_SIGN_IDENTITY = "iPhone Developer";
				"CODE_SIGN_IDENTITY[sdk=iphoneos*]" = "iPhone Developer";
				CODE_SIGN_STYLE = Automatic;
				CURRENT_PROJECT_VERSION = 1;
				DEFINES_MODULE = YES;
				DEVELOPMENT_TEAM = 3H3SBN3AYY;
				DYLIB_COMPATIBILITY_VERSION = 1;
				DYLIB_CURRENT_VERSION = 1;
				DYLIB_INSTALL_NAME_BASE = "@rpath";
				GCC_C_LANGUAGE_STANDARD = gnu11;
				GCC_OPTIMIZATION_LEVEL = 0;
				INFOPLIST_FILE = Core/Info.plist;
				INSTALL_PATH = "$(LOCAL_LIBRARY_DIR)/Frameworks";
				LD_RUNPATH_SEARCH_PATHS = "$(inherited) @executable_path/Frameworks @loader_path/Frameworks";
				MTL_ENABLE_DEBUG_INFO = INCLUDE_SOURCE;
				MTL_FAST_MATH = YES;
				PRODUCT_BUNDLE_IDENTIFIER = uk.co.amlcurran.whatson.Core;
				PRODUCT_NAME = "$(TARGET_NAME:c99extidentifier)";
				SKIP_INSTALL = YES;
				SWIFT_ACTIVE_COMPILATION_CONDITIONS = DEBUG;
				SWIFT_OPTIMIZATION_LEVEL = "-Onone";
				SWIFT_VERSION = 5.0;
				TARGETED_DEVICE_FAMILY = "1,2";
				VERSIONING_SYSTEM = "apple-generic";
				VERSION_INFO_PREFIX = "";
			};
			name = Debug;
		};
		86755DDE22C7BC2100E91DF4 /* Release */ = {
			isa = XCBuildConfiguration;
			buildSettings = {
				CLANG_ANALYZER_NONNULL = YES;
				CLANG_ANALYZER_NUMBER_OBJECT_CONVERSION = YES_AGGRESSIVE;
				CLANG_CXX_LANGUAGE_STANDARD = "gnu++14";
				CLANG_CXX_LIBRARY = "libc++";
				CLANG_ENABLE_MODULES = YES;
				CLANG_ENABLE_OBJC_WEAK = YES;
				CLANG_WARN_DOCUMENTATION_COMMENTS = YES;
				CLANG_WARN_UNGUARDED_AVAILABILITY = YES_AGGRESSIVE;
				CODE_SIGN_IDENTITY = "iPhone Developer";
				"CODE_SIGN_IDENTITY[sdk=iphoneos*]" = "iPhone Developer";
				CODE_SIGN_STYLE = Automatic;
				CURRENT_PROJECT_VERSION = 1;
				DEFINES_MODULE = YES;
				DEVELOPMENT_TEAM = 3H3SBN3AYY;
				DYLIB_COMPATIBILITY_VERSION = 1;
				DYLIB_CURRENT_VERSION = 1;
				DYLIB_INSTALL_NAME_BASE = "@rpath";
				GCC_C_LANGUAGE_STANDARD = gnu11;
				INFOPLIST_FILE = Core/Info.plist;
				INSTALL_PATH = "$(LOCAL_LIBRARY_DIR)/Frameworks";
				LD_RUNPATH_SEARCH_PATHS = "$(inherited) @executable_path/Frameworks @loader_path/Frameworks";
				MTL_FAST_MATH = YES;
				PRODUCT_BUNDLE_IDENTIFIER = uk.co.amlcurran.whatson.Core;
				PRODUCT_NAME = "$(TARGET_NAME:c99extidentifier)";
				SKIP_INSTALL = YES;
				SWIFT_OPTIMIZATION_LEVEL = "-Owholemodule";
				SWIFT_VERSION = 5.0;
				TARGETED_DEVICE_FAMILY = "1,2";
				VERSIONING_SYSTEM = "apple-generic";
				VERSION_INFO_PREFIX = "";
			};
			name = Release;
		};
		86755DDF22C7BC2100E91DF4 /* Debug */ = {
			isa = XCBuildConfiguration;
			buildSettings = {
				ALWAYS_EMBED_SWIFT_STANDARD_LIBRARIES = YES;
				CLANG_ANALYZER_NONNULL = YES;
				CLANG_ANALYZER_NUMBER_OBJECT_CONVERSION = YES_AGGRESSIVE;
				CLANG_CXX_LANGUAGE_STANDARD = "gnu++14";
				CLANG_CXX_LIBRARY = "libc++";
				CLANG_ENABLE_OBJC_WEAK = YES;
				CLANG_WARN_DOCUMENTATION_COMMENTS = YES;
				CLANG_WARN_UNGUARDED_AVAILABILITY = YES_AGGRESSIVE;
				CODE_SIGN_STYLE = Automatic;
				DEVELOPMENT_TEAM = 3H3SBN3AYY;
				GCC_C_LANGUAGE_STANDARD = gnu11;
				GCC_OPTIMIZATION_LEVEL = 0;
				INFOPLIST_FILE = CoreTests/Info.plist;
				LD_RUNPATH_SEARCH_PATHS = "$(inherited) @executable_path/Frameworks @loader_path/Frameworks";
				MTL_ENABLE_DEBUG_INFO = INCLUDE_SOURCE;
				MTL_FAST_MATH = YES;
				PRODUCT_BUNDLE_IDENTIFIER = uk.co.amlcurran.whatson.CoreTests;
				PRODUCT_NAME = "$(TARGET_NAME)";
				SWIFT_ACTIVE_COMPILATION_CONDITIONS = DEBUG;
				SWIFT_OPTIMIZATION_LEVEL = "-Onone";
				SWIFT_VERSION = 5.0;
				TARGETED_DEVICE_FAMILY = "1,2";
				TEST_HOST = "$(BUILT_PRODUCTS_DIR)/What’s on.app/What’s on";
			};
			name = Debug;
		};
		86755DE022C7BC2100E91DF4 /* Release */ = {
			isa = XCBuildConfiguration;
			buildSettings = {
				ALWAYS_EMBED_SWIFT_STANDARD_LIBRARIES = YES;
				CLANG_ANALYZER_NONNULL = YES;
				CLANG_ANALYZER_NUMBER_OBJECT_CONVERSION = YES_AGGRESSIVE;
				CLANG_CXX_LANGUAGE_STANDARD = "gnu++14";
				CLANG_CXX_LIBRARY = "libc++";
				CLANG_ENABLE_OBJC_WEAK = YES;
				CLANG_WARN_DOCUMENTATION_COMMENTS = YES;
				CLANG_WARN_UNGUARDED_AVAILABILITY = YES_AGGRESSIVE;
				CODE_SIGN_STYLE = Automatic;
				DEVELOPMENT_TEAM = 3H3SBN3AYY;
				GCC_C_LANGUAGE_STANDARD = gnu11;
				INFOPLIST_FILE = CoreTests/Info.plist;
				LD_RUNPATH_SEARCH_PATHS = "$(inherited) @executable_path/Frameworks @loader_path/Frameworks";
				MTL_FAST_MATH = YES;
				PRODUCT_BUNDLE_IDENTIFIER = uk.co.amlcurran.whatson.CoreTests;
				PRODUCT_NAME = "$(TARGET_NAME)";
				SWIFT_OPTIMIZATION_LEVEL = "-Owholemodule";
				SWIFT_VERSION = 5.0;
				TARGETED_DEVICE_FAMILY = "1,2";
				TEST_HOST = "$(BUILT_PRODUCTS_DIR)/What’s on.app/What’s on";
			};
			name = Release;
		};
		869DAC771D449EFB005AF315 /* Debug */ = {
			isa = XCBuildConfiguration;
			baseConfigurationReference = A4CB48EDFB7E394EAA7145B4 /* Pods-WhatsOnTests.debug.xcconfig */;
			buildSettings = {
				BUNDLE_LOADER = "$(TEST_HOST)";
				CLANG_ANALYZER_NONNULL = YES;
				CLANG_WARN_DOCUMENTATION_COMMENTS = YES;
				HEADER_SEARCH_PATHS = (
					"\"$(inherited)\"",
					"$(SRCROOT)/Pods/Firebase/**",
				);
				INFOPLIST_FILE = WhatsOnTests/Info.plist;
				J2OBJC_HOME = ./j2objc;
				LD_RUNPATH_SEARCH_PATHS = "$(inherited) @executable_path/Frameworks @loader_path/Frameworks";
				PRODUCT_BUNDLE_IDENTIFIER = uk.co.amlcurran.WhatsOnTests;
				PRODUCT_NAME = "$(TARGET_NAME)";
				SWIFT_ACTIVE_COMPILATION_CONDITIONS = DEBUG;
				SWIFT_OPTIMIZATION_LEVEL = "-Onone";
				SWIFT_VERSION = 5.0;
				TEST_HOST = "$(BUILT_PRODUCTS_DIR)/What’s on.app/What’s on";
				USER_HEADER_SEARCH_PATHS = "\"$(J2OBJC_HOME)/include\"/**";
			};
			name = Debug;
		};
		869DAC781D449EFB005AF315 /* Release */ = {
			isa = XCBuildConfiguration;
			baseConfigurationReference = AADD5837B38D8A67EFF8AF80 /* Pods-WhatsOnTests.release.xcconfig */;
			buildSettings = {
				BUNDLE_LOADER = "$(TEST_HOST)";
				CLANG_ANALYZER_NONNULL = YES;
				CLANG_WARN_DOCUMENTATION_COMMENTS = YES;
				HEADER_SEARCH_PATHS = (
					"\"$(inherited)\"",
					"$(SRCROOT)/Pods/Firebase/**",
				);
				INFOPLIST_FILE = WhatsOnTests/Info.plist;
				J2OBJC_HOME = ./j2objc;
				LD_RUNPATH_SEARCH_PATHS = "$(inherited) @executable_path/Frameworks @loader_path/Frameworks";
				PRODUCT_BUNDLE_IDENTIFIER = uk.co.amlcurran.WhatsOnTests;
				PRODUCT_NAME = "$(TARGET_NAME)";
				SWIFT_OPTIMIZATION_LEVEL = "-Owholemodule";
				SWIFT_VERSION = 5.0;
				TEST_HOST = "$(BUILT_PRODUCTS_DIR)/What’s on.app/What’s on";
				USER_HEADER_SEARCH_PATHS = "\"$(J2OBJC_HOME)/include\"/**";
			};
			name = Release;
		};
		86CAD4AE1BACC9B1009C9CFD /* Debug */ = {
			isa = XCBuildConfiguration;
			buildSettings = {
				ALWAYS_SEARCH_USER_PATHS = NO;
				CLANG_CXX_LANGUAGE_STANDARD = "gnu++0x";
				CLANG_ENABLE_MODULES = YES;
				CLANG_ENABLE_OBJC_ARC = YES;
				CLANG_WARN_BLOCK_CAPTURE_AUTORELEASING = YES;
				CLANG_WARN_BOOL_CONVERSION = YES;
				CLANG_WARN_COMMA = YES;
				CLANG_WARN_CONSTANT_CONVERSION = YES;
				CLANG_WARN_DEPRECATED_OBJC_IMPLEMENTATIONS = YES;
				CLANG_WARN_DIRECT_OBJC_ISA_USAGE = YES_ERROR;
				CLANG_WARN_EMPTY_BODY = YES;
				CLANG_WARN_ENUM_CONVERSION = YES;
				CLANG_WARN_INFINITE_RECURSION = YES;
				CLANG_WARN_INT_CONVERSION = YES;
				CLANG_WARN_NON_LITERAL_NULL_CONVERSION = YES;
				CLANG_WARN_OBJC_IMPLICIT_RETAIN_SELF = YES;
				CLANG_WARN_OBJC_LITERAL_CONVERSION = YES;
				CLANG_WARN_OBJC_ROOT_CLASS = YES_ERROR;
				CLANG_WARN_RANGE_LOOP_ANALYSIS = YES;
				CLANG_WARN_STRICT_PROTOTYPES = YES;
				CLANG_WARN_SUSPICIOUS_MOVE = YES;
				CLANG_WARN_UNREACHABLE_CODE = YES;
				CLANG_WARN__DUPLICATE_METHOD_MATCH = YES;
				"CODE_SIGN_IDENTITY[sdk=iphoneos*]" = "iPhone Developer";
				COPY_PHASE_STRIP = NO;
				DEBUG_INFORMATION_FORMAT = dwarf;
				ENABLE_STRICT_OBJC_MSGSEND = YES;
				ENABLE_TESTABILITY = YES;
				GCC_C_LANGUAGE_STANDARD = gnu99;
				GCC_DYNAMIC_NO_PIC = NO;
				GCC_NO_COMMON_BLOCKS = YES;
				GCC_PREPROCESSOR_DEFINITIONS = (
					"DEBUG=1",
					"$(inherited)",
				);
				GCC_WARN_64_TO_32_BIT_CONVERSION = YES;
				GCC_WARN_ABOUT_RETURN_TYPE = YES_ERROR;
				GCC_WARN_UNDECLARED_SELECTOR = YES;
				GCC_WARN_UNINITIALIZED_AUTOS = YES_AGGRESSIVE;
				GCC_WARN_UNUSED_FUNCTION = YES;
				GCC_WARN_UNUSED_VARIABLE = YES;
				IPHONEOS_DEPLOYMENT_TARGET = 11.0;
				J2OBJC_HOME = "/Users/amlcurran/Downloads/j2objc-2.4";
				MTL_ENABLE_DEBUG_INFO = YES;
				ONLY_ACTIVE_ARCH = YES;
				SDKROOT = iphoneos;
				SWIFT_VERSION = 3.0;
				TARGETED_DEVICE_FAMILY = "1,2";
			};
			name = Debug;
		};
		86CAD4AF1BACC9B1009C9CFD /* Release */ = {
			isa = XCBuildConfiguration;
			buildSettings = {
				ALWAYS_SEARCH_USER_PATHS = NO;
				CLANG_CXX_LANGUAGE_STANDARD = "gnu++0x";
				CLANG_ENABLE_MODULES = YES;
				CLANG_ENABLE_OBJC_ARC = YES;
				CLANG_WARN_BLOCK_CAPTURE_AUTORELEASING = YES;
				CLANG_WARN_BOOL_CONVERSION = YES;
				CLANG_WARN_COMMA = YES;
				CLANG_WARN_CONSTANT_CONVERSION = YES;
				CLANG_WARN_DEPRECATED_OBJC_IMPLEMENTATIONS = YES;
				CLANG_WARN_DIRECT_OBJC_ISA_USAGE = YES_ERROR;
				CLANG_WARN_EMPTY_BODY = YES;
				CLANG_WARN_ENUM_CONVERSION = YES;
				CLANG_WARN_INFINITE_RECURSION = YES;
				CLANG_WARN_INT_CONVERSION = YES;
				CLANG_WARN_NON_LITERAL_NULL_CONVERSION = YES;
				CLANG_WARN_OBJC_IMPLICIT_RETAIN_SELF = YES;
				CLANG_WARN_OBJC_LITERAL_CONVERSION = YES;
				CLANG_WARN_OBJC_ROOT_CLASS = YES_ERROR;
				CLANG_WARN_RANGE_LOOP_ANALYSIS = YES;
				CLANG_WARN_STRICT_PROTOTYPES = YES;
				CLANG_WARN_SUSPICIOUS_MOVE = YES;
				CLANG_WARN_UNREACHABLE_CODE = YES;
				CLANG_WARN__DUPLICATE_METHOD_MATCH = YES;
				"CODE_SIGN_IDENTITY[sdk=iphoneos*]" = "iPhone Developer";
				COPY_PHASE_STRIP = NO;
				DEBUG_INFORMATION_FORMAT = "dwarf-with-dsym";
				ENABLE_NS_ASSERTIONS = NO;
				ENABLE_STRICT_OBJC_MSGSEND = YES;
				GCC_C_LANGUAGE_STANDARD = gnu99;
				GCC_NO_COMMON_BLOCKS = YES;
				GCC_WARN_64_TO_32_BIT_CONVERSION = YES;
				GCC_WARN_ABOUT_RETURN_TYPE = YES_ERROR;
				GCC_WARN_UNDECLARED_SELECTOR = YES;
				GCC_WARN_UNINITIALIZED_AUTOS = YES_AGGRESSIVE;
				GCC_WARN_UNUSED_FUNCTION = YES;
				GCC_WARN_UNUSED_VARIABLE = YES;
				IPHONEOS_DEPLOYMENT_TARGET = 11.0;
				J2OBJC_HOME = "/Users/amlcurran/Downloads/j2objc-2.4";
				MTL_ENABLE_DEBUG_INFO = NO;
				SDKROOT = iphoneos;
				SWIFT_VERSION = 3.0;
				TARGETED_DEVICE_FAMILY = "1,2";
				VALIDATE_PRODUCT = YES;
			};
			name = Release;
		};
		86CAD4B11BACC9B1009C9CFD /* Debug */ = {
			isa = XCBuildConfiguration;
			baseConfigurationReference = 1175B80F0FD97DA802FE2AB1 /* Pods-whatson.debug.xcconfig */;
			buildSettings = {
				ALWAYS_EMBED_SWIFT_STANDARD_LIBRARIES = YES;
				ASSETCATALOG_COMPILER_APPICON_NAME = AppIcon;
				CLANG_ENABLE_MODULES = YES;
				CODE_SIGN_ENTITLEMENTS = "whatson/What’s on.entitlements";
				CODE_SIGN_IDENTITY = "iPhone Developer";
				"CODE_SIGN_IDENTITY[sdk=iphoneos*]" = "iPhone Developer";
				CURRENT_PROJECT_VERSION = 10000;
				DEFINES_MODULE = YES;
				DEVELOPMENT_TEAM = 3H3SBN3AYY;
				ENABLE_BITCODE = NO;
				FRAMEWORK_SEARCH_PATHS = (
					"$(inherited)",
					"\"${PODS_ROOT}/FirebaseAnalytics/Frameworks\"",
					"\"${PODS_ROOT}/FirebaseInstanceID/Frameworks\"",
				);
				HEADER_SEARCH_PATHS = (
					"$(inherited)",
					"${PODS_ROOT}/Firebase/Analytics/Sources",
					"\"${PODS_ROOT}/Headers/Public\"",
					"\"${PODS_ROOT}/Headers/Public/Firebase\"",
					"\"${PODS_ROOT}/Headers/Public/FirebaseAnalytics\"",
					"\"${PODS_ROOT}/Headers/Public/FirebaseInstanceID\"",
				);
				INFOPLIST_FILE = whatson/Info.plist;
				LD_RUNPATH_SEARCH_PATHS = "$(inherited) @executable_path/Frameworks";
				LIBRARY_SEARCH_PATHS = (
					"$(inherited)",
					"\"$(PROJECT_DIR)/whatson\"",
				);
				OTHER_SWIFT_FLAGS = "-D DEBUG";
				PRODUCT_BUNDLE_IDENTIFIER = uk.co.amlcurran.whatson;
				PRODUCT_MODULE_NAME = Whatson;
				PRODUCT_NAME = "What’s on";
				SWIFT_OPTIMIZATION_LEVEL = "-Onone";
				SWIFT_VERSION = 5.0;
				TARGETED_DEVICE_FAMILY = "1,2";
				USER_HEADER_SEARCH_PATHS = "";
			};
			name = Debug;
		};
		86CAD4B21BACC9B1009C9CFD /* Release */ = {
			isa = XCBuildConfiguration;
			baseConfigurationReference = 4DB8059D3AAB19AFD5B4C782 /* Pods-whatson.release.xcconfig */;
			buildSettings = {
				ALWAYS_EMBED_SWIFT_STANDARD_LIBRARIES = YES;
				ASSETCATALOG_COMPILER_APPICON_NAME = AppIcon;
				CLANG_ENABLE_MODULES = YES;
				CODE_SIGN_ENTITLEMENTS = "whatson/What’s on.entitlements";
				CODE_SIGN_IDENTITY = "iPhone Developer";
				"CODE_SIGN_IDENTITY[sdk=iphoneos*]" = "iPhone Developer";
				CURRENT_PROJECT_VERSION = 10000;
				DEFINES_MODULE = YES;
				DEVELOPMENT_TEAM = 3H3SBN3AYY;
				ENABLE_BITCODE = NO;
				FRAMEWORK_SEARCH_PATHS = (
					"$(inherited)",
					"\"${PODS_ROOT}/FirebaseAnalytics/Frameworks\"",
					"\"${PODS_ROOT}/FirebaseInstanceID/Frameworks\"",
				);
				HEADER_SEARCH_PATHS = (
					"$(inherited)",
					"${PODS_ROOT}/Firebase/Analytics/Sources",
					"\"${PODS_ROOT}/Headers/Public\"",
					"\"${PODS_ROOT}/Headers/Public/Firebase\"",
					"\"${PODS_ROOT}/Headers/Public/FirebaseAnalytics\"",
					"\"${PODS_ROOT}/Headers/Public/FirebaseInstanceID\"",
				);
				INFOPLIST_FILE = whatson/Info.plist;
				LD_RUNPATH_SEARCH_PATHS = "$(inherited) @executable_path/Frameworks";
				LIBRARY_SEARCH_PATHS = (
					"$(inherited)",
					"\"$(PROJECT_DIR)/whatson\"",
				);
				OTHER_SWIFT_FLAGS = "";
				PRODUCT_BUNDLE_IDENTIFIER = uk.co.amlcurran.whatson;
				PRODUCT_MODULE_NAME = Whatson;
				PRODUCT_NAME = "What’s on";
				SWIFT_OPTIMIZATION_LEVEL = "-Owholemodule";
				SWIFT_VERSION = 5.0;
				TARGETED_DEVICE_FAMILY = "1,2";
				USER_HEADER_SEARCH_PATHS = "";
			};
			name = Release;
		};
/* End XCBuildConfiguration section */

/* Begin XCConfigurationList section */
		86755DE122C7BC2100E91DF4 /* Build configuration list for PBXNativeTarget "Core" */ = {
			isa = XCConfigurationList;
			buildConfigurations = (
				86755DDD22C7BC2100E91DF4 /* Debug */,
				86755DDE22C7BC2100E91DF4 /* Release */,
			);
			defaultConfigurationIsVisible = 0;
			defaultConfigurationName = Release;
		};
		86755DE222C7BC2100E91DF4 /* Build configuration list for PBXNativeTarget "CoreTests" */ = {
			isa = XCConfigurationList;
			buildConfigurations = (
				86755DDF22C7BC2100E91DF4 /* Debug */,
				86755DE022C7BC2100E91DF4 /* Release */,
			);
			defaultConfigurationIsVisible = 0;
			defaultConfigurationName = Release;
		};
		869DAC791D449EFB005AF315 /* Build configuration list for PBXNativeTarget "WhatsOnTests" */ = {
			isa = XCConfigurationList;
			buildConfigurations = (
				869DAC771D449EFB005AF315 /* Debug */,
				869DAC781D449EFB005AF315 /* Release */,
			);
			defaultConfigurationIsVisible = 0;
			defaultConfigurationName = Release;
		};
		86CAD4941BACC9B1009C9CFD /* Build configuration list for PBXProject "whatson" */ = {
			isa = XCConfigurationList;
			buildConfigurations = (
				86CAD4AE1BACC9B1009C9CFD /* Debug */,
				86CAD4AF1BACC9B1009C9CFD /* Release */,
			);
			defaultConfigurationIsVisible = 0;
			defaultConfigurationName = Release;
		};
		86CAD4B01BACC9B1009C9CFD /* Build configuration list for PBXNativeTarget "whatson" */ = {
			isa = XCConfigurationList;
			buildConfigurations = (
				86CAD4B11BACC9B1009C9CFD /* Debug */,
				86CAD4B21BACC9B1009C9CFD /* Release */,
			);
			defaultConfigurationIsVisible = 0;
			defaultConfigurationName = Release;
		};
/* End XCConfigurationList section */
	};
	rootObject = 86CAD4911BACC9B1009C9CFD /* Project object */;
}
