// !$*UTF8*$!
{
	archiveVersion = 1;
	classes = {
	};
	objectVersion = 46;
	objects = {

/* Begin PBXBuildFile section */
		8614BABE1C825B7A00A3E570 /* NSDate+Time.swift in Sources */ = {isa = PBXBuildFile; fileRef = 8614BABD1C825B7A00A3E570 /* NSDate+Time.swift */; };
		8618A51F1BDA92F900A4845E /* CalendarSourceViewCell.swift in Sources */ = {isa = PBXBuildFile; fileRef = 8618A51E1BDA92F900A4845E /* CalendarSourceViewCell.swift */; };
		8626FCE01C63FBF800640079 /* CalendarCell.xib in Resources */ = {isa = PBXBuildFile; fileRef = 8626FCDF1C63FBF800640079 /* CalendarCell.xib */; };
		864561C31C02709800ADDE44 /* NSDateCalculator.swift in Sources */ = {isa = PBXBuildFile; fileRef = 864561C21C02709800ADDE44 /* NSDateCalculator.swift */; };
		8693FD111D16F456003FA6D7 /* EventDetailsViewController.xib in Resources */ = {isa = PBXBuildFile; fileRef = 8693FD101D16F456003FA6D7 /* EventDetailsViewController.xib */; };
		869DAC731D449EFB005AF315 /* WhatsOnTests.swift in Sources */ = {isa = PBXBuildFile; fileRef = 869DAC721D449EFB005AF315 /* WhatsOnTests.swift */; };
		86A9C2CB1C444468009281A0 /* WhatsOnAppDelegate.swift in Sources */ = {isa = PBXBuildFile; fileRef = 86A9C2CA1C444468009281A0 /* WhatsOnAppDelegate.swift */; };
		86C19EBF1BBF28E600BBCDF6 /* WhatsOnViewController.swift in Sources */ = {isa = PBXBuildFile; fileRef = 86C19EBE1BBF28E600BBCDF6 /* WhatsOnViewController.swift */; };
		86CAD49E1BACC9B1009C9CFD /* main.m in Sources */ = {isa = PBXBuildFile; fileRef = 86CAD49D1BACC9B1009C9CFD /* main.m */; };
		86CAD4A71BACC9B1009C9CFD /* Main.storyboard in Resources */ = {isa = PBXBuildFile; fileRef = 86CAD4A51BACC9B1009C9CFD /* Main.storyboard */; };
		86CAD4A91BACC9B1009C9CFD /* Assets.xcassets in Resources */ = {isa = PBXBuildFile; fileRef = 86CAD4A81BACC9B1009C9CFD /* Assets.xcassets */; };
		86CAD4AC1BACC9B1009C9CFD /* LaunchScreen.storyboard in Resources */ = {isa = PBXBuildFile; fileRef = 86CAD4AA1BACC9B1009C9CFD /* LaunchScreen.storyboard */; };
		86CAD4EF1BADF68F009C9CFD /* SCITimeRepository.m in Sources */ = {isa = PBXBuildFile; fileRef = 86CAD4EE1BADF68F009C9CFD /* SCITimeRepository.m */; };
		86CAD4F51BAF3B43009C9CFD /* SCIEventStoreRepository.m in Sources */ = {isa = PBXBuildFile; fileRef = 86CAD4F41BAF3B43009C9CFD /* SCIEventStoreRepository.m */; };
		86D751131C7128EB00C0A607 /* RoundedRectBorderView.swift in Sources */ = {isa = PBXBuildFile; fileRef = 86D751121C7128EB00C0A607 /* RoundedRectBorderView.swift */; };
		86D751151C71316D00C0A607 /* UIColor+WhatsOn.swift in Sources */ = {isa = PBXBuildFile; fileRef = 86D751141C71316D00C0A607 /* UIColor+WhatsOn.swift */; };
		86DE0FE71BB885E8004E20B5 /* libicucore.tbd in Frameworks */ = {isa = PBXBuildFile; fileRef = 86DE0FE61BB885E8004E20B5 /* libicucore.tbd */; };
		86DE0FE91BB8863D004E20B5 /* Security.framework in Frameworks */ = {isa = PBXBuildFile; fileRef = 86DE0FE81BB8863D004E20B5 /* Security.framework */; };
		86DE0FEB1BB88646004E20B5 /* libz.tbd in Frameworks */ = {isa = PBXBuildFile; fileRef = 86DE0FEA1BB88646004E20B5 /* libz.tbd */; };
		86F467F91C8AFFA500147F2E /* WhatsOnPresenter.swift in Sources */ = {isa = PBXBuildFile; fileRef = 86F467F81C8AFFA500147F2E /* WhatsOnPresenter.swift */; };
		86F849881D046277007C41B0 /* CalendarItem.m in Sources */ = {isa = PBXBuildFile; fileRef = 86F8496D1D046277007C41B0 /* CalendarItem.m */; };
		86F849891D046277007C41B0 /* CalendarSlot.m in Sources */ = {isa = PBXBuildFile; fileRef = 86F8496F1D046277007C41B0 /* CalendarSlot.m */; };
		86F8498A1D046277007C41B0 /* CalendarSource.m in Sources */ = {isa = PBXBuildFile; fileRef = 86F849711D046277007C41B0 /* CalendarSource.m */; };
		86F8498B1D046277007C41B0 /* ContainerHelpers.m in Sources */ = {isa = PBXBuildFile; fileRef = 86F849731D046277007C41B0 /* ContainerHelpers.m */; };
		86F8498C1D046277007C41B0 /* EmptyCalendarItem.m in Sources */ = {isa = PBXBuildFile; fileRef = 86F849751D046277007C41B0 /* EmptyCalendarItem.m */; };
		86F8498D1D046277007C41B0 /* EventCalendarItem.m in Sources */ = {isa = PBXBuildFile; fileRef = 86F849771D046277007C41B0 /* EventCalendarItem.m */; };
		86F8498E1D046277007C41B0 /* EventRepositoryAccessor.m in Sources */ = {isa = PBXBuildFile; fileRef = 86F849791D046277007C41B0 /* EventRepositoryAccessor.m */; };
		86F8498F1D046277007C41B0 /* EventsRepository.m in Sources */ = {isa = PBXBuildFile; fileRef = 86F8497B1D046277007C41B0 /* EventsRepository.m */; };
		86F849901D046277007C41B0 /* EventsService.m in Sources */ = {isa = PBXBuildFile; fileRef = 86F8497D1D046277007C41B0 /* EventsService.m */; };
		86F849911D046277007C41B0 /* SparseArray.m in Sources */ = {isa = PBXBuildFile; fileRef = 86F8497F1D046277007C41B0 /* SparseArray.m */; };
		86F849921D046277007C41B0 /* SCTime.m in Sources */ = {isa = PBXBuildFile; fileRef = 86F849811D046277007C41B0 /* SCTime.m */; };
		86F849931D046277007C41B0 /* TimeCalculator.m in Sources */ = {isa = PBXBuildFile; fileRef = 86F849831D046277007C41B0 /* TimeCalculator.m */; };
		86F849941D046277007C41B0 /* TimeOfDay.m in Sources */ = {isa = PBXBuildFile; fileRef = 86F849851D046277007C41B0 /* TimeOfDay.m */; };
		86F849951D046277007C41B0 /* TimeRepository.m in Sources */ = {isa = PBXBuildFile; fileRef = 86F849871D046277007C41B0 /* TimeRepository.m */; };
		86F849991D046A3E007C41B0 /* EventDetailsViewController.swift in Sources */ = {isa = PBXBuildFile; fileRef = 86F849981D046A3E007C41B0 /* EventDetailsViewController.swift */; };
		86F8499B1D046AAE007C41B0 /* UIView+Constraints.swift in Sources */ = {isa = PBXBuildFile; fileRef = 86F8499A1D046AAE007C41B0 /* UIView+Constraints.swift */; };
/* End PBXBuildFile section */

/* Begin PBXContainerItemProxy section */
		869DAC751D449EFB005AF315 /* PBXContainerItemProxy */ = {
			isa = PBXContainerItemProxy;
			containerPortal = 86CAD4911BACC9B1009C9CFD /* Project object */;
			proxyType = 1;
			remoteGlobalIDString = 86CAD4981BACC9B1009C9CFD;
			remoteInfo = whatson;
		};
/* End PBXContainerItemProxy section */

/* Begin PBXFileReference section */
		8614BABD1C825B7A00A3E570 /* NSDate+Time.swift */ = {isa = PBXFileReference; fileEncoding = 4; lastKnownFileType = sourcecode.swift; path = "NSDate+Time.swift"; sourceTree = "<group>"; };
		8618A51E1BDA92F900A4845E /* CalendarSourceViewCell.swift */ = {isa = PBXFileReference; fileEncoding = 4; lastKnownFileType = sourcecode.swift; path = CalendarSourceViewCell.swift; sourceTree = "<group>"; };
		8626FCDF1C63FBF800640079 /* CalendarCell.xib */ = {isa = PBXFileReference; fileEncoding = 4; lastKnownFileType = file.xib; path = CalendarCell.xib; sourceTree = "<group>"; };
		864561C21C02709800ADDE44 /* NSDateCalculator.swift */ = {isa = PBXFileReference; fileEncoding = 4; lastKnownFileType = sourcecode.swift; path = NSDateCalculator.swift; sourceTree = "<group>"; };
		8693FD101D16F456003FA6D7 /* EventDetailsViewController.xib */ = {isa = PBXFileReference; fileEncoding = 4; lastKnownFileType = file.xib; path = EventDetailsViewController.xib; sourceTree = "<group>"; };
		869DAC701D449EFB005AF315 /* WhatsOnTests.xctest */ = {isa = PBXFileReference; explicitFileType = wrapper.cfbundle; includeInIndex = 0; path = WhatsOnTests.xctest; sourceTree = BUILT_PRODUCTS_DIR; };
		869DAC721D449EFB005AF315 /* WhatsOnTests.swift */ = {isa = PBXFileReference; lastKnownFileType = sourcecode.swift; path = WhatsOnTests.swift; sourceTree = "<group>"; };
		869DAC741D449EFB005AF315 /* Info.plist */ = {isa = PBXFileReference; lastKnownFileType = text.plist.xml; path = Info.plist; sourceTree = "<group>"; };
		86A9C2CA1C444468009281A0 /* WhatsOnAppDelegate.swift */ = {isa = PBXFileReference; fileEncoding = 4; lastKnownFileType = sourcecode.swift; path = WhatsOnAppDelegate.swift; sourceTree = "<group>"; };
		86C19EB91BBF287500BBCDF6 /* whatson-Bridging-Header.h */ = {isa = PBXFileReference; lastKnownFileType = sourcecode.c.h; path = "whatson-Bridging-Header.h"; sourceTree = "<group>"; };
		86C19EBE1BBF28E600BBCDF6 /* WhatsOnViewController.swift */ = {isa = PBXFileReference; fileEncoding = 4; lastKnownFileType = sourcecode.swift; name = WhatsOnViewController.swift; path = whatson/WhatsOnViewController.swift; sourceTree = "<group>"; };
		86CAD4991BACC9B1009C9CFD /* What's On.app */ = {isa = PBXFileReference; explicitFileType = wrapper.application; includeInIndex = 0; path = "What's On.app"; sourceTree = BUILT_PRODUCTS_DIR; };
		86CAD49D1BACC9B1009C9CFD /* main.m */ = {isa = PBXFileReference; lastKnownFileType = sourcecode.c.objc; path = main.m; sourceTree = "<group>"; };
		86CAD4A61BACC9B1009C9CFD /* Base */ = {isa = PBXFileReference; lastKnownFileType = file.storyboard; name = Base; path = Base.lproj/Main.storyboard; sourceTree = "<group>"; };
		86CAD4A81BACC9B1009C9CFD /* Assets.xcassets */ = {isa = PBXFileReference; lastKnownFileType = folder.assetcatalog; path = Assets.xcassets; sourceTree = "<group>"; };
		86CAD4AB1BACC9B1009C9CFD /* Base */ = {isa = PBXFileReference; lastKnownFileType = file.storyboard; name = Base; path = Base.lproj/LaunchScreen.storyboard; sourceTree = "<group>"; };
		86CAD4AD1BACC9B1009C9CFD /* Info.plist */ = {isa = PBXFileReference; lastKnownFileType = text.plist.xml; path = Info.plist; sourceTree = "<group>"; };
		86CAD4ED1BADF68F009C9CFD /* SCITimeRepository.h */ = {isa = PBXFileReference; fileEncoding = 4; lastKnownFileType = sourcecode.c.h; path = SCITimeRepository.h; sourceTree = "<group>"; };
		86CAD4EE1BADF68F009C9CFD /* SCITimeRepository.m */ = {isa = PBXFileReference; fileEncoding = 4; lastKnownFileType = sourcecode.c.objc; path = SCITimeRepository.m; sourceTree = "<group>"; };
		86CAD4F31BAF3B43009C9CFD /* SCIEventStoreRepository.h */ = {isa = PBXFileReference; fileEncoding = 4; lastKnownFileType = sourcecode.c.h; path = SCIEventStoreRepository.h; sourceTree = "<group>"; };
		86CAD4F41BAF3B43009C9CFD /* SCIEventStoreRepository.m */ = {isa = PBXFileReference; fileEncoding = 4; lastKnownFileType = sourcecode.c.objc; path = SCIEventStoreRepository.m; sourceTree = "<group>"; };
		86D751121C7128EB00C0A607 /* RoundedRectBorderView.swift */ = {isa = PBXFileReference; fileEncoding = 4; lastKnownFileType = sourcecode.swift; path = RoundedRectBorderView.swift; sourceTree = "<group>"; };
		86D751141C71316D00C0A607 /* UIColor+WhatsOn.swift */ = {isa = PBXFileReference; fileEncoding = 4; lastKnownFileType = sourcecode.swift; path = "UIColor+WhatsOn.swift"; sourceTree = "<group>"; };
		86DE0FE61BB885E8004E20B5 /* libicucore.tbd */ = {isa = PBXFileReference; lastKnownFileType = "sourcecode.text-based-dylib-definition"; name = libicucore.tbd; path = usr/lib/libicucore.tbd; sourceTree = SDKROOT; };
		86DE0FE81BB8863D004E20B5 /* Security.framework */ = {isa = PBXFileReference; lastKnownFileType = wrapper.framework; name = Security.framework; path = System/Library/Frameworks/Security.framework; sourceTree = SDKROOT; };
		86DE0FEA1BB88646004E20B5 /* libz.tbd */ = {isa = PBXFileReference; lastKnownFileType = "sourcecode.text-based-dylib-definition"; name = libz.tbd; path = usr/lib/libz.tbd; sourceTree = SDKROOT; };
		86F467F81C8AFFA500147F2E /* WhatsOnPresenter.swift */ = {isa = PBXFileReference; fileEncoding = 4; lastKnownFileType = sourcecode.swift; name = WhatsOnPresenter.swift; path = whatson/WhatsOnPresenter.swift; sourceTree = "<group>"; };
		86F8496C1D046277007C41B0 /* CalendarItem.h */ = {isa = PBXFileReference; fileEncoding = 4; lastKnownFileType = sourcecode.c.h; name = CalendarItem.h; path = ../../../build/ios/objc/CalendarItem.h; sourceTree = "<group>"; };
		86F8496D1D046277007C41B0 /* CalendarItem.m */ = {isa = PBXFileReference; fileEncoding = 4; lastKnownFileType = sourcecode.c.objc; name = CalendarItem.m; path = ../../../build/ios/objc/CalendarItem.m; sourceTree = "<group>"; };
		86F8496E1D046277007C41B0 /* CalendarSlot.h */ = {isa = PBXFileReference; fileEncoding = 4; lastKnownFileType = sourcecode.c.h; name = CalendarSlot.h; path = ../../../build/ios/objc/CalendarSlot.h; sourceTree = "<group>"; };
		86F8496F1D046277007C41B0 /* CalendarSlot.m */ = {isa = PBXFileReference; fileEncoding = 4; lastKnownFileType = sourcecode.c.objc; name = CalendarSlot.m; path = ../../../build/ios/objc/CalendarSlot.m; sourceTree = "<group>"; };
		86F849701D046277007C41B0 /* CalendarSource.h */ = {isa = PBXFileReference; fileEncoding = 4; lastKnownFileType = sourcecode.c.h; name = CalendarSource.h; path = ../../../build/ios/objc/CalendarSource.h; sourceTree = "<group>"; };
		86F849711D046277007C41B0 /* CalendarSource.m */ = {isa = PBXFileReference; fileEncoding = 4; lastKnownFileType = sourcecode.c.objc; name = CalendarSource.m; path = ../../../build/ios/objc/CalendarSource.m; sourceTree = "<group>"; };
		86F849721D046277007C41B0 /* ContainerHelpers.h */ = {isa = PBXFileReference; fileEncoding = 4; lastKnownFileType = sourcecode.c.h; name = ContainerHelpers.h; path = ../../../build/ios/objc/ContainerHelpers.h; sourceTree = "<group>"; };
		86F849731D046277007C41B0 /* ContainerHelpers.m */ = {isa = PBXFileReference; fileEncoding = 4; lastKnownFileType = sourcecode.c.objc; name = ContainerHelpers.m; path = ../../../build/ios/objc/ContainerHelpers.m; sourceTree = "<group>"; };
		86F849741D046277007C41B0 /* EmptyCalendarItem.h */ = {isa = PBXFileReference; fileEncoding = 4; lastKnownFileType = sourcecode.c.h; name = EmptyCalendarItem.h; path = ../../../build/ios/objc/EmptyCalendarItem.h; sourceTree = "<group>"; };
		86F849751D046277007C41B0 /* EmptyCalendarItem.m */ = {isa = PBXFileReference; fileEncoding = 4; lastKnownFileType = sourcecode.c.objc; name = EmptyCalendarItem.m; path = ../../../build/ios/objc/EmptyCalendarItem.m; sourceTree = "<group>"; };
		86F849761D046277007C41B0 /* EventCalendarItem.h */ = {isa = PBXFileReference; fileEncoding = 4; lastKnownFileType = sourcecode.c.h; name = EventCalendarItem.h; path = ../../../build/ios/objc/EventCalendarItem.h; sourceTree = "<group>"; };
		86F849771D046277007C41B0 /* EventCalendarItem.m */ = {isa = PBXFileReference; fileEncoding = 4; lastKnownFileType = sourcecode.c.objc; name = EventCalendarItem.m; path = ../../../build/ios/objc/EventCalendarItem.m; sourceTree = "<group>"; };
		86F849781D046277007C41B0 /* EventRepositoryAccessor.h */ = {isa = PBXFileReference; fileEncoding = 4; lastKnownFileType = sourcecode.c.h; name = EventRepositoryAccessor.h; path = ../../../build/ios/objc/EventRepositoryAccessor.h; sourceTree = "<group>"; };
		86F849791D046277007C41B0 /* EventRepositoryAccessor.m */ = {isa = PBXFileReference; fileEncoding = 4; lastKnownFileType = sourcecode.c.objc; name = EventRepositoryAccessor.m; path = ../../../build/ios/objc/EventRepositoryAccessor.m; sourceTree = "<group>"; };
		86F8497A1D046277007C41B0 /* EventsRepository.h */ = {isa = PBXFileReference; fileEncoding = 4; lastKnownFileType = sourcecode.c.h; name = EventsRepository.h; path = ../../../build/ios/objc/EventsRepository.h; sourceTree = "<group>"; };
		86F8497B1D046277007C41B0 /* EventsRepository.m */ = {isa = PBXFileReference; fileEncoding = 4; lastKnownFileType = sourcecode.c.objc; name = EventsRepository.m; path = ../../../build/ios/objc/EventsRepository.m; sourceTree = "<group>"; };
		86F8497C1D046277007C41B0 /* EventsService.h */ = {isa = PBXFileReference; fileEncoding = 4; lastKnownFileType = sourcecode.c.h; name = EventsService.h; path = ../../../build/ios/objc/EventsService.h; sourceTree = "<group>"; };
		86F8497D1D046277007C41B0 /* EventsService.m */ = {isa = PBXFileReference; fileEncoding = 4; lastKnownFileType = sourcecode.c.objc; name = EventsService.m; path = ../../../build/ios/objc/EventsService.m; sourceTree = "<group>"; };
		86F8497E1D046277007C41B0 /* SparseArray.h */ = {isa = PBXFileReference; fileEncoding = 4; lastKnownFileType = sourcecode.c.h; name = SparseArray.h; path = ../../../build/ios/objc/SparseArray.h; sourceTree = "<group>"; };
		86F8497F1D046277007C41B0 /* SparseArray.m */ = {isa = PBXFileReference; fileEncoding = 4; lastKnownFileType = sourcecode.c.objc; name = SparseArray.m; path = ../../../build/ios/objc/SparseArray.m; sourceTree = "<group>"; };
		86F849801D046277007C41B0 /* SCTime.h */ = {isa = PBXFileReference; fileEncoding = 4; lastKnownFileType = sourcecode.c.h; name = SCTime.h; path = ../../../build/ios/objc/SCTime.h; sourceTree = "<group>"; };
		86F849811D046277007C41B0 /* SCTime.m */ = {isa = PBXFileReference; fileEncoding = 4; lastKnownFileType = sourcecode.c.objc; name = SCTime.m; path = ../../../build/ios/objc/SCTime.m; sourceTree = "<group>"; };
		86F849821D046277007C41B0 /* TimeCalculator.h */ = {isa = PBXFileReference; fileEncoding = 4; lastKnownFileType = sourcecode.c.h; name = TimeCalculator.h; path = ../../../build/ios/objc/TimeCalculator.h; sourceTree = "<group>"; };
		86F849831D046277007C41B0 /* TimeCalculator.m */ = {isa = PBXFileReference; fileEncoding = 4; lastKnownFileType = sourcecode.c.objc; name = TimeCalculator.m; path = ../../../build/ios/objc/TimeCalculator.m; sourceTree = "<group>"; };
		86F849841D046277007C41B0 /* TimeOfDay.h */ = {isa = PBXFileReference; fileEncoding = 4; lastKnownFileType = sourcecode.c.h; name = TimeOfDay.h; path = ../../../build/ios/objc/TimeOfDay.h; sourceTree = "<group>"; };
		86F849851D046277007C41B0 /* TimeOfDay.m */ = {isa = PBXFileReference; fileEncoding = 4; lastKnownFileType = sourcecode.c.objc; name = TimeOfDay.m; path = ../../../build/ios/objc/TimeOfDay.m; sourceTree = "<group>"; };
		86F849861D046277007C41B0 /* TimeRepository.h */ = {isa = PBXFileReference; fileEncoding = 4; lastKnownFileType = sourcecode.c.h; name = TimeRepository.h; path = ../../../build/ios/objc/TimeRepository.h; sourceTree = "<group>"; };
		86F849871D046277007C41B0 /* TimeRepository.m */ = {isa = PBXFileReference; fileEncoding = 4; lastKnownFileType = sourcecode.c.objc; name = TimeRepository.m; path = ../../../build/ios/objc/TimeRepository.m; sourceTree = "<group>"; };
		86F849961D046418007C41B0 /* libjre_emul.a */ = {isa = PBXFileReference; lastKnownFileType = archive.ar; name = libjre_emul.a; path = ../../../j2objc/lib/libjre_emul.a; sourceTree = "<group>"; };
		86F849981D046A3E007C41B0 /* EventDetailsViewController.swift */ = {isa = PBXFileReference; fileEncoding = 4; lastKnownFileType = sourcecode.swift; path = EventDetailsViewController.swift; sourceTree = "<group>"; };
		86F8499A1D046AAE007C41B0 /* UIView+Constraints.swift */ = {isa = PBXFileReference; fileEncoding = 4; lastKnownFileType = sourcecode.swift; path = "UIView+Constraints.swift"; sourceTree = "<group>"; };
/* End PBXFileReference section */

/* Begin PBXFrameworksBuildPhase section */
		869DAC6D1D449EFB005AF315 /* Frameworks */ = {
			isa = PBXFrameworksBuildPhase;
			buildActionMask = 2147483647;
			files = (
			);
			runOnlyForDeploymentPostprocessing = 0;
		};
		86CAD4961BACC9B1009C9CFD /* Frameworks */ = {
			isa = PBXFrameworksBuildPhase;
			buildActionMask = 2147483647;
			files = (
				86DE0FEB1BB88646004E20B5 /* libz.tbd in Frameworks */,
				86DE0FE91BB8863D004E20B5 /* Security.framework in Frameworks */,
				86DE0FE71BB885E8004E20B5 /* libicucore.tbd in Frameworks */,
			);
			runOnlyForDeploymentPostprocessing = 0;
		};
/* End PBXFrameworksBuildPhase section */

/* Begin PBXGroup section */
		869DAC711D449EFB005AF315 /* WhatsOnTests */ = {
			isa = PBXGroup;
			children = (
				869DAC721D449EFB005AF315 /* WhatsOnTests.swift */,
				869DAC741D449EFB005AF315 /* Info.plist */,
			);
			path = WhatsOnTests;
			sourceTree = "<group>";
		};
		86CAD4901BACC9B1009C9CFD = {
			isa = PBXGroup;
			children = (
				86F849961D046418007C41B0 /* libjre_emul.a */,
				8614BABD1C825B7A00A3E570 /* NSDate+Time.swift */,
				86F467F81C8AFFA500147F2E /* WhatsOnPresenter.swift */,
				86C19EBE1BBF28E600BBCDF6 /* WhatsOnViewController.swift */,
				86DE0FEA1BB88646004E20B5 /* libz.tbd */,
				86DE0FE81BB8863D004E20B5 /* Security.framework */,
				86DE0FE61BB885E8004E20B5 /* libicucore.tbd */,
				86CAD49B1BACC9B1009C9CFD /* whatson */,
				869DAC711D449EFB005AF315 /* WhatsOnTests */,
				86CAD49A1BACC9B1009C9CFD /* Products */,
				86C19EB91BBF287500BBCDF6 /* whatson-Bridging-Header.h */,
			);
			sourceTree = "<group>";
		};
		86CAD49A1BACC9B1009C9CFD /* Products */ = {
			isa = PBXGroup;
			children = (
				86CAD4991BACC9B1009C9CFD /* What's On.app */,
				869DAC701D449EFB005AF315 /* WhatsOnTests.xctest */,
			);
			name = Products;
			sourceTree = "<group>";
		};
		86CAD49B1BACC9B1009C9CFD /* whatson */ = {
			isa = PBXGroup;
			children = (
				86E09AB31BB6A75700D5A809 /* core */,
				86CAD4A51BACC9B1009C9CFD /* Main.storyboard */,
				86CAD4A81BACC9B1009C9CFD /* Assets.xcassets */,
				86CAD4AA1BACC9B1009C9CFD /* LaunchScreen.storyboard */,
				86CAD4AD1BACC9B1009C9CFD /* Info.plist */,
				86CAD49C1BACC9B1009C9CFD /* Supporting Files */,
				86CAD4ED1BADF68F009C9CFD /* SCITimeRepository.h */,
				86CAD4EE1BADF68F009C9CFD /* SCITimeRepository.m */,
				86CAD4F31BAF3B43009C9CFD /* SCIEventStoreRepository.h */,
				86CAD4F41BAF3B43009C9CFD /* SCIEventStoreRepository.m */,
				8618A51E1BDA92F900A4845E /* CalendarSourceViewCell.swift */,
				864561C21C02709800ADDE44 /* NSDateCalculator.swift */,
				86A9C2CA1C444468009281A0 /* WhatsOnAppDelegate.swift */,
				8626FCDF1C63FBF800640079 /* CalendarCell.xib */,
				86D751121C7128EB00C0A607 /* RoundedRectBorderView.swift */,
				86D751141C71316D00C0A607 /* UIColor+WhatsOn.swift */,
				86F849981D046A3E007C41B0 /* EventDetailsViewController.swift */,
				86F8499A1D046AAE007C41B0 /* UIView+Constraints.swift */,
				8693FD101D16F456003FA6D7 /* EventDetailsViewController.xib */,
			);
			path = whatson;
			sourceTree = "<group>";
		};
		86CAD49C1BACC9B1009C9CFD /* Supporting Files */ = {
			isa = PBXGroup;
			children = (
				86CAD49D1BACC9B1009C9CFD /* main.m */,
			);
			name = "Supporting Files";
			sourceTree = "<group>";
		};
		86E09AB31BB6A75700D5A809 /* core */ = {
			isa = PBXGroup;
			children = (
				86F8496C1D046277007C41B0 /* CalendarItem.h */,
				86F8496D1D046277007C41B0 /* CalendarItem.m */,
				86F8496E1D046277007C41B0 /* CalendarSlot.h */,
				86F8496F1D046277007C41B0 /* CalendarSlot.m */,
				86F849701D046277007C41B0 /* CalendarSource.h */,
				86F849711D046277007C41B0 /* CalendarSource.m */,
				86F849721D046277007C41B0 /* ContainerHelpers.h */,
				86F849731D046277007C41B0 /* ContainerHelpers.m */,
				86F849741D046277007C41B0 /* EmptyCalendarItem.h */,
				86F849751D046277007C41B0 /* EmptyCalendarItem.m */,
				86F849761D046277007C41B0 /* EventCalendarItem.h */,
				86F849771D046277007C41B0 /* EventCalendarItem.m */,
				86F849781D046277007C41B0 /* EventRepositoryAccessor.h */,
				86F849791D046277007C41B0 /* EventRepositoryAccessor.m */,
				86F8497A1D046277007C41B0 /* EventsRepository.h */,
				86F8497B1D046277007C41B0 /* EventsRepository.m */,
				86F8497C1D046277007C41B0 /* EventsService.h */,
				86F8497D1D046277007C41B0 /* EventsService.m */,
				86F8497E1D046277007C41B0 /* SparseArray.h */,
				86F8497F1D046277007C41B0 /* SparseArray.m */,
				86F849801D046277007C41B0 /* SCTime.h */,
				86F849811D046277007C41B0 /* SCTime.m */,
				86F849821D046277007C41B0 /* TimeCalculator.h */,
				86F849831D046277007C41B0 /* TimeCalculator.m */,
				86F849841D046277007C41B0 /* TimeOfDay.h */,
				86F849851D046277007C41B0 /* TimeOfDay.m */,
				86F849861D046277007C41B0 /* TimeRepository.h */,
				86F849871D046277007C41B0 /* TimeRepository.m */,
			);
			name = core;
			sourceTree = "<group>";
		};
/* End PBXGroup section */

/* Begin PBXNativeTarget section */
		869DAC6F1D449EFB005AF315 /* WhatsOnTests */ = {
			isa = PBXNativeTarget;
			buildConfigurationList = 869DAC791D449EFB005AF315 /* Build configuration list for PBXNativeTarget "WhatsOnTests" */;
			buildPhases = (
				869DAC6C1D449EFB005AF315 /* Sources */,
				869DAC6D1D449EFB005AF315 /* Frameworks */,
				869DAC6E1D449EFB005AF315 /* Resources */,
			);
			buildRules = (
			);
			dependencies = (
				869DAC761D449EFB005AF315 /* PBXTargetDependency */,
			);
			name = WhatsOnTests;
			productName = WhatsOnTests;
			productReference = 869DAC701D449EFB005AF315 /* WhatsOnTests.xctest */;
			productType = "com.apple.product-type.bundle.unit-test";
		};
		86CAD4981BACC9B1009C9CFD /* whatson */ = {
			isa = PBXNativeTarget;
			buildConfigurationList = 86CAD4B01BACC9B1009C9CFD /* Build configuration list for PBXNativeTarget "whatson" */;
			buildPhases = (
				86CAD4951BACC9B1009C9CFD /* Sources */,
				86CAD4961BACC9B1009C9CFD /* Frameworks */,
				86CAD4971BACC9B1009C9CFD /* Resources */,
			);
			buildRules = (
			);
			dependencies = (
			);
			name = whatson;
			productName = whatson;
			productReference = 86CAD4991BACC9B1009C9CFD /* What's On.app */;
			productType = "com.apple.product-type.application";
		};
/* End PBXNativeTarget section */

/* Begin PBXProject section */
		86CAD4911BACC9B1009C9CFD /* Project object */ = {
			isa = PBXProject;
			attributes = {
				LastSwiftUpdateCheck = 0800;
				LastUpgradeCheck = 0800;
				ORGANIZATIONNAME = "Alex Curran";
				TargetAttributes = {
					869DAC6F1D449EFB005AF315 = {
						CreatedOnToolsVersion = 8.0;
						DevelopmentTeam = 3H3SBN3AYY;
						DevelopmentTeamName = "Alexander Curran";
						ProvisioningStyle = Automatic;
						TestTargetID = 86CAD4981BACC9B1009C9CFD;
					};
					86CAD4981BACC9B1009C9CFD = {
						CreatedOnToolsVersion = 7.0;
						DevelopmentTeam = 3H3SBN3AYY;
						DevelopmentTeamName = "Alexander Curran";
						LastSwiftMigration = 0800;
						ProvisioningStyle = Automatic;
					};
				};
			};
			buildConfigurationList = 86CAD4941BACC9B1009C9CFD /* Build configuration list for PBXProject "whatson" */;
			compatibilityVersion = "Xcode 3.2";
			developmentRegion = English;
			hasScannedForEncodings = 0;
			knownRegions = (
				en,
				Base,
			);
			mainGroup = 86CAD4901BACC9B1009C9CFD;
			productRefGroup = 86CAD49A1BACC9B1009C9CFD /* Products */;
			projectDirPath = "";
			projectRoot = "";
			targets = (
				86CAD4981BACC9B1009C9CFD /* whatson */,
				869DAC6F1D449EFB005AF315 /* WhatsOnTests */,
			);
		};
/* End PBXProject section */

/* Begin PBXResourcesBuildPhase section */
		869DAC6E1D449EFB005AF315 /* Resources */ = {
			isa = PBXResourcesBuildPhase;
			buildActionMask = 2147483647;
			files = (
			);
			runOnlyForDeploymentPostprocessing = 0;
		};
		86CAD4971BACC9B1009C9CFD /* Resources */ = {
			isa = PBXResourcesBuildPhase;
			buildActionMask = 2147483647;
			files = (
				86CAD4AC1BACC9B1009C9CFD /* LaunchScreen.storyboard in Resources */,
				86CAD4A91BACC9B1009C9CFD /* Assets.xcassets in Resources */,
				86CAD4A71BACC9B1009C9CFD /* Main.storyboard in Resources */,
				8693FD111D16F456003FA6D7 /* EventDetailsViewController.xib in Resources */,
				8626FCE01C63FBF800640079 /* CalendarCell.xib in Resources */,
			);
			runOnlyForDeploymentPostprocessing = 0;
		};
/* End PBXResourcesBuildPhase section */

/* Begin PBXSourcesBuildPhase section */
		869DAC6C1D449EFB005AF315 /* Sources */ = {
			isa = PBXSourcesBuildPhase;
			buildActionMask = 2147483647;
			files = (
				869DAC731D449EFB005AF315 /* WhatsOnTests.swift in Sources */,
			);
			runOnlyForDeploymentPostprocessing = 0;
		};
		86CAD4951BACC9B1009C9CFD /* Sources */ = {
			isa = PBXSourcesBuildPhase;
			buildActionMask = 2147483647;
			files = (
				86CAD4F51BAF3B43009C9CFD /* SCIEventStoreRepository.m in Sources */,
				86C19EBF1BBF28E600BBCDF6 /* WhatsOnViewController.swift in Sources */,
				86F849991D046A3E007C41B0 /* EventDetailsViewController.swift in Sources */,
				86F849931D046277007C41B0 /* TimeCalculator.m in Sources */,
				8614BABE1C825B7A00A3E570 /* NSDate+Time.swift in Sources */,
				86D751131C7128EB00C0A607 /* RoundedRectBorderView.swift in Sources */,
				86F8498A1D046277007C41B0 /* CalendarSource.m in Sources */,
				86F8498B1D046277007C41B0 /* ContainerHelpers.m in Sources */,
				86F8498F1D046277007C41B0 /* EventsRepository.m in Sources */,
				86F8498C1D046277007C41B0 /* EmptyCalendarItem.m in Sources */,
				86F849921D046277007C41B0 /* SCTime.m in Sources */,
				86F849951D046277007C41B0 /* TimeRepository.m in Sources */,
				86F8499B1D046AAE007C41B0 /* UIView+Constraints.swift in Sources */,
				86F849911D046277007C41B0 /* SparseArray.m in Sources */,
				86F467F91C8AFFA500147F2E /* WhatsOnPresenter.swift in Sources */,
				86D751151C71316D00C0A607 /* UIColor+WhatsOn.swift in Sources */,
				86A9C2CB1C444468009281A0 /* WhatsOnAppDelegate.swift in Sources */,
				8618A51F1BDA92F900A4845E /* CalendarSourceViewCell.swift in Sources */,
				86F849901D046277007C41B0 /* EventsService.m in Sources */,
				86F849941D046277007C41B0 /* TimeOfDay.m in Sources */,
				86F8498D1D046277007C41B0 /* EventCalendarItem.m in Sources */,
				86F849891D046277007C41B0 /* CalendarSlot.m in Sources */,
				86F8498E1D046277007C41B0 /* EventRepositoryAccessor.m in Sources */,
				864561C31C02709800ADDE44 /* NSDateCalculator.swift in Sources */,
				86CAD49E1BACC9B1009C9CFD /* main.m in Sources */,
				86F849881D046277007C41B0 /* CalendarItem.m in Sources */,
				86CAD4EF1BADF68F009C9CFD /* SCITimeRepository.m in Sources */,
			);
			runOnlyForDeploymentPostprocessing = 0;
		};
/* End PBXSourcesBuildPhase section */

/* Begin PBXTargetDependency section */
		869DAC761D449EFB005AF315 /* PBXTargetDependency */ = {
			isa = PBXTargetDependency;
			target = 86CAD4981BACC9B1009C9CFD /* whatson */;
			targetProxy = 869DAC751D449EFB005AF315 /* PBXContainerItemProxy */;
		};
/* End PBXTargetDependency section */

/* Begin PBXVariantGroup section */
		86CAD4A51BACC9B1009C9CFD /* Main.storyboard */ = {
			isa = PBXVariantGroup;
			children = (
				86CAD4A61BACC9B1009C9CFD /* Base */,
			);
			name = Main.storyboard;
			sourceTree = "<group>";
		};
		86CAD4AA1BACC9B1009C9CFD /* LaunchScreen.storyboard */ = {
			isa = PBXVariantGroup;
			children = (
				86CAD4AB1BACC9B1009C9CFD /* Base */,
			);
			name = LaunchScreen.storyboard;
			sourceTree = "<group>";
		};
/* End PBXVariantGroup section */

/* Begin XCBuildConfiguration section */
		869DAC771D449EFB005AF315 /* Debug */ = {
			isa = XCBuildConfiguration;
			buildSettings = {
				BUNDLE_LOADER = "$(TEST_HOST)";
				CLANG_ANALYZER_NONNULL = YES;
				CLANG_WARN_DOCUMENTATION_COMMENTS = YES;
				HEADER_SEARCH_PATHS = (
					"~/Projects/j2objc/include",
					./uk/co/amlcurran/social,
				);
				INFOPLIST_FILE = WhatsOnTests/Info.plist;
				IPHONEOS_DEPLOYMENT_TARGET = 10.0;
				LD_RUNPATH_SEARCH_PATHS = "$(inherited) @executable_path/Frameworks @loader_path/Frameworks";
				PRODUCT_BUNDLE_IDENTIFIER = uk.co.amlcurran.WhatsOnTests;
				PRODUCT_NAME = "$(TARGET_NAME)";
				SWIFT_ACTIVE_COMPILATION_CONDITIONS = DEBUG;
				SWIFT_OPTIMIZATION_LEVEL = "-Onone";
				SWIFT_VERSION = 3.0;
				TEST_HOST = "$(BUILT_PRODUCTS_DIR)/What's On.app/What's On";
			};
			name = Debug;
		};
		869DAC781D449EFB005AF315 /* Release */ = {
			isa = XCBuildConfiguration;
			buildSettings = {
				BUNDLE_LOADER = "$(TEST_HOST)";
				CLANG_ANALYZER_NONNULL = YES;
				CLANG_WARN_DOCUMENTATION_COMMENTS = YES;
				HEADER_SEARCH_PATHS = (
					"~/Projects/j2objc/include",
					./uk/co/amlcurran/social,
				);
				INFOPLIST_FILE = WhatsOnTests/Info.plist;
				IPHONEOS_DEPLOYMENT_TARGET = 10.0;
				LD_RUNPATH_SEARCH_PATHS = "$(inherited) @executable_path/Frameworks @loader_path/Frameworks";
				PRODUCT_BUNDLE_IDENTIFIER = uk.co.amlcurran.WhatsOnTests;
				PRODUCT_NAME = "$(TARGET_NAME)";
				SWIFT_OPTIMIZATION_LEVEL = "-Owholemodule";
				SWIFT_VERSION = 3.0;
				TEST_HOST = "$(BUILT_PRODUCTS_DIR)/What's On.app/What's On";
			};
			name = Release;
		};
		86CAD4AE1BACC9B1009C9CFD /* Debug */ = {
			isa = XCBuildConfiguration;
			buildSettings = {
				ALWAYS_SEARCH_USER_PATHS = NO;
				CLANG_CXX_LANGUAGE_STANDARD = "gnu++0x";
				CLANG_CXX_LIBRARY = "libc++";
				CLANG_ENABLE_MODULES = YES;
				CLANG_ENABLE_OBJC_ARC = YES;
				CLANG_WARN_BOOL_CONVERSION = YES;
				CLANG_WARN_CONSTANT_CONVERSION = YES;
				CLANG_WARN_DIRECT_OBJC_ISA_USAGE = YES_ERROR;
				CLANG_WARN_EMPTY_BODY = YES;
				CLANG_WARN_ENUM_CONVERSION = YES;
				CLANG_WARN_INT_CONVERSION = YES;
				CLANG_WARN_OBJC_ROOT_CLASS = YES_ERROR;
				CLANG_WARN_UNREACHABLE_CODE = YES;
				CLANG_WARN__DUPLICATE_METHOD_MATCH = YES;
				"CODE_SIGN_IDENTITY[sdk=iphoneos*]" = "iPhone Developer";
				COPY_PHASE_STRIP = NO;
				DEBUG_INFORMATION_FORMAT = dwarf;
				ENABLE_STRICT_OBJC_MSGSEND = YES;
				ENABLE_TESTABILITY = YES;
				GCC_C_LANGUAGE_STANDARD = gnu99;
				GCC_DYNAMIC_NO_PIC = NO;
				GCC_NO_COMMON_BLOCKS = YES;
				GCC_OPTIMIZATION_LEVEL = 0;
				GCC_PREPROCESSOR_DEFINITIONS = (
					"DEBUG=1",
					"$(inherited)",
				);
				GCC_WARN_64_TO_32_BIT_CONVERSION = YES;
				GCC_WARN_ABOUT_RETURN_TYPE = YES_ERROR;
				GCC_WARN_UNDECLARED_SELECTOR = YES;
				GCC_WARN_UNINITIALIZED_AUTOS = YES_AGGRESSIVE;
				GCC_WARN_UNUSED_FUNCTION = YES;
				GCC_WARN_UNUSED_VARIABLE = YES;
				IPHONEOS_DEPLOYMENT_TARGET = 9.0;
				MTL_ENABLE_DEBUG_INFO = YES;
				ONLY_ACTIVE_ARCH = YES;
				SDKROOT = iphoneos;
				TARGETED_DEVICE_FAMILY = "1,2";
			};
			name = Debug;
		};
		86CAD4AF1BACC9B1009C9CFD /* Release */ = {
			isa = XCBuildConfiguration;
			buildSettings = {
				ALWAYS_SEARCH_USER_PATHS = NO;
				CLANG_CXX_LANGUAGE_STANDARD = "gnu++0x";
				CLANG_CXX_LIBRARY = "libc++";
				CLANG_ENABLE_MODULES = YES;
				CLANG_ENABLE_OBJC_ARC = YES;
				CLANG_WARN_BOOL_CONVERSION = YES;
				CLANG_WARN_CONSTANT_CONVERSION = YES;
				CLANG_WARN_DIRECT_OBJC_ISA_USAGE = YES_ERROR;
				CLANG_WARN_EMPTY_BODY = YES;
				CLANG_WARN_ENUM_CONVERSION = YES;
				CLANG_WARN_INT_CONVERSION = YES;
				CLANG_WARN_OBJC_ROOT_CLASS = YES_ERROR;
				CLANG_WARN_UNREACHABLE_CODE = YES;
				CLANG_WARN__DUPLICATE_METHOD_MATCH = YES;
				"CODE_SIGN_IDENTITY[sdk=iphoneos*]" = "iPhone Developer";
				COPY_PHASE_STRIP = NO;
				DEBUG_INFORMATION_FORMAT = "dwarf-with-dsym";
				ENABLE_NS_ASSERTIONS = NO;
				ENABLE_STRICT_OBJC_MSGSEND = YES;
				GCC_C_LANGUAGE_STANDARD = gnu99;
				GCC_NO_COMMON_BLOCKS = YES;
				GCC_WARN_64_TO_32_BIT_CONVERSION = YES;
				GCC_WARN_ABOUT_RETURN_TYPE = YES_ERROR;
				GCC_WARN_UNDECLARED_SELECTOR = YES;
				GCC_WARN_UNINITIALIZED_AUTOS = YES_AGGRESSIVE;
				GCC_WARN_UNUSED_FUNCTION = YES;
				GCC_WARN_UNUSED_VARIABLE = YES;
				IPHONEOS_DEPLOYMENT_TARGET = 9.0;
				MTL_ENABLE_DEBUG_INFO = NO;
				SDKROOT = iphoneos;
				TARGETED_DEVICE_FAMILY = "1,2";
				VALIDATE_PRODUCT = YES;
			};
			name = Release;
		};
		86CAD4B11BACC9B1009C9CFD /* Debug */ = {
			isa = XCBuildConfiguration;
			buildSettings = {
				ASSETCATALOG_COMPILER_APPICON_NAME = AppIcon;
				CLANG_ENABLE_MODULES = YES;
				CODE_SIGN_IDENTITY = "iPhone Developer";
				"CODE_SIGN_IDENTITY[sdk=iphoneos*]" = "iPhone Developer";
				DEFINES_MODULE = YES;
				ENABLE_BITCODE = NO;
				HEADER_SEARCH_PATHS = (
					"~/Projects/j2objc/include",
					"./uk/co/amlcurran/social/**",
				);
				INFOPLIST_FILE = whatson/Info.plist;
				IPHONEOS_DEPLOYMENT_TARGET = 9.0;
				LD_RUNPATH_SEARCH_PATHS = "$(inherited) @executable_path/Frameworks";
				LIBRARY_SEARCH_PATHS = (
					"$(inherited)",
					"$(PROJECT_DIR)/whatson",
					/Users/amlcurran/Projects/j2objc/lib,
				);
				OTHER_LDFLAGS = (
					"-l",
					jre_emul,
				);
				PRODUCT_BUNDLE_IDENTIFIER = uk.co.amlcurran.whatson;
				PRODUCT_NAME = "What's On";
				PROVISIONING_PROFILE = "";
				SWIFT_OBJC_BRIDGING_HEADER = "whatson-Bridging-Header.h";
				SWIFT_OPTIMIZATION_LEVEL = "-Onone";
				SWIFT_VERSION = 3.0;
			};
			name = Debug;
		};
		86CAD4B21BACC9B1009C9CFD /* Release */ = {
			isa = XCBuildConfiguration;
			buildSettings = {
				ASSETCATALOG_COMPILER_APPICON_NAME = AppIcon;
				CLANG_ENABLE_MODULES = YES;
				CODE_SIGN_IDENTITY = "iPhone Developer";
				"CODE_SIGN_IDENTITY[sdk=iphoneos*]" = "iPhone Developer";
				DEFINES_MODULE = YES;
				ENABLE_BITCODE = NO;
				HEADER_SEARCH_PATHS = (
					"~/Projects/j2objc/include",
					"./uk/co/amlcurran/social/**",
				);
				INFOPLIST_FILE = whatson/Info.plist;
				IPHONEOS_DEPLOYMENT_TARGET = 9.0;
				LD_RUNPATH_SEARCH_PATHS = "$(inherited) @executable_path/Frameworks";
				LIBRARY_SEARCH_PATHS = (
					"$(inherited)",
					"$(PROJECT_DIR)/whatson",
					/Users/amlcurran/Projects/j2objc/lib,
				);
				OTHER_LDFLAGS = (
					"-l",
					jre_emul,
				);
				PRODUCT_BUNDLE_IDENTIFIER = uk.co.amlcurran.whatson;
				PRODUCT_NAME = "What's On";
				PROVISIONING_PROFILE = "";
				SWIFT_OBJC_BRIDGING_HEADER = "whatson-Bridging-Header.h";
				SWIFT_OPTIMIZATION_LEVEL = "-Owholemodule";
				SWIFT_VERSION = 3.0;
			};
			name = Release;
		};
/* End XCBuildConfiguration section */

/* Begin XCConfigurationList section */
		869DAC791D449EFB005AF315 /* Build configuration list for PBXNativeTarget "WhatsOnTests" */ = {
			isa = XCConfigurationList;
			buildConfigurations = (
				869DAC771D449EFB005AF315 /* Debug */,
				869DAC781D449EFB005AF315 /* Release */,
			);
			defaultConfigurationIsVisible = 0;
		};
		86CAD4941BACC9B1009C9CFD /* Build configuration list for PBXProject "whatson" */ = {
			isa = XCConfigurationList;
			buildConfigurations = (
				86CAD4AE1BACC9B1009C9CFD /* Debug */,
				86CAD4AF1BACC9B1009C9CFD /* Release */,
			);
			defaultConfigurationIsVisible = 0;
			defaultConfigurationName = Release;
		};
		86CAD4B01BACC9B1009C9CFD /* Build configuration list for PBXNativeTarget "whatson" */ = {
			isa = XCConfigurationList;
			buildConfigurations = (
				86CAD4B11BACC9B1009C9CFD /* Debug */,
				86CAD4B21BACC9B1009C9CFD /* Release */,
			);
			defaultConfigurationIsVisible = 0;
			defaultConfigurationName = Release;
		};
/* End XCConfigurationList section */
	};
	rootObject = 86CAD4911BACC9B1009C9CFD /* Project object */;
}
