// !$*UTF8*$!
{
	archiveVersion = 1;
	classes = {
	};
	objectVersion = 46;
	objects = {

/* Begin PBXBuildFile section */
		2DBA13D585CE5E035AE263D4 /* EventResponseView.swift in Sources */ = {isa = PBXBuildFile; fileRef = 2DBA11FDB477210F9D964D34 /* EventResponseView.swift */; };
		2DBA1A1D4FF1A6199AD9D4FA /* BuildConfig.swift in Sources */ = {isa = PBXBuildFile; fileRef = 2DBA1EBA1E19FC38477D7218 /* BuildConfig.swift */; };
		2DBA1FC7FB7A35811ADEDB84 /* EventResponse.swift in Sources */ = {isa = PBXBuildFile; fileRef = 2DBA151F9881A527C9CC0A71 /* EventResponse.swift */; };
		69853044F5C74357E1751736 /* Animator.swift in Sources */ = {isa = PBXBuildFile; fileRef = 6985300D9DA8F970ED4D589E /* Animator.swift */; };
		698531761CD39981ABD5B75B /* Completion.swift in Sources */ = {isa = PBXBuildFile; fileRef = 69853BE8F4A525FC03DF7E20 /* Completion.swift */; };
		698533858A420599E0C749F0 /* DayCell.swift in Sources */ = {isa = PBXBuildFile; fileRef = 698530C0F754D12F1E38397C /* DayCell.swift */; };
		6985339AD6136F4F0794DD59 /* EKEventKit+Convenience.swift in Sources */ = {isa = PBXBuildFile; fileRef = 69853687E86C131BBEA80025 /* EKEventKit+Convenience.swift */; };
		698533DEAF59954635D7E3CD /* Line.swift in Sources */ = {isa = PBXBuildFile; fileRef = 6985328C217A9C753C09CFDE /* Line.swift */; };
		698534B8D95E1BCE5206D939 /* BasicAnimator.swift in Sources */ = {isa = PBXBuildFile; fileRef = 69853B71158DE94568DDC9FB /* BasicAnimator.swift */; };
		698538F49DD3046F71BE4E01 /* AllowsGestureRecognizer.swift in Sources */ = {isa = PBXBuildFile; fileRef = 69853BC8BAF5893B6913918C /* AllowsGestureRecognizer.swift */; };
		698539E35BDB526A55FA73A4 /* PropertyAnimator.swift in Sources */ = {isa = PBXBuildFile; fileRef = 69853939FC3A0F98F4792C0F /* PropertyAnimator.swift */; };
		69853B3AC06B29C271651CF0 /* UIDatePicker+Hours.swift in Sources */ = {isa = PBXBuildFile; fileRef = 6985397DE155D32104662FA2 /* UIDatePicker+Hours.swift */; };
		69853EB6AEFC9EE982D28388 /* TimeLabel.swift in Sources */ = {isa = PBXBuildFile; fileRef = 69853F60E5391F881F006F7B /* TimeLabel.swift */; };
		69853EDF767415596862180F /* Analytics.swift in Sources */ = {isa = PBXBuildFile; fileRef = 6985358E9835009A7EA756E9 /* Analytics.swift */; };
		8600B99D1F09383D008578E5 /* LoadingView.swift in Sources */ = {isa = PBXBuildFile; fileRef = 8600B99C1F09383D008578E5 /* LoadingView.swift */; };
		8600B9A11F0946F9008578E5 /* UIView+Animations.swift in Sources */ = {isa = PBXBuildFile; fileRef = 8600B9A01F0946F9008578E5 /* UIView+Animations.swift */; };
		86075C331E3E228C005AF423 /* Localizable.strings in Resources */ = {isa = PBXBuildFile; fileRef = 86075C321E3E228C005AF423 /* Localizable.strings */; };
		8607847A1DAD7E6100AAE856 /* LabelStyle.swift in Sources */ = {isa = PBXBuildFile; fileRef = 860784791DAD7E6100AAE856 /* LabelStyle.swift */; };
		860BD732270A4BD5000D46F7 /* Intents.intentdefinition in Sources */ = {isa = PBXBuildFile; fileRef = 860BD731270A4BD5000D46F7 /* Intents.intentdefinition */; };
		861BD0E01D9FC4290032FBAB /* Optional+Fluency.swift in Sources */ = {isa = PBXBuildFile; fileRef = 861BD0DF1D9FC4290032FBAB /* Optional+Fluency.swift */; };
		8620886F22BFEDF000268B3D /* Localizable.stringsdict in Resources */ = {isa = PBXBuildFile; fileRef = 8620886E22BFEDF000268B3D /* Localizable.stringsdict */; };
		8626886E1EEC94DE00D8FB79 /* UIApplicationShortcuts.swift in Sources */ = {isa = PBXBuildFile; fileRef = 8626886D1EEC94DE00D8FB79 /* UIApplicationShortcuts.swift */; };
		862D54752713758800B66FA5 /* DefaultCalendarPicker.swift in Sources */ = {isa = PBXBuildFile; fileRef = 862D54742713758800B66FA5 /* DefaultCalendarPicker.swift */; };
		862D5477271381C800B66FA5 /* ShownCalendarPicker.swift in Sources */ = {isa = PBXBuildFile; fileRef = 862D5476271381C800B66FA5 /* ShownCalendarPicker.swift */; };
		862D5479271787D000B66FA5 /* BoundaryPickerView2.swift in Sources */ = {isa = PBXBuildFile; fileRef = 862D5478271787D000B66FA5 /* BoundaryPickerView2.swift */; };
		862F0BAE26EFE8A200BE5350 /* NewEventView.swift in Sources */ = {isa = PBXBuildFile; fileRef = 862F0BAD26EFE8A200BE5350 /* NewEventView.swift */; };
		862F235A26FD2E68000A8BFD /* Intents.framework in Frameworks */ = {isa = PBXBuildFile; fileRef = 862F234826FD2DCF000A8BFD /* Intents.framework */; };
		862F235D26FD2E68000A8BFD /* IntentHandler.swift in Sources */ = {isa = PBXBuildFile; fileRef = 862F235C26FD2E68000A8BFD /* IntentHandler.swift */; };
		862F236626FD2EAA000A8BFD /* Core.framework in Frameworks */ = {isa = PBXBuildFile; fileRef = 86755DC522C7BC2000E91DF4 /* Core.framework */; };
		862F236D26FD3591000A8BFD /* CheckCalendarHandler.swift in Sources */ = {isa = PBXBuildFile; fileRef = 862F236C26FD3591000A8BFD /* CheckCalendarHandler.swift */; };
		86317A091EC258ED0009EE8A /* EventPredicateTests.swift in Sources */ = {isa = PBXBuildFile; fileRef = 86317A081EC258ED0009EE8A /* EventPredicateTests.swift */; };
		8658A2301F375DF800BF219C /* TableSection.swift in Sources */ = {isa = PBXBuildFile; fileRef = 8658A22F1F375DF800BF219C /* TableSection.swift */; };
		8658A2321F375E3A00BF219C /* TableItem.swift in Sources */ = {isa = PBXBuildFile; fileRef = 8658A2311F375E3A00BF219C /* TableItem.swift */; };
		8658A2341F375E6100BF219C /* TitleTableItem.swift in Sources */ = {isa = PBXBuildFile; fileRef = 8658A2331F375E6100BF219C /* TitleTableItem.swift */; };
		8658A2361F375EA500BF219C /* SwitchTableItem.swift in Sources */ = {isa = PBXBuildFile; fileRef = 8658A2351F375EA500BF219C /* SwitchTableItem.swift */; };
		8658A2381F375ED500BF219C /* CustomViewTableItem.swift in Sources */ = {isa = PBXBuildFile; fileRef = 8658A2371F375ED500BF219C /* CustomViewTableItem.swift */; };
		8658A23C1F37685400BF219C /* CheckableTableItem.swift in Sources */ = {isa = PBXBuildFile; fileRef = 8658A23B1F37685400BF219C /* CheckableTableItem.swift */; };
		865C7B011EE4B00D0047D8E0 /* BoundaryPickerView.swift in Sources */ = {isa = PBXBuildFile; fileRef = 865C7B001EE4B00D0047D8E0 /* BoundaryPickerView.swift */; };
		865C7B031EE56AE80047D8E0 /* BuildableTableSource.swift in Sources */ = {isa = PBXBuildFile; fileRef = 865C7B021EE56AE80047D8E0 /* BuildableTableSource.swift */; };
		865C7B051EE574100047D8E0 /* OptionsViewController.swift in Sources */ = {isa = PBXBuildFile; fileRef = 865C7B041EE574100047D8E0 /* OptionsViewController.swift */; };
		866560AB1FB88713000ED8A2 /* CalendarPickerViewController.swift in Sources */ = {isa = PBXBuildFile; fileRef = 866560AA1FB88713000ED8A2 /* CalendarPickerViewController.swift */; };
		866D2E771EEA045E008D76D5 /* GradientView.swift in Sources */ = {isa = PBXBuildFile; fileRef = 866D2E761EEA045E008D76D5 /* GradientView.swift */; };
		86755DCE22C7BC2100E91DF4 /* Core.framework in Frameworks */ = {isa = PBXBuildFile; fileRef = 86755DC522C7BC2000E91DF4 /* Core.framework */; };
		86755DD522C7BC2100E91DF4 /* CoreTests.swift in Sources */ = {isa = PBXBuildFile; fileRef = 86755DD422C7BC2100E91DF4 /* CoreTests.swift */; };
		86755DD722C7BC2100E91DF4 /* Core.h in Headers */ = {isa = PBXBuildFile; fileRef = 86755DC722C7BC2000E91DF4 /* Core.h */; settings = {ATTRIBUTES = (Public, ); }; };
		86755DDA22C7BC2100E91DF4 /* Core.framework in Frameworks */ = {isa = PBXBuildFile; fileRef = 86755DC522C7BC2000E91DF4 /* Core.framework */; };
		86755DDB22C7BC2100E91DF4 /* Core.framework in Embed Frameworks */ = {isa = PBXBuildFile; fileRef = 86755DC522C7BC2000E91DF4 /* Core.framework */; settings = {ATTRIBUTES = (CodeSignOnCopy, RemoveHeadersOnCopy, ); }; };
		86755DE422C7BC5100E91DF4 /* CalendarItem.swift in Sources */ = {isa = PBXBuildFile; fileRef = 86755DE322C7BC5100E91DF4 /* CalendarItem.swift */; };
		86755DE822C7BD0D00E91DF4 /* TimeOfDay.swift in Sources */ = {isa = PBXBuildFile; fileRef = 86755DE722C7BD0D00E91DF4 /* TimeOfDay.swift */; };
		86755DEA22C7BD8D00E91DF4 /* BorderTimeRepository.swift in Sources */ = {isa = PBXBuildFile; fileRef = 86755DE922C7BD8D00E91DF4 /* BorderTimeRepository.swift */; };
		86755DEC22C7BDB500E91DF4 /* TimeCalculator.swift in Sources */ = {isa = PBXBuildFile; fileRef = 86755DEB22C7BDB500E91DF4 /* TimeCalculator.swift */; };
		86755DEE22C7BDF100E91DF4 /* CalendarSlot.swift in Sources */ = {isa = PBXBuildFile; fileRef = 86755DED22C7BDF100E91DF4 /* CalendarSlot.swift */; };
		867C4A1426D812A800B718DD /* DayViews.swift in Sources */ = {isa = PBXBuildFile; fileRef = 867C4A1126D811D800B718DD /* DayViews.swift */; };
		868119DE2306D66E0035553B /* UserDefaultsTimeStore.swift in Sources */ = {isa = PBXBuildFile; fileRef = 698538EBD0B5796034B50A5C /* UserDefaultsTimeStore.swift */; };
		868119DF2306D67E0035553B /* NSDateCalculator.swift in Sources */ = {isa = PBXBuildFile; fileRef = 864561C21C02709800ADDE44 /* NSDateCalculator.swift */; };
		868119E02306D71A0035553B /* EventKitEventRepository.swift in Sources */ = {isa = PBXBuildFile; fileRef = 8650D7CF1D9FA8F5002D5930 /* EventKitEventRepository.swift */; };
		868119E12306D7390035553B /* EventPredicates.swift in Sources */ = {isa = PBXBuildFile; fileRef = 869DAC7C1D44D15C005AF315 /* EventPredicates.swift */; };
		868119E22306D7490035553B /* Date+SCTimeOfDay.swift in Sources */ = {isa = PBXBuildFile; fileRef = 698539EC9C2B0360E301F15F /* Date+SCTimeOfDay.swift */; };
		868119E32306D76A0035553B /* CalendarPreferenceStore.swift in Sources */ = {isa = PBXBuildFile; fileRef = 869475691F376DE900925C2A /* CalendarPreferenceStore.swift */; };
		868119E42306D77C0035553B /* CalendarsLoader.swift in Sources */ = {isa = PBXBuildFile; fileRef = 8658A2391F37605000BF219C /* CalendarsLoader.swift */; };
		868119E52306D7930035553B /* EKEventStore+Singleton.swift in Sources */ = {isa = PBXBuildFile; fileRef = 86A9E4581DA8076400E8D019 /* EKEventStore+Singleton.swift */; };
		8687F8BA2700B19C00220163 /* DemoRepository.swift in Sources */ = {isa = PBXBuildFile; fileRef = 8687F8B82700AE4F00220163 /* DemoRepository.swift */; };
		868A16BF26D257BF0090D6E4 /* WidgetKit.framework in Frameworks */ = {isa = PBXBuildFile; fileRef = 86BE23DD24AFBA4200B0B72F /* WidgetKit.framework */; };
		868A16C026D257BF0090D6E4 /* SwiftUI.framework in Frameworks */ = {isa = PBXBuildFile; fileRef = 86BE23DF24AFBA4200B0B72F /* SwiftUI.framework */; };
		868A16C326D257BF0090D6E4 /* Widget3.swift in Sources */ = {isa = PBXBuildFile; fileRef = 868A16C226D257BF0090D6E4 /* Widget3.swift */; };
		868A16C626D257C30090D6E4 /* Assets.xcassets in Resources */ = {isa = PBXBuildFile; fileRef = 868A16C526D257C30090D6E4 /* Assets.xcassets */; };
		868A16C826D257C30090D6E4 /* Widget3.intentdefinition in Sources */ = {isa = PBXBuildFile; fileRef = 868A16C426D257BF0090D6E4 /* Widget3.intentdefinition */; };
		868A16C926D257C30090D6E4 /* Widget3.intentdefinition in Sources */ = {isa = PBXBuildFile; fileRef = 868A16C426D257BF0090D6E4 /* Widget3.intentdefinition */; };
		868A16CC26D257C30090D6E4 /* Widget3Extension.appex in Embed App Extensions */ = {isa = PBXBuildFile; fileRef = 868A16BE26D257BF0090D6E4 /* Widget3Extension.appex */; settings = {ATTRIBUTES = (RemoveHeadersOnCopy, ); }; };
		8694756C1F37726D00925C2A /* CalendarPresenter.swift in Sources */ = {isa = PBXBuildFile; fileRef = 8694756B1F37726D00925C2A /* CalendarPresenter.swift */; };
		8694756E1F37742C00925C2A /* DatePickerPresenter.swift in Sources */ = {isa = PBXBuildFile; fileRef = 8694756D1F37742C00925C2A /* DatePickerPresenter.swift */; };
		8695D0281DA023670034D52A /* HeaderView.swift in Sources */ = {isa = PBXBuildFile; fileRef = 8695D0271DA023670034D52A /* HeaderView.swift */; };
		8695D0301DA185DB0034D52A /* SlotCellStyle.swift in Sources */ = {isa = PBXBuildFile; fileRef = 8695D02F1DA185DB0034D52A /* SlotCellStyle.swift */; };
		8695D0331DA1A2A20034D52A /* SlotDetail.swift in Sources */ = {isa = PBXBuildFile; fileRef = 8695D0321DA1A2A20034D52A /* SlotDetail.swift */; };
		86A9355722C7C1B8003FC26C /* EmptyCalendarItem.swift in Sources */ = {isa = PBXBuildFile; fileRef = 86A9355622C7C1B8003FC26C /* EmptyCalendarItem.swift */; };
		86A9355922C7C1F4003FC26C /* EventCalendarItem.swift in Sources */ = {isa = PBXBuildFile; fileRef = 86A9355822C7C1F4003FC26C /* EventCalendarItem.swift */; };
		86A9355B22C7C246003FC26C /* EventsRepository.swift in Sources */ = {isa = PBXBuildFile; fileRef = 86A9355A22C7C246003FC26C /* EventsRepository.swift */; };
		86A9355D22C7C261003FC26C /* EventsService.swift in Sources */ = {isa = PBXBuildFile; fileRef = 86A9355C22C7C261003FC26C /* EventsService.swift */; };
		86A9C2CB1C444468009281A0 /* WhatsOnAppDelegate.swift in Sources */ = {isa = PBXBuildFile; fileRef = 86A9C2CA1C444468009281A0 /* WhatsOnAppDelegate.swift */; };
		86A9E45B1DA80A4900E8D019 /* UIViewController+Navigation.swift in Sources */ = {isa = PBXBuildFile; fileRef = 86A9E45A1DA80A4900E8D019 /* UIViewController+Navigation.swift */; };
		86A9E45F1DA80E9700E8D019 /* DateFormatter+Initialisers.swift in Sources */ = {isa = PBXBuildFile; fileRef = 86A9E45E1DA80E9700E8D019 /* DateFormatter+Initialisers.swift */; };
		86B638DB270F8ADE0054C85C /* OptionsView.swift in Sources */ = {isa = PBXBuildFile; fileRef = 86B638DA270F8ADE0054C85C /* OptionsView.swift */; };
		86C19EBF1BBF28E600BBCDF6 /* WhatsOnViewController.swift in Sources */ = {isa = PBXBuildFile; fileRef = 86C19EBE1BBF28E600BBCDF6 /* WhatsOnViewController.swift */; };
		86CAD4A91BACC9B1009C9CFD /* Assets.xcassets in Resources */ = {isa = PBXBuildFile; fileRef = 86CAD4A81BACC9B1009C9CFD /* Assets.xcassets */; };
		86CAD4AC1BACC9B1009C9CFD /* LaunchScreen.storyboard in Resources */ = {isa = PBXBuildFile; fileRef = 86CAD4AA1BACC9B1009C9CFD /* LaunchScreen.storyboard */; };
		86D751131C7128EB00C0A607 /* RoundedRectBorderView.swift in Sources */ = {isa = PBXBuildFile; fileRef = 86D751121C7128EB00C0A607 /* RoundedRectBorderView.swift */; };
		86D751151C71316D00C0A607 /* UIColor+WhatsOn.swift in Sources */ = {isa = PBXBuildFile; fileRef = 86D751141C71316D00C0A607 /* UIColor+WhatsOn.swift */; };
		86DB90182676A05200F8BB72 /* WhatsOnPresenter.swift in Sources */ = {isa = PBXBuildFile; fileRef = 86F467F81C8AFFA500147F2E /* WhatsOnPresenter.swift */; };
		86DB90192676A09100F8BB72 /* Delayer.swift in Sources */ = {isa = PBXBuildFile; fileRef = 8600B99E1F09429D008578E5 /* Delayer.swift */; };
		86DEC9561FB3A069000FF4CD /* AddEventView.swift in Sources */ = {isa = PBXBuildFile; fileRef = 86DEC9551FB3A069000FF4CD /* AddEventView.swift */; };
		86DEC9581FB3B40D000FF4CD /* NextStepTableItem.swift in Sources */ = {isa = PBXBuildFile; fileRef = 86DEC9571FB3B40D000FF4CD /* NextStepTableItem.swift */; };
		86DF23DF26D287100051D3A8 /* Core.framework in Frameworks */ = {isa = PBXBuildFile; fileRef = 86755DC522C7BC2000E91DF4 /* Core.framework */; };
		86F8499B1D046AAE007C41B0 /* UIView+Constraints.swift in Sources */ = {isa = PBXBuildFile; fileRef = 86F8499A1D046AAE007C41B0 /* UIView+Constraints.swift */; };
		86FFFE491EC10E01009D772E /* Optional+Requirements.swift in Sources */ = {isa = PBXBuildFile; fileRef = 86FFFE481EC10E01009D772E /* Optional+Requirements.swift */; };
		9F30619D27DCE02D00DCFA2A /* CuteView.swift in Sources */ = {isa = PBXBuildFile; fileRef = 9F30619C27DCE02D00DCFA2A /* CuteView.swift */; };
		9F41E8E827A204DC0083C1EC /* GoogleService-Info.plist in Resources */ = {isa = PBXBuildFile; fileRef = 9F41E8E727A204DC0083C1EC /* GoogleService-Info.plist */; };
		9FA8B40B27D1855C00BF89B3 /* DetailMap.swift in Sources */ = {isa = PBXBuildFile; fileRef = 9FA8B40A27D1855C00BF89B3 /* DetailMap.swift */; };
		9FA8B40D27D18A2800BF89B3 /* EmptySlot.swift in Sources */ = {isa = PBXBuildFile; fileRef = 9FA8B40C27D18A2800BF89B3 /* EmptySlot.swift */; };
		9FBE073827CD6C7E00C6BF96 /* DetailsCard2.swift in Sources */ = {isa = PBXBuildFile; fileRef = 9FBE073727CD6C7E00C6BF96 /* DetailsCard2.swift */; };
		9FBE073A27D0087B00C6BF96 /* EventList.swift in Sources */ = {isa = PBXBuildFile; fileRef = 9FBE073927D0087B00C6BF96 /* EventList.swift */; };
		9FF09B112804D0A300FDBCFE /* SwipeView.swift in Sources */ = {isa = PBXBuildFile; fileRef = 9FF09B102804D0A300FDBCFE /* SwipeView.swift */; };
/* End PBXBuildFile section */

/* Begin PBXContainerItemProxy section */
		862F236826FD2EAA000A8BFD /* PBXContainerItemProxy */ = {
			isa = PBXContainerItemProxy;
			containerPortal = 86CAD4911BACC9B1009C9CFD /* Project object */;
			proxyType = 1;
			remoteGlobalIDString = 86755DC422C7BC2000E91DF4;
			remoteInfo = Core;
		};
		86755DCF22C7BC2100E91DF4 /* PBXContainerItemProxy */ = {
			isa = PBXContainerItemProxy;
			containerPortal = 86CAD4911BACC9B1009C9CFD /* Project object */;
			proxyType = 1;
			remoteGlobalIDString = 86755DC422C7BC2000E91DF4;
			remoteInfo = Core;
		};
		86755DD122C7BC2100E91DF4 /* PBXContainerItemProxy */ = {
			isa = PBXContainerItemProxy;
			containerPortal = 86CAD4911BACC9B1009C9CFD /* Project object */;
			proxyType = 1;
			remoteGlobalIDString = 86CAD4981BACC9B1009C9CFD;
			remoteInfo = whatson;
		};
		86755DD822C7BC2100E91DF4 /* PBXContainerItemProxy */ = {
			isa = PBXContainerItemProxy;
			containerPortal = 86CAD4911BACC9B1009C9CFD /* Project object */;
			proxyType = 1;
			remoteGlobalIDString = 86755DC422C7BC2000E91DF4;
			remoteInfo = Core;
		};
		868A16CA26D257C30090D6E4 /* PBXContainerItemProxy */ = {
			isa = PBXContainerItemProxy;
			containerPortal = 86CAD4911BACC9B1009C9CFD /* Project object */;
			proxyType = 1;
			remoteGlobalIDString = 868A16BD26D257BF0090D6E4;
			remoteInfo = Widget3Extension;
		};
		869DAC751D449EFB005AF315 /* PBXContainerItemProxy */ = {
			isa = PBXContainerItemProxy;
			containerPortal = 86CAD4911BACC9B1009C9CFD /* Project object */;
			proxyType = 1;
			remoteGlobalIDString = 86CAD4981BACC9B1009C9CFD;
			remoteInfo = whatson;
		};
		86DF23E126D287100051D3A8 /* PBXContainerItemProxy */ = {
			isa = PBXContainerItemProxy;
			containerPortal = 86CAD4911BACC9B1009C9CFD /* Project object */;
			proxyType = 1;
			remoteGlobalIDString = 86755DC422C7BC2000E91DF4;
			remoteInfo = Core;
		};
/* End PBXContainerItemProxy section */

/* Begin PBXCopyFilesBuildPhase section */
		86755DDC22C7BC2100E91DF4 /* Embed Frameworks */ = {
			isa = PBXCopyFilesBuildPhase;
			buildActionMask = 2147483647;
			dstPath = "";
			dstSubfolderSpec = 10;
			files = (
				86755DDB22C7BC2100E91DF4 /* Core.framework in Embed Frameworks */,
			);
			name = "Embed Frameworks";
			runOnlyForDeploymentPostprocessing = 0;
		};
		86B7D2F620E123EC001B0DF6 /* Embed App Extensions */ = {
			isa = PBXCopyFilesBuildPhase;
			buildActionMask = 2147483647;
			dstPath = "";
			dstSubfolderSpec = 13;
			files = (
				868A16CC26D257C30090D6E4 /* Widget3Extension.appex in Embed App Extensions */,
			);
			name = "Embed App Extensions";
			runOnlyForDeploymentPostprocessing = 0;
		};
/* End PBXCopyFilesBuildPhase section */

/* Begin PBXFileReference section */
		2DBA11FDB477210F9D964D34 /* EventResponseView.swift */ = {isa = PBXFileReference; fileEncoding = 4; lastKnownFileType = sourcecode.swift; path = EventResponseView.swift; sourceTree = "<group>"; };
		2DBA151F9881A527C9CC0A71 /* EventResponse.swift */ = {isa = PBXFileReference; fileEncoding = 4; lastKnownFileType = sourcecode.swift; path = EventResponse.swift; sourceTree = "<group>"; };
		2DBA1EBA1E19FC38477D7218 /* BuildConfig.swift */ = {isa = PBXFileReference; fileEncoding = 4; lastKnownFileType = sourcecode.swift; path = BuildConfig.swift; sourceTree = "<group>"; };
		6985300D9DA8F970ED4D589E /* Animator.swift */ = {isa = PBXFileReference; fileEncoding = 4; lastKnownFileType = sourcecode.swift; path = Animator.swift; sourceTree = "<group>"; };
		698530C0F754D12F1E38397C /* DayCell.swift */ = {isa = PBXFileReference; fileEncoding = 4; lastKnownFileType = sourcecode.swift; path = DayCell.swift; sourceTree = "<group>"; };
		6985328C217A9C753C09CFDE /* Line.swift */ = {isa = PBXFileReference; fileEncoding = 4; lastKnownFileType = sourcecode.swift; path = Line.swift; sourceTree = "<group>"; };
		6985358E9835009A7EA756E9 /* Analytics.swift */ = {isa = PBXFileReference; fileEncoding = 4; lastKnownFileType = sourcecode.swift; path = Analytics.swift; sourceTree = "<group>"; };
		69853687E86C131BBEA80025 /* EKEventKit+Convenience.swift */ = {isa = PBXFileReference; fileEncoding = 4; lastKnownFileType = sourcecode.swift; name = "EKEventKit+Convenience.swift"; path = "utils/EKEventKit+Convenience.swift"; sourceTree = "<group>"; };
		698538EBD0B5796034B50A5C /* UserDefaultsTimeStore.swift */ = {isa = PBXFileReference; fileEncoding = 4; lastKnownFileType = sourcecode.swift; path = UserDefaultsTimeStore.swift; sourceTree = "<group>"; };
		69853939FC3A0F98F4792C0F /* PropertyAnimator.swift */ = {isa = PBXFileReference; fileEncoding = 4; lastKnownFileType = sourcecode.swift; path = PropertyAnimator.swift; sourceTree = "<group>"; };
		6985397DE155D32104662FA2 /* UIDatePicker+Hours.swift */ = {isa = PBXFileReference; fileEncoding = 4; lastKnownFileType = sourcecode.swift; path = "UIDatePicker+Hours.swift"; sourceTree = "<group>"; };
		698539EC9C2B0360E301F15F /* Date+SCTimeOfDay.swift */ = {isa = PBXFileReference; fileEncoding = 4; lastKnownFileType = sourcecode.swift; path = "Date+SCTimeOfDay.swift"; sourceTree = "<group>"; };
		69853B71158DE94568DDC9FB /* BasicAnimator.swift */ = {isa = PBXFileReference; fileEncoding = 4; lastKnownFileType = sourcecode.swift; path = BasicAnimator.swift; sourceTree = "<group>"; };
		69853BC8BAF5893B6913918C /* AllowsGestureRecognizer.swift */ = {isa = PBXFileReference; fileEncoding = 4; lastKnownFileType = sourcecode.swift; path = AllowsGestureRecognizer.swift; sourceTree = "<group>"; };
		69853BE8F4A525FC03DF7E20 /* Completion.swift */ = {isa = PBXFileReference; fileEncoding = 4; lastKnownFileType = sourcecode.swift; path = Completion.swift; sourceTree = "<group>"; };
		69853F60E5391F881F006F7B /* TimeLabel.swift */ = {isa = PBXFileReference; fileEncoding = 4; lastKnownFileType = sourcecode.swift; path = TimeLabel.swift; sourceTree = "<group>"; };
		8600B99C1F09383D008578E5 /* LoadingView.swift */ = {isa = PBXFileReference; fileEncoding = 4; lastKnownFileType = sourcecode.swift; path = LoadingView.swift; sourceTree = "<group>"; };
		8600B99E1F09429D008578E5 /* Delayer.swift */ = {isa = PBXFileReference; fileEncoding = 4; lastKnownFileType = sourcecode.swift; path = Delayer.swift; sourceTree = "<group>"; };
		8600B9A01F0946F9008578E5 /* UIView+Animations.swift */ = {isa = PBXFileReference; fileEncoding = 4; lastKnownFileType = sourcecode.swift; path = "UIView+Animations.swift"; sourceTree = "<group>"; };
		86075C321E3E228C005AF423 /* Localizable.strings */ = {isa = PBXFileReference; fileEncoding = 4; lastKnownFileType = text.plist.strings; path = Localizable.strings; sourceTree = "<group>"; };
		860784791DAD7E6100AAE856 /* LabelStyle.swift */ = {isa = PBXFileReference; fileEncoding = 4; lastKnownFileType = sourcecode.swift; path = LabelStyle.swift; sourceTree = "<group>"; };
		860BD731270A4BD5000D46F7 /* Intents.intentdefinition */ = {isa = PBXFileReference; fileEncoding = 4; lastKnownFileType = file.intentdefinition; path = Intents.intentdefinition; sourceTree = "<group>"; };
		861BD0DF1D9FC4290032FBAB /* Optional+Fluency.swift */ = {isa = PBXFileReference; fileEncoding = 4; lastKnownFileType = sourcecode.swift; path = "Optional+Fluency.swift"; sourceTree = "<group>"; };
		8620886E22BFEDF000268B3D /* Localizable.stringsdict */ = {isa = PBXFileReference; lastKnownFileType = text.plist.stringsdict; path = Localizable.stringsdict; sourceTree = "<group>"; };
		862468D11F091B8C00FE5A49 /* libiconv.tbd */ = {isa = PBXFileReference; lastKnownFileType = "sourcecode.text-based-dylib-definition"; name = libiconv.tbd; path = usr/lib/libiconv.tbd; sourceTree = SDKROOT; };
		8626886D1EEC94DE00D8FB79 /* UIApplicationShortcuts.swift */ = {isa = PBXFileReference; fileEncoding = 4; lastKnownFileType = sourcecode.swift; path = UIApplicationShortcuts.swift; sourceTree = "<group>"; };
		862D54742713758800B66FA5 /* DefaultCalendarPicker.swift */ = {isa = PBXFileReference; lastKnownFileType = sourcecode.swift; path = DefaultCalendarPicker.swift; sourceTree = "<group>"; };
		862D5476271381C800B66FA5 /* ShownCalendarPicker.swift */ = {isa = PBXFileReference; lastKnownFileType = sourcecode.swift; path = ShownCalendarPicker.swift; sourceTree = "<group>"; };
		862D5478271787D000B66FA5 /* BoundaryPickerView2.swift */ = {isa = PBXFileReference; lastKnownFileType = sourcecode.swift; path = BoundaryPickerView2.swift; sourceTree = "<group>"; };
		862F0BAD26EFE8A200BE5350 /* NewEventView.swift */ = {isa = PBXFileReference; lastKnownFileType = sourcecode.swift; path = NewEventView.swift; sourceTree = "<group>"; };
		862F234826FD2DCF000A8BFD /* Intents.framework */ = {isa = PBXFileReference; lastKnownFileType = wrapper.framework; name = Intents.framework; path = System/Library/Frameworks/Intents.framework; sourceTree = SDKROOT; };
		862F235926FD2E68000A8BFD /* WhatsOnIntents.appex */ = {isa = PBXFileReference; explicitFileType = "wrapper.app-extension"; includeInIndex = 0; path = WhatsOnIntents.appex; sourceTree = BUILT_PRODUCTS_DIR; };
		862F235C26FD2E68000A8BFD /* IntentHandler.swift */ = {isa = PBXFileReference; lastKnownFileType = sourcecode.swift; path = IntentHandler.swift; sourceTree = "<group>"; };
		862F235E26FD2E68000A8BFD /* Info.plist */ = {isa = PBXFileReference; lastKnownFileType = text.plist.xml; path = Info.plist; sourceTree = "<group>"; };
		862F236226FD2E68000A8BFD /* WhatsOnIntents.entitlements */ = {isa = PBXFileReference; lastKnownFileType = text.plist.entitlements; path = WhatsOnIntents.entitlements; sourceTree = "<group>"; };
		862F236C26FD3591000A8BFD /* CheckCalendarHandler.swift */ = {isa = PBXFileReference; lastKnownFileType = sourcecode.swift; path = CheckCalendarHandler.swift; sourceTree = "<group>"; };
		86317A081EC258ED0009EE8A /* EventPredicateTests.swift */ = {isa = PBXFileReference; fileEncoding = 4; lastKnownFileType = sourcecode.swift; path = EventPredicateTests.swift; sourceTree = "<group>"; };
		864561C21C02709800ADDE44 /* NSDateCalculator.swift */ = {isa = PBXFileReference; fileEncoding = 4; lastKnownFileType = sourcecode.swift; path = NSDateCalculator.swift; sourceTree = "<group>"; };
		8650D7CF1D9FA8F5002D5930 /* EventKitEventRepository.swift */ = {isa = PBXFileReference; fileEncoding = 4; lastKnownFileType = sourcecode.swift; path = EventKitEventRepository.swift; sourceTree = "<group>"; };
		8658A22F1F375DF800BF219C /* TableSection.swift */ = {isa = PBXFileReference; lastKnownFileType = sourcecode.swift; path = TableSection.swift; sourceTree = "<group>"; };
		8658A2311F375E3A00BF219C /* TableItem.swift */ = {isa = PBXFileReference; lastKnownFileType = sourcecode.swift; path = TableItem.swift; sourceTree = "<group>"; };
		8658A2331F375E6100BF219C /* TitleTableItem.swift */ = {isa = PBXFileReference; lastKnownFileType = sourcecode.swift; path = TitleTableItem.swift; sourceTree = "<group>"; };
		8658A2351F375EA500BF219C /* SwitchTableItem.swift */ = {isa = PBXFileReference; lastKnownFileType = sourcecode.swift; path = SwitchTableItem.swift; sourceTree = "<group>"; };
		8658A2371F375ED500BF219C /* CustomViewTableItem.swift */ = {isa = PBXFileReference; lastKnownFileType = sourcecode.swift; path = CustomViewTableItem.swift; sourceTree = "<group>"; };
		8658A2391F37605000BF219C /* CalendarsLoader.swift */ = {isa = PBXFileReference; lastKnownFileType = sourcecode.swift; path = CalendarsLoader.swift; sourceTree = "<group>"; };
		8658A23B1F37685400BF219C /* CheckableTableItem.swift */ = {isa = PBXFileReference; lastKnownFileType = sourcecode.swift; path = CheckableTableItem.swift; sourceTree = "<group>"; };
		865C7B001EE4B00D0047D8E0 /* BoundaryPickerView.swift */ = {isa = PBXFileReference; fileEncoding = 4; lastKnownFileType = sourcecode.swift; path = BoundaryPickerView.swift; sourceTree = "<group>"; };
		865C7B021EE56AE80047D8E0 /* BuildableTableSource.swift */ = {isa = PBXFileReference; fileEncoding = 4; lastKnownFileType = sourcecode.swift; path = BuildableTableSource.swift; sourceTree = "<group>"; };
		865C7B041EE574100047D8E0 /* OptionsViewController.swift */ = {isa = PBXFileReference; fileEncoding = 4; lastKnownFileType = sourcecode.swift; path = OptionsViewController.swift; sourceTree = "<group>"; };
		866560AA1FB88713000ED8A2 /* CalendarPickerViewController.swift */ = {isa = PBXFileReference; lastKnownFileType = sourcecode.swift; path = CalendarPickerViewController.swift; sourceTree = "<group>"; };
		866D2E761EEA045E008D76D5 /* GradientView.swift */ = {isa = PBXFileReference; fileEncoding = 4; lastKnownFileType = sourcecode.swift; path = GradientView.swift; sourceTree = "<group>"; };
		86755DC522C7BC2000E91DF4 /* Core.framework */ = {isa = PBXFileReference; explicitFileType = wrapper.framework; includeInIndex = 0; path = Core.framework; sourceTree = BUILT_PRODUCTS_DIR; };
		86755DC722C7BC2000E91DF4 /* Core.h */ = {isa = PBXFileReference; lastKnownFileType = sourcecode.c.h; path = Core.h; sourceTree = "<group>"; };
		86755DC822C7BC2000E91DF4 /* Info.plist */ = {isa = PBXFileReference; lastKnownFileType = text.plist.xml; path = Info.plist; sourceTree = "<group>"; };
		86755DCD22C7BC2100E91DF4 /* CoreTests.xctest */ = {isa = PBXFileReference; explicitFileType = wrapper.cfbundle; includeInIndex = 0; path = CoreTests.xctest; sourceTree = BUILT_PRODUCTS_DIR; };
		86755DD422C7BC2100E91DF4 /* CoreTests.swift */ = {isa = PBXFileReference; lastKnownFileType = sourcecode.swift; path = CoreTests.swift; sourceTree = "<group>"; };
		86755DD622C7BC2100E91DF4 /* Info.plist */ = {isa = PBXFileReference; lastKnownFileType = text.plist.xml; path = Info.plist; sourceTree = "<group>"; };
		86755DE322C7BC5100E91DF4 /* CalendarItem.swift */ = {isa = PBXFileReference; lastKnownFileType = sourcecode.swift; path = CalendarItem.swift; sourceTree = "<group>"; };
		86755DE722C7BD0D00E91DF4 /* TimeOfDay.swift */ = {isa = PBXFileReference; lastKnownFileType = sourcecode.swift; path = TimeOfDay.swift; sourceTree = "<group>"; };
		86755DE922C7BD8D00E91DF4 /* BorderTimeRepository.swift */ = {isa = PBXFileReference; lastKnownFileType = sourcecode.swift; path = BorderTimeRepository.swift; sourceTree = "<group>"; };
		86755DEB22C7BDB500E91DF4 /* TimeCalculator.swift */ = {isa = PBXFileReference; lastKnownFileType = sourcecode.swift; path = TimeCalculator.swift; sourceTree = "<group>"; };
		86755DED22C7BDF100E91DF4 /* CalendarSlot.swift */ = {isa = PBXFileReference; lastKnownFileType = sourcecode.swift; path = CalendarSlot.swift; sourceTree = "<group>"; };
		867C4A1126D811D800B718DD /* DayViews.swift */ = {isa = PBXFileReference; lastKnownFileType = sourcecode.swift; path = DayViews.swift; sourceTree = "<group>"; };
		8687F8B82700AE4F00220163 /* DemoRepository.swift */ = {isa = PBXFileReference; lastKnownFileType = sourcecode.swift; path = DemoRepository.swift; sourceTree = "<group>"; };
		868A16BE26D257BF0090D6E4 /* Widget3Extension.appex */ = {isa = PBXFileReference; explicitFileType = "wrapper.app-extension"; includeInIndex = 0; path = Widget3Extension.appex; sourceTree = BUILT_PRODUCTS_DIR; };
		868A16C226D257BF0090D6E4 /* Widget3.swift */ = {isa = PBXFileReference; lastKnownFileType = sourcecode.swift; path = Widget3.swift; sourceTree = "<group>"; };
		868A16C426D257BF0090D6E4 /* Widget3.intentdefinition */ = {isa = PBXFileReference; lastKnownFileType = file.intentdefinition; path = Widget3.intentdefinition; sourceTree = "<group>"; };
		868A16C526D257C30090D6E4 /* Assets.xcassets */ = {isa = PBXFileReference; lastKnownFileType = folder.assetcatalog; path = Assets.xcassets; sourceTree = "<group>"; };
		868A16C726D257C30090D6E4 /* Info.plist */ = {isa = PBXFileReference; lastKnownFileType = text.plist.xml; path = Info.plist; sourceTree = "<group>"; };
		868A16CD26D257C30090D6E4 /* Widget3Extension.entitlements */ = {isa = PBXFileReference; lastKnownFileType = text.plist.entitlements; path = Widget3Extension.entitlements; sourceTree = "<group>"; };
		869475691F376DE900925C2A /* CalendarPreferenceStore.swift */ = {isa = PBXFileReference; lastKnownFileType = sourcecode.swift; path = CalendarPreferenceStore.swift; sourceTree = "<group>"; };
		8694756B1F37726D00925C2A /* CalendarPresenter.swift */ = {isa = PBXFileReference; lastKnownFileType = sourcecode.swift; path = CalendarPresenter.swift; sourceTree = "<group>"; };
		8694756D1F37742C00925C2A /* DatePickerPresenter.swift */ = {isa = PBXFileReference; lastKnownFileType = sourcecode.swift; path = DatePickerPresenter.swift; sourceTree = "<group>"; };
		8695D0271DA023670034D52A /* HeaderView.swift */ = {isa = PBXFileReference; fileEncoding = 4; lastKnownFileType = sourcecode.swift; path = HeaderView.swift; sourceTree = "<group>"; };
		8695D02F1DA185DB0034D52A /* SlotCellStyle.swift */ = {isa = PBXFileReference; fileEncoding = 4; lastKnownFileType = sourcecode.swift; path = SlotCellStyle.swift; sourceTree = "<group>"; };
		8695D0321DA1A2A20034D52A /* SlotDetail.swift */ = {isa = PBXFileReference; fileEncoding = 4; lastKnownFileType = sourcecode.swift; path = SlotDetail.swift; sourceTree = "<group>"; };
		869DAC701D449EFB005AF315 /* WhatsOnTests.xctest */ = {isa = PBXFileReference; explicitFileType = wrapper.cfbundle; includeInIndex = 0; path = WhatsOnTests.xctest; sourceTree = BUILT_PRODUCTS_DIR; };
		869DAC741D449EFB005AF315 /* Info.plist */ = {isa = PBXFileReference; lastKnownFileType = text.plist.xml; path = Info.plist; sourceTree = "<group>"; };
		869DAC7C1D44D15C005AF315 /* EventPredicates.swift */ = {isa = PBXFileReference; fileEncoding = 4; lastKnownFileType = sourcecode.swift; path = EventPredicates.swift; sourceTree = "<group>"; };
		86A9355622C7C1B8003FC26C /* EmptyCalendarItem.swift */ = {isa = PBXFileReference; lastKnownFileType = sourcecode.swift; path = EmptyCalendarItem.swift; sourceTree = "<group>"; };
		86A9355822C7C1F4003FC26C /* EventCalendarItem.swift */ = {isa = PBXFileReference; lastKnownFileType = sourcecode.swift; path = EventCalendarItem.swift; sourceTree = "<group>"; };
		86A9355A22C7C246003FC26C /* EventsRepository.swift */ = {isa = PBXFileReference; lastKnownFileType = sourcecode.swift; path = EventsRepository.swift; sourceTree = "<group>"; };
		86A9355C22C7C261003FC26C /* EventsService.swift */ = {isa = PBXFileReference; lastKnownFileType = sourcecode.swift; path = EventsService.swift; sourceTree = "<group>"; };
		86A9C2CA1C444468009281A0 /* WhatsOnAppDelegate.swift */ = {isa = PBXFileReference; fileEncoding = 4; lastKnownFileType = sourcecode.swift; path = WhatsOnAppDelegate.swift; sourceTree = "<group>"; };
		86A9E4581DA8076400E8D019 /* EKEventStore+Singleton.swift */ = {isa = PBXFileReference; fileEncoding = 4; lastKnownFileType = sourcecode.swift; path = "EKEventStore+Singleton.swift"; sourceTree = "<group>"; };
		86A9E45A1DA80A4900E8D019 /* UIViewController+Navigation.swift */ = {isa = PBXFileReference; fileEncoding = 4; lastKnownFileType = sourcecode.swift; path = "UIViewController+Navigation.swift"; sourceTree = "<group>"; };
		86A9E45E1DA80E9700E8D019 /* DateFormatter+Initialisers.swift */ = {isa = PBXFileReference; fileEncoding = 4; lastKnownFileType = sourcecode.swift; path = "DateFormatter+Initialisers.swift"; sourceTree = "<group>"; };
		86B638DA270F8ADE0054C85C /* OptionsView.swift */ = {isa = PBXFileReference; lastKnownFileType = sourcecode.swift; path = OptionsView.swift; sourceTree = "<group>"; };
		86B7D2E720E123EC001B0DF6 /* NotificationCenter.framework */ = {isa = PBXFileReference; lastKnownFileType = wrapper.framework; name = NotificationCenter.framework; path = System/Library/Frameworks/NotificationCenter.framework; sourceTree = SDKROOT; };
		86B7D32020E12DA4001B0DF6 /* Today.entitlements */ = {isa = PBXFileReference; lastKnownFileType = text.plist.entitlements; path = Today.entitlements; sourceTree = "<group>"; };
		86BE23DD24AFBA4200B0B72F /* WidgetKit.framework */ = {isa = PBXFileReference; lastKnownFileType = wrapper.framework; name = WidgetKit.framework; path = System/Library/Frameworks/WidgetKit.framework; sourceTree = SDKROOT; };
		86BE23DF24AFBA4200B0B72F /* SwiftUI.framework */ = {isa = PBXFileReference; lastKnownFileType = wrapper.framework; name = SwiftUI.framework; path = System/Library/Frameworks/SwiftUI.framework; sourceTree = SDKROOT; };
		86C19EBE1BBF28E600BBCDF6 /* WhatsOnViewController.swift */ = {isa = PBXFileReference; fileEncoding = 4; lastKnownFileType = sourcecode.swift; path = WhatsOnViewController.swift; sourceTree = "<group>"; };
		86C85A121EA80B080085C9C6 /* What’s on.entitlements */ = {isa = PBXFileReference; lastKnownFileType = text.plist.entitlements; path = "What’s on.entitlements"; sourceTree = "<group>"; };
		86CAD4991BACC9B1009C9CFD /* What’s on.app */ = {isa = PBXFileReference; explicitFileType = wrapper.application; includeInIndex = 0; path = "What’s on.app"; sourceTree = BUILT_PRODUCTS_DIR; };
		86CAD4A81BACC9B1009C9CFD /* Assets.xcassets */ = {isa = PBXFileReference; lastKnownFileType = folder.assetcatalog; path = Assets.xcassets; sourceTree = "<group>"; };
		86CAD4AB1BACC9B1009C9CFD /* Base */ = {isa = PBXFileReference; lastKnownFileType = file.storyboard; name = Base; path = Base.lproj/LaunchScreen.storyboard; sourceTree = "<group>"; };
		86CAD4AD1BACC9B1009C9CFD /* Info.plist */ = {isa = PBXFileReference; lastKnownFileType = text.plist.xml; path = Info.plist; sourceTree = "<group>"; };
		86D751121C7128EB00C0A607 /* RoundedRectBorderView.swift */ = {isa = PBXFileReference; fileEncoding = 4; lastKnownFileType = sourcecode.swift; path = RoundedRectBorderView.swift; sourceTree = "<group>"; };
		86D751141C71316D00C0A607 /* UIColor+WhatsOn.swift */ = {isa = PBXFileReference; fileEncoding = 4; lastKnownFileType = sourcecode.swift; path = "UIColor+WhatsOn.swift"; sourceTree = "<group>"; };
		86DE0FE61BB885E8004E20B5 /* libicucore.tbd */ = {isa = PBXFileReference; lastKnownFileType = "sourcecode.text-based-dylib-definition"; name = libicucore.tbd; path = usr/lib/libicucore.tbd; sourceTree = SDKROOT; };
		86DE0FE81BB8863D004E20B5 /* Security.framework */ = {isa = PBXFileReference; lastKnownFileType = wrapper.framework; name = Security.framework; path = System/Library/Frameworks/Security.framework; sourceTree = SDKROOT; };
		86DE0FEA1BB88646004E20B5 /* libz.tbd */ = {isa = PBXFileReference; lastKnownFileType = "sourcecode.text-based-dylib-definition"; name = libz.tbd; path = usr/lib/libz.tbd; sourceTree = SDKROOT; };
		86DEC9551FB3A069000FF4CD /* AddEventView.swift */ = {isa = PBXFileReference; lastKnownFileType = sourcecode.swift; path = AddEventView.swift; sourceTree = "<group>"; };
		86DEC9571FB3B40D000FF4CD /* NextStepTableItem.swift */ = {isa = PBXFileReference; lastKnownFileType = sourcecode.swift; path = NextStepTableItem.swift; sourceTree = "<group>"; };
		86F467F81C8AFFA500147F2E /* WhatsOnPresenter.swift */ = {isa = PBXFileReference; fileEncoding = 4; lastKnownFileType = sourcecode.swift; path = WhatsOnPresenter.swift; sourceTree = "<group>"; };
		86F8499A1D046AAE007C41B0 /* UIView+Constraints.swift */ = {isa = PBXFileReference; fileEncoding = 4; lastKnownFileType = sourcecode.swift; path = "UIView+Constraints.swift"; sourceTree = "<group>"; };
		86FFFE481EC10E01009D772E /* Optional+Requirements.swift */ = {isa = PBXFileReference; fileEncoding = 4; lastKnownFileType = sourcecode.swift; path = "Optional+Requirements.swift"; sourceTree = "<group>"; };
		9F30619C27DCE02D00DCFA2A /* CuteView.swift */ = {isa = PBXFileReference; lastKnownFileType = sourcecode.swift; path = CuteView.swift; sourceTree = "<group>"; };
		9F41E8E727A204DC0083C1EC /* GoogleService-Info.plist */ = {isa = PBXFileReference; fileEncoding = 4; lastKnownFileType = text.plist.xml; path = "GoogleService-Info.plist"; sourceTree = "<group>"; };
		9FA8B40A27D1855C00BF89B3 /* DetailMap.swift */ = {isa = PBXFileReference; lastKnownFileType = sourcecode.swift; path = DetailMap.swift; sourceTree = "<group>"; };
		9FA8B40C27D18A2800BF89B3 /* EmptySlot.swift */ = {isa = PBXFileReference; lastKnownFileType = sourcecode.swift; path = EmptySlot.swift; sourceTree = "<group>"; };
		9FBE073727CD6C7E00C6BF96 /* DetailsCard2.swift */ = {isa = PBXFileReference; lastKnownFileType = sourcecode.swift; path = DetailsCard2.swift; sourceTree = "<group>"; };
		9FBE073927D0087B00C6BF96 /* EventList.swift */ = {isa = PBXFileReference; lastKnownFileType = sourcecode.swift; path = EventList.swift; sourceTree = "<group>"; };
		9FF09B102804D0A300FDBCFE /* SwipeView.swift */ = {isa = PBXFileReference; lastKnownFileType = sourcecode.swift; path = SwipeView.swift; sourceTree = "<group>"; };
/* End PBXFileReference section */

/* Begin PBXFrameworksBuildPhase section */
		862F235626FD2E68000A8BFD /* Frameworks */ = {
			isa = PBXFrameworksBuildPhase;
			buildActionMask = 2147483647;
			files = (
				862F235A26FD2E68000A8BFD /* Intents.framework in Frameworks */,
				862F236626FD2EAA000A8BFD /* Core.framework in Frameworks */,
			);
			runOnlyForDeploymentPostprocessing = 0;
		};
		86755DC222C7BC2000E91DF4 /* Frameworks */ = {
			isa = PBXFrameworksBuildPhase;
			buildActionMask = 2147483647;
			files = (
			);
			runOnlyForDeploymentPostprocessing = 0;
		};
		86755DCA22C7BC2100E91DF4 /* Frameworks */ = {
			isa = PBXFrameworksBuildPhase;
			buildActionMask = 2147483647;
			files = (
				86755DCE22C7BC2100E91DF4 /* Core.framework in Frameworks */,
			);
			runOnlyForDeploymentPostprocessing = 0;
		};
		868A16BB26D257BF0090D6E4 /* Frameworks */ = {
			isa = PBXFrameworksBuildPhase;
			buildActionMask = 2147483647;
			files = (
				868A16C026D257BF0090D6E4 /* SwiftUI.framework in Frameworks */,
				86DF23DF26D287100051D3A8 /* Core.framework in Frameworks */,
				868A16BF26D257BF0090D6E4 /* WidgetKit.framework in Frameworks */,
			);
			runOnlyForDeploymentPostprocessing = 0;
		};
		869DAC6D1D449EFB005AF315 /* Frameworks */ = {
			isa = PBXFrameworksBuildPhase;
			buildActionMask = 2147483647;
			files = (
			);
			runOnlyForDeploymentPostprocessing = 0;
		};
		86CAD4961BACC9B1009C9CFD /* Frameworks */ = {
			isa = PBXFrameworksBuildPhase;
			buildActionMask = 2147483647;
			files = (
				86755DDA22C7BC2100E91DF4 /* Core.framework in Frameworks */,
			);
			runOnlyForDeploymentPostprocessing = 0;
		};
/* End PBXFrameworksBuildPhase section */

/* Begin PBXGroup section */
		69853BA72CF4C2EAB206708F /* utils */ = {
			isa = PBXGroup;
			children = (
				69853BC8BAF5893B6913918C /* AllowsGestureRecognizer.swift */,
				86FFFE481EC10E01009D772E /* Optional+Requirements.swift */,
				8600B9A01F0946F9008578E5 /* UIView+Animations.swift */,
			);
			path = utils;
			sourceTree = "<group>";
		};
		69853E6065D4384CD18D05CB /* views */ = {
			isa = PBXGroup;
			children = (
				8658A22E1F375C8800BF219C /* buildable-table */,
				8600B99C1F09383D008578E5 /* LoadingView.swift */,
				860784791DAD7E6100AAE856 /* LabelStyle.swift */,
				86D751121C7128EB00C0A607 /* RoundedRectBorderView.swift */,
				6985328C217A9C753C09CFDE /* Line.swift */,
				866D2E761EEA045E008D76D5 /* GradientView.swift */,
				69853B71158DE94568DDC9FB /* BasicAnimator.swift */,
				6985300D9DA8F970ED4D589E /* Animator.swift */,
				69853939FC3A0F98F4792C0F /* PropertyAnimator.swift */,
			);
			path = views;
			sourceTree = "<group>";
		};
		861BD0DE1D9FBFBB0032FBAB /* options */ = {
			isa = PBXGroup;
			children = (
				69853F60E5391F881F006F7B /* TimeLabel.swift */,
				6985397DE155D32104662FA2 /* UIDatePicker+Hours.swift */,
				865C7B001EE4B00D0047D8E0 /* BoundaryPickerView.swift */,
				865C7B041EE574100047D8E0 /* OptionsViewController.swift */,
				86B638DA270F8ADE0054C85C /* OptionsView.swift */,
				8694756B1F37726D00925C2A /* CalendarPresenter.swift */,
				8694756D1F37742C00925C2A /* DatePickerPresenter.swift */,
				866560AA1FB88713000ED8A2 /* CalendarPickerViewController.swift */,
				862D54742713758800B66FA5 /* DefaultCalendarPicker.swift */,
				862D5476271381C800B66FA5 /* ShownCalendarPicker.swift */,
				862D5478271787D000B66FA5 /* BoundaryPickerView2.swift */,
			);
			path = options;
			sourceTree = "<group>";
		};
		862F235B26FD2E68000A8BFD /* WhatsOnIntents */ = {
			isa = PBXGroup;
			children = (
				862F236226FD2E68000A8BFD /* WhatsOnIntents.entitlements */,
				862F235C26FD2E68000A8BFD /* IntentHandler.swift */,
				862F235E26FD2E68000A8BFD /* Info.plist */,
			);
			path = WhatsOnIntents;
			sourceTree = "<group>";
		};
		8658A22E1F375C8800BF219C /* buildable-table */ = {
			isa = PBXGroup;
			children = (
				865C7B021EE56AE80047D8E0 /* BuildableTableSource.swift */,
				8658A22F1F375DF800BF219C /* TableSection.swift */,
				8658A2311F375E3A00BF219C /* TableItem.swift */,
				8658A2331F375E6100BF219C /* TitleTableItem.swift */,
				8658A2351F375EA500BF219C /* SwitchTableItem.swift */,
				8658A2371F375ED500BF219C /* CustomViewTableItem.swift */,
				8658A23B1F37685400BF219C /* CheckableTableItem.swift */,
				86DEC9571FB3B40D000FF4CD /* NextStepTableItem.swift */,
			);
			path = "buildable-table";
			sourceTree = "<group>";
		};
		86755DC622C7BC2000E91DF4 /* Core */ = {
			isa = PBXGroup;
			children = (
				860BD731270A4BD5000D46F7 /* Intents.intentdefinition */,
				8687F8B82700AE4F00220163 /* DemoRepository.swift */,
				86F467F81C8AFFA500147F2E /* WhatsOnPresenter.swift */,
				8600B99E1F09429D008578E5 /* Delayer.swift */,
				86755DC722C7BC2000E91DF4 /* Core.h */,
				86755DC822C7BC2000E91DF4 /* Info.plist */,
				698539EC9C2B0360E301F15F /* Date+SCTimeOfDay.swift */,
				8658A2391F37605000BF219C /* CalendarsLoader.swift */,
				86755DE322C7BC5100E91DF4 /* CalendarItem.swift */,
				869475691F376DE900925C2A /* CalendarPreferenceStore.swift */,
				864561C21C02709800ADDE44 /* NSDateCalculator.swift */,
				8650D7CF1D9FA8F5002D5930 /* EventKitEventRepository.swift */,
				86A9E4581DA8076400E8D019 /* EKEventStore+Singleton.swift */,
				869DAC7C1D44D15C005AF315 /* EventPredicates.swift */,
				698538EBD0B5796034B50A5C /* UserDefaultsTimeStore.swift */,
				86755DE722C7BD0D00E91DF4 /* TimeOfDay.swift */,
				86755DE922C7BD8D00E91DF4 /* BorderTimeRepository.swift */,
				86755DEB22C7BDB500E91DF4 /* TimeCalculator.swift */,
				86755DED22C7BDF100E91DF4 /* CalendarSlot.swift */,
				86A9355622C7C1B8003FC26C /* EmptyCalendarItem.swift */,
				86A9355822C7C1F4003FC26C /* EventCalendarItem.swift */,
				86A9355A22C7C246003FC26C /* EventsRepository.swift */,
				86A9355C22C7C261003FC26C /* EventsService.swift */,
				867C4A1126D811D800B718DD /* DayViews.swift */,
				862F236C26FD3591000A8BFD /* CheckCalendarHandler.swift */,
			);
			path = Core;
			sourceTree = "<group>";
		};
		86755DD322C7BC2100E91DF4 /* CoreTests */ = {
			isa = PBXGroup;
			children = (
				86755DD422C7BC2100E91DF4 /* CoreTests.swift */,
				86755DD622C7BC2100E91DF4 /* Info.plist */,
			);
			path = CoreTests;
			sourceTree = "<group>";
		};
		868A16C126D257BF0090D6E4 /* Widget3 */ = {
			isa = PBXGroup;
			children = (
				868A16C226D257BF0090D6E4 /* Widget3.swift */,
				868A16C426D257BF0090D6E4 /* Widget3.intentdefinition */,
				868A16C526D257C30090D6E4 /* Assets.xcassets */,
				868A16C726D257C30090D6E4 /* Info.plist */,
			);
			path = Widget3;
			sourceTree = "<group>";
		};
		8695D0311DA1A19B0034D52A /* day list */ = {
			isa = PBXGroup;
			children = (
				86C19EBE1BBF28E600BBCDF6 /* WhatsOnViewController.swift */,
				8695D0271DA023670034D52A /* HeaderView.swift */,
				8695D02F1DA185DB0034D52A /* SlotCellStyle.swift */,
				8695D0321DA1A2A20034D52A /* SlotDetail.swift */,
				698530C0F754D12F1E38397C /* DayCell.swift */,
				86DEC9551FB3A069000FF4CD /* AddEventView.swift */,
				9FBE073927D0087B00C6BF96 /* EventList.swift */,
				9FA8B40C27D18A2800BF89B3 /* EmptySlot.swift */,
				9F30619C27DCE02D00DCFA2A /* CuteView.swift */,
			);
			path = "day list";
			sourceTree = "<group>";
		};
		869DAC711D449EFB005AF315 /* tests */ = {
			isa = PBXGroup;
			children = (
				869DAC741D449EFB005AF315 /* Info.plist */,
				86317A081EC258ED0009EE8A /* EventPredicateTests.swift */,
			);
			name = tests;
			path = WhatsOnTests;
			sourceTree = "<group>";
		};
		86CAD4901BACC9B1009C9CFD = {
			isa = PBXGroup;
			children = (
				9F41E8E727A204DC0083C1EC /* GoogleService-Info.plist */,
				868A16CD26D257C30090D6E4 /* Widget3Extension.entitlements */,
				86B7D32020E12DA4001B0DF6 /* Today.entitlements */,
				8620886E22BFEDF000268B3D /* Localizable.stringsdict */,
				86075C321E3E228C005AF423 /* Localizable.strings */,
				86FCF4411D455ADE000938E3 /* dependencies */,
				86CAD49B1BACC9B1009C9CFD /* whatson */,
				869DAC711D449EFB005AF315 /* tests */,
				86755DC622C7BC2000E91DF4 /* Core */,
				86755DD322C7BC2100E91DF4 /* CoreTests */,
				868A16C126D257BF0090D6E4 /* Widget3 */,
				862F235B26FD2E68000A8BFD /* WhatsOnIntents */,
				86CAD49A1BACC9B1009C9CFD /* Products */,
				BC38BE0C51940461A7C28C6F /* Frameworks */,
			);
			sourceTree = "<group>";
		};
		86CAD49A1BACC9B1009C9CFD /* Products */ = {
			isa = PBXGroup;
			children = (
				86CAD4991BACC9B1009C9CFD /* What’s on.app */,
				869DAC701D449EFB005AF315 /* WhatsOnTests.xctest */,
				86755DC522C7BC2000E91DF4 /* Core.framework */,
				86755DCD22C7BC2100E91DF4 /* CoreTests.xctest */,
				868A16BE26D257BF0090D6E4 /* Widget3Extension.appex */,
				862F235926FD2E68000A8BFD /* WhatsOnIntents.appex */,
			);
			name = Products;
			sourceTree = "<group>";
		};
		86CAD49B1BACC9B1009C9CFD /* whatson */ = {
			isa = PBXGroup;
			children = (
				86C85A121EA80B080085C9C6 /* What’s on.entitlements */,
				86FCF4401D455AC3000938E3 /* extensions */,
				86CAD4A81BACC9B1009C9CFD /* Assets.xcassets */,
				86CAD4AA1BACC9B1009C9CFD /* LaunchScreen.storyboard */,
				86A9C2CA1C444468009281A0 /* WhatsOnAppDelegate.swift */,
				86CAD49C1BACC9B1009C9CFD /* Supporting Files */,
				8695D0311DA1A19B0034D52A /* day list */,
				86FB1C321D8F37310074431B /* event details */,
				861BD0DE1D9FBFBB0032FBAB /* options */,
				69853E6065D4384CD18D05CB /* views */,
				6985358E9835009A7EA756E9 /* Analytics.swift */,
				69853BA72CF4C2EAB206708F /* utils */,
				2DBA1EBA1E19FC38477D7218 /* BuildConfig.swift */,
				8626886D1EEC94DE00D8FB79 /* UIApplicationShortcuts.swift */,
				862F0BAD26EFE8A200BE5350 /* NewEventView.swift */,
			);
			path = whatson;
			sourceTree = "<group>";
		};
		86CAD49C1BACC9B1009C9CFD /* Supporting Files */ = {
			isa = PBXGroup;
			children = (
				86CAD4AD1BACC9B1009C9CFD /* Info.plist */,
			);
			name = "Supporting Files";
			sourceTree = "<group>";
		};
		86FB1C321D8F37310074431B /* event details */ = {
			isa = PBXGroup;
			children = (
				9FBE073727CD6C7E00C6BF96 /* DetailsCard2.swift */,
				9FA8B40A27D1855C00BF89B3 /* DetailMap.swift */,
				2DBA11FDB477210F9D964D34 /* EventResponseView.swift */,
				2DBA151F9881A527C9CC0A71 /* EventResponse.swift */,
				9FF09B102804D0A300FDBCFE /* SwipeView.swift */,
			);
			path = "event details";
			sourceTree = "<group>";
		};
		86FCF4401D455AC3000938E3 /* extensions */ = {
			isa = PBXGroup;
			children = (
				86D751141C71316D00C0A607 /* UIColor+WhatsOn.swift */,
				86F8499A1D046AAE007C41B0 /* UIView+Constraints.swift */,
				861BD0DF1D9FC4290032FBAB /* Optional+Fluency.swift */,
				86A9E45A1DA80A4900E8D019 /* UIViewController+Navigation.swift */,
				86A9E45E1DA80E9700E8D019 /* DateFormatter+Initialisers.swift */,
				69853BE8F4A525FC03DF7E20 /* Completion.swift */,
				69853687E86C131BBEA80025 /* EKEventKit+Convenience.swift */,
			);
			name = extensions;
			sourceTree = "<group>";
		};
		86FCF4411D455ADE000938E3 /* dependencies */ = {
			isa = PBXGroup;
			children = (
				86DE0FEA1BB88646004E20B5 /* libz.tbd */,
				86DE0FE81BB8863D004E20B5 /* Security.framework */,
				86DE0FE61BB885E8004E20B5 /* libicucore.tbd */,
			);
			name = dependencies;
			sourceTree = "<group>";
		};
		BC38BE0C51940461A7C28C6F /* Frameworks */ = {
			isa = PBXGroup;
			children = (
				862468D11F091B8C00FE5A49 /* libiconv.tbd */,
				86B7D2E720E123EC001B0DF6 /* NotificationCenter.framework */,
				86BE23DD24AFBA4200B0B72F /* WidgetKit.framework */,
				86BE23DF24AFBA4200B0B72F /* SwiftUI.framework */,
				862F234826FD2DCF000A8BFD /* Intents.framework */,
			);
			name = Frameworks;
			sourceTree = "<group>";
		};
/* End PBXGroup section */

/* Begin PBXHeadersBuildPhase section */
		86755DC022C7BC2000E91DF4 /* Headers */ = {
			isa = PBXHeadersBuildPhase;
			buildActionMask = 2147483647;
			files = (
				86755DD722C7BC2100E91DF4 /* Core.h in Headers */,
			);
			runOnlyForDeploymentPostprocessing = 0;
		};
/* End PBXHeadersBuildPhase section */

/* Begin PBXNativeTarget section */
		862F235826FD2E68000A8BFD /* WhatsOnIntents */ = {
			isa = PBXNativeTarget;
			buildConfigurationList = 862F236326FD2E68000A8BFD /* Build configuration list for PBXNativeTarget "WhatsOnIntents" */;
			buildPhases = (
				862F235526FD2E68000A8BFD /* Sources */,
				862F235626FD2E68000A8BFD /* Frameworks */,
				862F235726FD2E68000A8BFD /* Resources */,
			);
			buildRules = (
			);
			dependencies = (
				862F236926FD2EAA000A8BFD /* PBXTargetDependency */,
			);
			name = WhatsOnIntents;
			productName = WhatsOnIntents;
			productReference = 862F235926FD2E68000A8BFD /* WhatsOnIntents.appex */;
			productType = "com.apple.product-type.app-extension";
		};
		86755DC422C7BC2000E91DF4 /* Core */ = {
			isa = PBXNativeTarget;
			buildConfigurationList = 86755DE122C7BC2100E91DF4 /* Build configuration list for PBXNativeTarget "Core" */;
			buildPhases = (
				86755DC022C7BC2000E91DF4 /* Headers */,
				86755DC122C7BC2000E91DF4 /* Sources */,
				86755DC222C7BC2000E91DF4 /* Frameworks */,
				86755DC322C7BC2000E91DF4 /* Resources */,
			);
			buildRules = (
			);
			dependencies = (
			);
			name = Core;
			productName = Core;
			productReference = 86755DC522C7BC2000E91DF4 /* Core.framework */;
			productType = "com.apple.product-type.framework";
		};
		86755DCC22C7BC2100E91DF4 /* CoreTests */ = {
			isa = PBXNativeTarget;
			buildConfigurationList = 86755DE222C7BC2100E91DF4 /* Build configuration list for PBXNativeTarget "CoreTests" */;
			buildPhases = (
				86755DC922C7BC2100E91DF4 /* Sources */,
				86755DCA22C7BC2100E91DF4 /* Frameworks */,
				86755DCB22C7BC2100E91DF4 /* Resources */,
			);
			buildRules = (
			);
			dependencies = (
				86755DD022C7BC2100E91DF4 /* PBXTargetDependency */,
				86755DD222C7BC2100E91DF4 /* PBXTargetDependency */,
			);
			name = CoreTests;
			productName = CoreTests;
			productReference = 86755DCD22C7BC2100E91DF4 /* CoreTests.xctest */;
			productType = "com.apple.product-type.bundle.unit-test";
		};
		868A16BD26D257BF0090D6E4 /* Widget3Extension */ = {
			isa = PBXNativeTarget;
			buildConfigurationList = 868A16CE26D257C30090D6E4 /* Build configuration list for PBXNativeTarget "Widget3Extension" */;
			buildPhases = (
				868A16BA26D257BF0090D6E4 /* Sources */,
				868A16BB26D257BF0090D6E4 /* Frameworks */,
				868A16BC26D257BF0090D6E4 /* Resources */,
			);
			buildRules = (
			);
			dependencies = (
				86DF23E226D287100051D3A8 /* PBXTargetDependency */,
			);
			name = Widget3Extension;
			productName = Widget3Extension;
			productReference = 868A16BE26D257BF0090D6E4 /* Widget3Extension.appex */;
			productType = "com.apple.product-type.app-extension";
		};
		869DAC6F1D449EFB005AF315 /* WhatsOnTests */ = {
			isa = PBXNativeTarget;
			buildConfigurationList = 869DAC791D449EFB005AF315 /* Build configuration list for PBXNativeTarget "WhatsOnTests" */;
			buildPhases = (
				869DAC6C1D449EFB005AF315 /* Sources */,
				869DAC6D1D449EFB005AF315 /* Frameworks */,
				869DAC6E1D449EFB005AF315 /* Resources */,
			);
			buildRules = (
			);
			dependencies = (
				869DAC761D449EFB005AF315 /* PBXTargetDependency */,
			);
			name = WhatsOnTests;
			productName = WhatsOnTests;
			productReference = 869DAC701D449EFB005AF315 /* WhatsOnTests.xctest */;
			productType = "com.apple.product-type.bundle.unit-test";
		};
		86CAD4981BACC9B1009C9CFD /* whatson */ = {
			isa = PBXNativeTarget;
			buildConfigurationList = 86CAD4B01BACC9B1009C9CFD /* Build configuration list for PBXNativeTarget "whatson" */;
			buildPhases = (
				86CAD4951BACC9B1009C9CFD /* Sources */,
				86CAD4961BACC9B1009C9CFD /* Frameworks */,
				86CAD4971BACC9B1009C9CFD /* Resources */,
				86B7D2F620E123EC001B0DF6 /* Embed App Extensions */,
				86755DDC22C7BC2100E91DF4 /* Embed Frameworks */,
			);
			buildRules = (
			);
			dependencies = (
				86755DD922C7BC2100E91DF4 /* PBXTargetDependency */,
				868A16CB26D257C30090D6E4 /* PBXTargetDependency */,
			);
			name = whatson;
			productName = whatson;
			productReference = 86CAD4991BACC9B1009C9CFD /* What’s on.app */;
			productType = "com.apple.product-type.application";
		};
/* End PBXNativeTarget section */

/* Begin PBXProject section */
		86CAD4911BACC9B1009C9CFD /* Project object */ = {
			isa = PBXProject;
			attributes = {
				LastSwiftUpdateCheck = 1300;
				LastUpgradeCheck = 1200;
				ORGANIZATIONNAME = "Alex Curran";
				TargetAttributes = {
					862F235826FD2E68000A8BFD = {
						CreatedOnToolsVersion = 13.0;
						DevelopmentTeam = 3H3SBN3AYY;
						ProvisioningStyle = Automatic;
					};
					86755DC422C7BC2000E91DF4 = {
						CreatedOnToolsVersion = 11.0;
						DevelopmentTeam = 3H3SBN3AYY;
						LastSwiftMigration = 1100;
						ProvisioningStyle = Automatic;
					};
					86755DCC22C7BC2100E91DF4 = {
						CreatedOnToolsVersion = 11.0;
						DevelopmentTeam = 3H3SBN3AYY;
						ProvisioningStyle = Automatic;
						TestTargetID = 86CAD4981BACC9B1009C9CFD;
					};
					868A16BD26D257BF0090D6E4 = {
						CreatedOnToolsVersion = 13.0;
						DevelopmentTeam = 3H3SBN3AYY;
						ProvisioningStyle = Automatic;
					};
					869DAC6F1D449EFB005AF315 = {
						CreatedOnToolsVersion = 8.0;
						DevelopmentTeam = 3H3SBN3AYY;
						DevelopmentTeamName = "Alexander Curran";
						LastSwiftMigration = 1020;
						ProvisioningStyle = Automatic;
						TestTargetID = 86CAD4981BACC9B1009C9CFD;
					};
					86CAD4981BACC9B1009C9CFD = {
						CreatedOnToolsVersion = 7.0;
						DevelopmentTeam = 3H3SBN3AYY;
						DevelopmentTeamName = "Alexander Curran";
						LastSwiftMigration = 1020;
						ProvisioningStyle = Automatic;
						SystemCapabilities = {
							com.apple.ApplicationGroups.iOS = {
								enabled = 1;
							};
							com.apple.Push = {
								enabled = 0;
							};
						};
					};
				};
			};
			buildConfigurationList = 86CAD4941BACC9B1009C9CFD /* Build configuration list for PBXProject "whatson" */;
			compatibilityVersion = "Xcode 3.2";
			developmentRegion = en;
			hasScannedForEncodings = 0;
			knownRegions = (
				en,
				Base,
			);
			mainGroup = 86CAD4901BACC9B1009C9CFD;
			productRefGroup = 86CAD49A1BACC9B1009C9CFD /* Products */;
			projectDirPath = "";
			projectRoot = "";
			targets = (
				86CAD4981BACC9B1009C9CFD /* whatson */,
				869DAC6F1D449EFB005AF315 /* WhatsOnTests */,
				86755DC422C7BC2000E91DF4 /* Core */,
				86755DCC22C7BC2100E91DF4 /* CoreTests */,
				868A16BD26D257BF0090D6E4 /* Widget3Extension */,
				862F235826FD2E68000A8BFD /* WhatsOnIntents */,
			);
		};
/* End PBXProject section */

/* Begin PBXResourcesBuildPhase section */
		862F235726FD2E68000A8BFD /* Resources */ = {
			isa = PBXResourcesBuildPhase;
			buildActionMask = 2147483647;
			files = (
			);
			runOnlyForDeploymentPostprocessing = 0;
		};
		86755DC322C7BC2000E91DF4 /* Resources */ = {
			isa = PBXResourcesBuildPhase;
			buildActionMask = 2147483647;
			files = (
			);
			runOnlyForDeploymentPostprocessing = 0;
		};
		86755DCB22C7BC2100E91DF4 /* Resources */ = {
			isa = PBXResourcesBuildPhase;
			buildActionMask = 2147483647;
			files = (
			);
			runOnlyForDeploymentPostprocessing = 0;
		};
		868A16BC26D257BF0090D6E4 /* Resources */ = {
			isa = PBXResourcesBuildPhase;
			buildActionMask = 2147483647;
			files = (
				868A16C626D257C30090D6E4 /* Assets.xcassets in Resources */,
			);
			runOnlyForDeploymentPostprocessing = 0;
		};
		869DAC6E1D449EFB005AF315 /* Resources */ = {
			isa = PBXResourcesBuildPhase;
			buildActionMask = 2147483647;
			files = (
			);
			runOnlyForDeploymentPostprocessing = 0;
		};
		86CAD4971BACC9B1009C9CFD /* Resources */ = {
			isa = PBXResourcesBuildPhase;
			buildActionMask = 2147483647;
			files = (
				86075C331E3E228C005AF423 /* Localizable.strings in Resources */,
				86CAD4AC1BACC9B1009C9CFD /* LaunchScreen.storyboard in Resources */,
				9F41E8E827A204DC0083C1EC /* GoogleService-Info.plist in Resources */,
				86CAD4A91BACC9B1009C9CFD /* Assets.xcassets in Resources */,
				8620886F22BFEDF000268B3D /* Localizable.stringsdict in Resources */,
			);
			runOnlyForDeploymentPostprocessing = 0;
		};
/* End PBXResourcesBuildPhase section */

/* Begin PBXSourcesBuildPhase section */
		862F235526FD2E68000A8BFD /* Sources */ = {
			isa = PBXSourcesBuildPhase;
			buildActionMask = 2147483647;
			files = (
				862F235D26FD2E68000A8BFD /* IntentHandler.swift in Sources */,
			);
			runOnlyForDeploymentPostprocessing = 0;
		};
		86755DC122C7BC2000E91DF4 /* Sources */ = {
			isa = PBXSourcesBuildPhase;
			buildActionMask = 2147483647;
			files = (
				868119E52306D7930035553B /* EKEventStore+Singleton.swift in Sources */,
				86A9355B22C7C246003FC26C /* EventsRepository.swift in Sources */,
				86755DE822C7BD0D00E91DF4 /* TimeOfDay.swift in Sources */,
				868119E42306D77C0035553B /* CalendarsLoader.swift in Sources */,
				86DB90182676A05200F8BB72 /* WhatsOnPresenter.swift in Sources */,
				860BD732270A4BD5000D46F7 /* Intents.intentdefinition in Sources */,
				868119E22306D7490035553B /* Date+SCTimeOfDay.swift in Sources */,
				862F236D26FD3591000A8BFD /* CheckCalendarHandler.swift in Sources */,
				868119E02306D71A0035553B /* EventKitEventRepository.swift in Sources */,
				868119DF2306D67E0035553B /* NSDateCalculator.swift in Sources */,
				86A9355722C7C1B8003FC26C /* EmptyCalendarItem.swift in Sources */,
				86755DEA22C7BD8D00E91DF4 /* BorderTimeRepository.swift in Sources */,
				868119E12306D7390035553B /* EventPredicates.swift in Sources */,
				868119DE2306D66E0035553B /* UserDefaultsTimeStore.swift in Sources */,
				86DB90192676A09100F8BB72 /* Delayer.swift in Sources */,
				86755DE422C7BC5100E91DF4 /* CalendarItem.swift in Sources */,
				867C4A1426D812A800B718DD /* DayViews.swift in Sources */,
				86A9355D22C7C261003FC26C /* EventsService.swift in Sources */,
				86A9355922C7C1F4003FC26C /* EventCalendarItem.swift in Sources */,
				8687F8BA2700B19C00220163 /* DemoRepository.swift in Sources */,
				86755DEC22C7BDB500E91DF4 /* TimeCalculator.swift in Sources */,
				868119E32306D76A0035553B /* CalendarPreferenceStore.swift in Sources */,
				86755DEE22C7BDF100E91DF4 /* CalendarSlot.swift in Sources */,
			);
			runOnlyForDeploymentPostprocessing = 0;
		};
		86755DC922C7BC2100E91DF4 /* Sources */ = {
			isa = PBXSourcesBuildPhase;
			buildActionMask = 2147483647;
			files = (
				86755DD522C7BC2100E91DF4 /* CoreTests.swift in Sources */,
			);
			runOnlyForDeploymentPostprocessing = 0;
		};
		868A16BA26D257BF0090D6E4 /* Sources */ = {
			isa = PBXSourcesBuildPhase;
			buildActionMask = 2147483647;
			files = (
				868A16C826D257C30090D6E4 /* Widget3.intentdefinition in Sources */,
				868A16C326D257BF0090D6E4 /* Widget3.swift in Sources */,
			);
			runOnlyForDeploymentPostprocessing = 0;
		};
		869DAC6C1D449EFB005AF315 /* Sources */ = {
			isa = PBXSourcesBuildPhase;
			buildActionMask = 2147483647;
			files = (
				86317A091EC258ED0009EE8A /* EventPredicateTests.swift in Sources */,
			);
			runOnlyForDeploymentPostprocessing = 0;
		};
		86CAD4951BACC9B1009C9CFD /* Sources */ = {
			isa = PBXSourcesBuildPhase;
			buildActionMask = 2147483647;
			files = (
				86C19EBF1BBF28E600BBCDF6 /* WhatsOnViewController.swift in Sources */,
				868A16C926D257C30090D6E4 /* Widget3.intentdefinition in Sources */,
				86DEC9581FB3B40D000FF4CD /* NextStepTableItem.swift in Sources */,
				866560AB1FB88713000ED8A2 /* CalendarPickerViewController.swift in Sources */,
				8607847A1DAD7E6100AAE856 /* LabelStyle.swift in Sources */,
				8626886E1EEC94DE00D8FB79 /* UIApplicationShortcuts.swift in Sources */,
				865C7B031EE56AE80047D8E0 /* BuildableTableSource.swift in Sources */,
				8658A2381F375ED500BF219C /* CustomViewTableItem.swift in Sources */,
				8695D0331DA1A2A20034D52A /* SlotDetail.swift in Sources */,
				86D751131C7128EB00C0A607 /* RoundedRectBorderView.swift in Sources */,
				86F8499B1D046AAE007C41B0 /* UIView+Constraints.swift in Sources */,
				86A9E45B1DA80A4900E8D019 /* UIViewController+Navigation.swift in Sources */,
				8658A2341F375E6100BF219C /* TitleTableItem.swift in Sources */,
				862D54752713758800B66FA5 /* DefaultCalendarPicker.swift in Sources */,
				8694756C1F37726D00925C2A /* CalendarPresenter.swift in Sources */,
				861BD0E01D9FC4290032FBAB /* Optional+Fluency.swift in Sources */,
				865C7B051EE574100047D8E0 /* OptionsViewController.swift in Sources */,
				866D2E771EEA045E008D76D5 /* GradientView.swift in Sources */,
				9FA8B40D27D18A2800BF89B3 /* EmptySlot.swift in Sources */,
				8658A2301F375DF800BF219C /* TableSection.swift in Sources */,
				9FBE073A27D0087B00C6BF96 /* EventList.swift in Sources */,
				86A9E45F1DA80E9700E8D019 /* DateFormatter+Initialisers.swift in Sources */,
				862D5477271381C800B66FA5 /* ShownCalendarPicker.swift in Sources */,
				8695D0281DA023670034D52A /* HeaderView.swift in Sources */,
				86D751151C71316D00C0A607 /* UIColor+WhatsOn.swift in Sources */,
				86FFFE491EC10E01009D772E /* Optional+Requirements.swift in Sources */,
				8695D0301DA185DB0034D52A /* SlotCellStyle.swift in Sources */,
				86DEC9561FB3A069000FF4CD /* AddEventView.swift in Sources */,
				86A9C2CB1C444468009281A0 /* WhatsOnAppDelegate.swift in Sources */,
				8600B9A11F0946F9008578E5 /* UIView+Animations.swift in Sources */,
				862D5479271787D000B66FA5 /* BoundaryPickerView2.swift in Sources */,
				8658A2321F375E3A00BF219C /* TableItem.swift in Sources */,
				865C7B011EE4B00D0047D8E0 /* BoundaryPickerView.swift in Sources */,
				9FA8B40B27D1855C00BF89B3 /* DetailMap.swift in Sources */,
				698533DEAF59954635D7E3CD /* Line.swift in Sources */,
				9F30619D27DCE02D00DCFA2A /* CuteView.swift in Sources */,
				69853EB6AEFC9EE982D28388 /* TimeLabel.swift in Sources */,
				69853B3AC06B29C271651CF0 /* UIDatePicker+Hours.swift in Sources */,
				69853EDF767415596862180F /* Analytics.swift in Sources */,
				86B638DB270F8ADE0054C85C /* OptionsView.swift in Sources */,
				698531761CD39981ABD5B75B /* Completion.swift in Sources */,
				2DBA1A1D4FF1A6199AD9D4FA /* BuildConfig.swift in Sources */,
				9FF09B112804D0A300FDBCFE /* SwipeView.swift in Sources */,
				2DBA13D585CE5E035AE263D4 /* EventResponseView.swift in Sources */,
				8658A2361F375EA500BF219C /* SwitchTableItem.swift in Sources */,
				862F0BAE26EFE8A200BE5350 /* NewEventView.swift in Sources */,
				2DBA1FC7FB7A35811ADEDB84 /* EventResponse.swift in Sources */,
				8658A23C1F37685400BF219C /* CheckableTableItem.swift in Sources */,
				8600B99D1F09383D008578E5 /* LoadingView.swift in Sources */,
				698538F49DD3046F71BE4E01 /* AllowsGestureRecognizer.swift in Sources */,
				698533858A420599E0C749F0 /* DayCell.swift in Sources */,
				8694756E1F37742C00925C2A /* DatePickerPresenter.swift in Sources */,
				698534B8D95E1BCE5206D939 /* BasicAnimator.swift in Sources */,
				69853044F5C74357E1751736 /* Animator.swift in Sources */,
				698539E35BDB526A55FA73A4 /* PropertyAnimator.swift in Sources */,
				6985339AD6136F4F0794DD59 /* EKEventKit+Convenience.swift in Sources */,
				9FBE073827CD6C7E00C6BF96 /* DetailsCard2.swift in Sources */,
			);
			runOnlyForDeploymentPostprocessing = 0;
		};
/* End PBXSourcesBuildPhase section */

/* Begin PBXTargetDependency section */
		862F236926FD2EAA000A8BFD /* PBXTargetDependency */ = {
			isa = PBXTargetDependency;
			target = 86755DC422C7BC2000E91DF4 /* Core */;
			targetProxy = 862F236826FD2EAA000A8BFD /* PBXContainerItemProxy */;
		};
		86755DD022C7BC2100E91DF4 /* PBXTargetDependency */ = {
			isa = PBXTargetDependency;
			target = 86755DC422C7BC2000E91DF4 /* Core */;
			targetProxy = 86755DCF22C7BC2100E91DF4 /* PBXContainerItemProxy */;
		};
		86755DD222C7BC2100E91DF4 /* PBXTargetDependency */ = {
			isa = PBXTargetDependency;
			target = 86CAD4981BACC9B1009C9CFD /* whatson */;
			targetProxy = 86755DD122C7BC2100E91DF4 /* PBXContainerItemProxy */;
		};
		86755DD922C7BC2100E91DF4 /* PBXTargetDependency */ = {
			isa = PBXTargetDependency;
			target = 86755DC422C7BC2000E91DF4 /* Core */;
			targetProxy = 86755DD822C7BC2100E91DF4 /* PBXContainerItemProxy */;
		};
		868A16CB26D257C30090D6E4 /* PBXTargetDependency */ = {
			isa = PBXTargetDependency;
			target = 868A16BD26D257BF0090D6E4 /* Widget3Extension */;
			targetProxy = 868A16CA26D257C30090D6E4 /* PBXContainerItemProxy */;
		};
		869DAC761D449EFB005AF315 /* PBXTargetDependency */ = {
			isa = PBXTargetDependency;
			target = 86CAD4981BACC9B1009C9CFD /* whatson */;
			targetProxy = 869DAC751D449EFB005AF315 /* PBXContainerItemProxy */;
		};
		86DF23E226D287100051D3A8 /* PBXTargetDependency */ = {
			isa = PBXTargetDependency;
			target = 86755DC422C7BC2000E91DF4 /* Core */;
			targetProxy = 86DF23E126D287100051D3A8 /* PBXContainerItemProxy */;
		};
/* End PBXTargetDependency section */

/* Begin PBXVariantGroup section */
		86CAD4AA1BACC9B1009C9CFD /* LaunchScreen.storyboard */ = {
			isa = PBXVariantGroup;
			children = (
				86CAD4AB1BACC9B1009C9CFD /* Base */,
			);
			name = LaunchScreen.storyboard;
			sourceTree = "<group>";
		};
/* End PBXVariantGroup section */

/* Begin XCBuildConfiguration section */
		862F236426FD2E68000A8BFD /* Debug */ = {
			isa = XCBuildConfiguration;
			buildSettings = {
				CLANG_ANALYZER_NONNULL = YES;
				CLANG_ANALYZER_NUMBER_OBJECT_CONVERSION = YES_AGGRESSIVE;
				CLANG_CXX_LANGUAGE_STANDARD = "gnu++17";
				CLANG_CXX_LIBRARY = "libc++";
				CLANG_ENABLE_OBJC_WEAK = YES;
				CLANG_WARN_DOCUMENTATION_COMMENTS = YES;
				CLANG_WARN_UNGUARDED_AVAILABILITY = YES_AGGRESSIVE;
				CODE_SIGN_ENTITLEMENTS = WhatsOnIntents/WhatsOnIntents.entitlements;
				CODE_SIGN_IDENTITY = "iPhone Developer";
				"CODE_SIGN_IDENTITY[sdk=iphoneos*]" = "iPhone Developer";
				CODE_SIGN_STYLE = Automatic;
				CURRENT_PROJECT_VERSION = 1;
				DEVELOPMENT_TEAM = 3H3SBN3AYY;
				GCC_C_LANGUAGE_STANDARD = gnu11;
				GCC_OPTIMIZATION_LEVEL = 0;
				GENERATE_INFOPLIST_FILE = YES;
				INFOPLIST_FILE = WhatsOnIntents/Info.plist;
				INFOPLIST_KEY_CFBundleDisplayName = WhatsOnIntents;
				INFOPLIST_KEY_NSHumanReadableCopyright = "Copyright © 2021 Alex Curran. All rights reserved.";
				LD_RUNPATH_SEARCH_PATHS = "$(inherited) @executable_path/Frameworks @executable_path/../../Frameworks";
				MARKETING_VERSION = 1.0;
				MTL_ENABLE_DEBUG_INFO = INCLUDE_SOURCE;
				MTL_FAST_MATH = YES;
				PRODUCT_BUNDLE_IDENTIFIER = uk.co.amlcurran.whatson.WhatsOnIntents;
				PRODUCT_NAME = "$(TARGET_NAME)";
				SKIP_INSTALL = YES;
				SUPPORTS_MACCATALYST = YES;
				SWIFT_ACTIVE_COMPILATION_CONDITIONS = DEBUG;
				SWIFT_EMIT_LOC_STRINGS = YES;
				SWIFT_OPTIMIZATION_LEVEL = "-Onone";
				SWIFT_VERSION = 5.0;
				TARGETED_DEVICE_FAMILY = "1,2";
			};
			name = Debug;
		};
		862F236526FD2E68000A8BFD /* Release */ = {
			isa = XCBuildConfiguration;
			buildSettings = {
				CLANG_ANALYZER_NONNULL = YES;
				CLANG_ANALYZER_NUMBER_OBJECT_CONVERSION = YES_AGGRESSIVE;
				CLANG_CXX_LANGUAGE_STANDARD = "gnu++17";
				CLANG_CXX_LIBRARY = "libc++";
				CLANG_ENABLE_OBJC_WEAK = YES;
				CLANG_WARN_DOCUMENTATION_COMMENTS = YES;
				CLANG_WARN_UNGUARDED_AVAILABILITY = YES_AGGRESSIVE;
				CODE_SIGN_ENTITLEMENTS = WhatsOnIntents/WhatsOnIntents.entitlements;
				CODE_SIGN_IDENTITY = "iPhone Developer";
				"CODE_SIGN_IDENTITY[sdk=iphoneos*]" = "iPhone Developer";
				CODE_SIGN_STYLE = Automatic;
				CURRENT_PROJECT_VERSION = 1;
				DEVELOPMENT_TEAM = 3H3SBN3AYY;
				GCC_C_LANGUAGE_STANDARD = gnu11;
				GENERATE_INFOPLIST_FILE = YES;
				INFOPLIST_FILE = WhatsOnIntents/Info.plist;
				INFOPLIST_KEY_CFBundleDisplayName = WhatsOnIntents;
				INFOPLIST_KEY_NSHumanReadableCopyright = "Copyright © 2021 Alex Curran. All rights reserved.";
				LD_RUNPATH_SEARCH_PATHS = "$(inherited) @executable_path/Frameworks @executable_path/../../Frameworks";
				MARKETING_VERSION = 1.0;
				MTL_FAST_MATH = YES;
				PRODUCT_BUNDLE_IDENTIFIER = uk.co.amlcurran.whatson.WhatsOnIntents;
				PRODUCT_NAME = "$(TARGET_NAME)";
				SKIP_INSTALL = YES;
				SUPPORTS_MACCATALYST = YES;
				SWIFT_EMIT_LOC_STRINGS = YES;
				SWIFT_OPTIMIZATION_LEVEL = "-Owholemodule";
				SWIFT_VERSION = 5.0;
				TARGETED_DEVICE_FAMILY = "1,2";
			};
			name = Release;
		};
		86755DDD22C7BC2100E91DF4 /* Debug */ = {
			isa = XCBuildConfiguration;
			buildSettings = {
				APPLICATION_EXTENSION_API_ONLY = YES;
				CLANG_ANALYZER_NONNULL = YES;
				CLANG_ANALYZER_NUMBER_OBJECT_CONVERSION = YES_AGGRESSIVE;
				CLANG_CXX_LANGUAGE_STANDARD = "gnu++14";
				CLANG_CXX_LIBRARY = "libc++";
				CLANG_ENABLE_MODULES = YES;
				CLANG_ENABLE_OBJC_WEAK = YES;
				CLANG_WARN_DOCUMENTATION_COMMENTS = YES;
				CLANG_WARN_UNGUARDED_AVAILABILITY = YES_AGGRESSIVE;
				CODE_SIGN_IDENTITY = "";
				"CODE_SIGN_IDENTITY[sdk=iphoneos*]" = "iPhone Developer";
				CODE_SIGN_STYLE = Automatic;
				CURRENT_PROJECT_VERSION = 1;
				DEFINES_MODULE = YES;
				DEVELOPMENT_TEAM = 3H3SBN3AYY;
				DYLIB_COMPATIBILITY_VERSION = 1;
				DYLIB_CURRENT_VERSION = 1;
				DYLIB_INSTALL_NAME_BASE = "@rpath";
				GCC_C_LANGUAGE_STANDARD = gnu11;
				GCC_OPTIMIZATION_LEVEL = 0;
				INFOPLIST_FILE = Core/Info.plist;
				INSTALL_PATH = "$(LOCAL_LIBRARY_DIR)/Frameworks";
				LD_RUNPATH_SEARCH_PATHS = "$(inherited) @executable_path/Frameworks @loader_path/Frameworks";
				MTL_ENABLE_DEBUG_INFO = INCLUDE_SOURCE;
				MTL_FAST_MATH = YES;
				PRODUCT_BUNDLE_IDENTIFIER = uk.co.amlcurran.whatson.Core;
				PRODUCT_NAME = "$(TARGET_NAME:c99extidentifier)";
				SKIP_INSTALL = YES;
				SWIFT_ACTIVE_COMPILATION_CONDITIONS = DEBUG;
				SWIFT_OPTIMIZATION_LEVEL = "-Onone";
				SWIFT_VERSION = 5.0;
				TARGETED_DEVICE_FAMILY = "1,2";
				VERSIONING_SYSTEM = "apple-generic";
				VERSION_INFO_PREFIX = "";
			};
			name = Debug;
		};
		86755DDE22C7BC2100E91DF4 /* Release */ = {
			isa = XCBuildConfiguration;
			buildSettings = {
				APPLICATION_EXTENSION_API_ONLY = YES;
				CLANG_ANALYZER_NONNULL = YES;
				CLANG_ANALYZER_NUMBER_OBJECT_CONVERSION = YES_AGGRESSIVE;
				CLANG_CXX_LANGUAGE_STANDARD = "gnu++14";
				CLANG_CXX_LIBRARY = "libc++";
				CLANG_ENABLE_MODULES = YES;
				CLANG_ENABLE_OBJC_WEAK = YES;
				CLANG_WARN_DOCUMENTATION_COMMENTS = YES;
				CLANG_WARN_UNGUARDED_AVAILABILITY = YES_AGGRESSIVE;
				CODE_SIGN_IDENTITY = "";
				"CODE_SIGN_IDENTITY[sdk=iphoneos*]" = "iPhone Developer";
				CODE_SIGN_STYLE = Automatic;
				CURRENT_PROJECT_VERSION = 1;
				DEFINES_MODULE = YES;
				DEVELOPMENT_TEAM = 3H3SBN3AYY;
				DYLIB_COMPATIBILITY_VERSION = 1;
				DYLIB_CURRENT_VERSION = 1;
				DYLIB_INSTALL_NAME_BASE = "@rpath";
				GCC_C_LANGUAGE_STANDARD = gnu11;
				INFOPLIST_FILE = Core/Info.plist;
				INSTALL_PATH = "$(LOCAL_LIBRARY_DIR)/Frameworks";
				LD_RUNPATH_SEARCH_PATHS = "$(inherited) @executable_path/Frameworks @loader_path/Frameworks";
				MTL_FAST_MATH = YES;
				PRODUCT_BUNDLE_IDENTIFIER = uk.co.amlcurran.whatson.Core;
				PRODUCT_NAME = "$(TARGET_NAME:c99extidentifier)";
				SKIP_INSTALL = YES;
				SWIFT_OPTIMIZATION_LEVEL = "-Owholemodule";
				SWIFT_VERSION = 5.0;
				TARGETED_DEVICE_FAMILY = "1,2";
				VERSIONING_SYSTEM = "apple-generic";
				VERSION_INFO_PREFIX = "";
			};
			name = Release;
		};
		86755DDF22C7BC2100E91DF4 /* Debug */ = {
			isa = XCBuildConfiguration;
			buildSettings = {
				ALWAYS_EMBED_SWIFT_STANDARD_LIBRARIES = YES;
				CLANG_ANALYZER_NONNULL = YES;
				CLANG_ANALYZER_NUMBER_OBJECT_CONVERSION = YES_AGGRESSIVE;
				CLANG_CXX_LANGUAGE_STANDARD = "gnu++14";
				CLANG_CXX_LIBRARY = "libc++";
				CLANG_ENABLE_OBJC_WEAK = YES;
				CLANG_WARN_DOCUMENTATION_COMMENTS = YES;
				CLANG_WARN_UNGUARDED_AVAILABILITY = YES_AGGRESSIVE;
				CODE_SIGN_STYLE = Automatic;
				DEVELOPMENT_TEAM = 3H3SBN3AYY;
				GCC_C_LANGUAGE_STANDARD = gnu11;
				GCC_OPTIMIZATION_LEVEL = 0;
				INFOPLIST_FILE = CoreTests/Info.plist;
				LD_RUNPATH_SEARCH_PATHS = "$(inherited) @executable_path/Frameworks @loader_path/Frameworks";
				MTL_ENABLE_DEBUG_INFO = INCLUDE_SOURCE;
				MTL_FAST_MATH = YES;
				PRODUCT_BUNDLE_IDENTIFIER = uk.co.amlcurran.whatson.CoreTests;
				PRODUCT_NAME = "$(TARGET_NAME)";
				SWIFT_ACTIVE_COMPILATION_CONDITIONS = DEBUG;
				SWIFT_OPTIMIZATION_LEVEL = "-Onone";
				SWIFT_VERSION = 5.0;
				TARGETED_DEVICE_FAMILY = "1,2";
				TEST_HOST = "$(BUILT_PRODUCTS_DIR)/What’s on.app/What’s on";
			};
			name = Debug;
		};
		86755DE022C7BC2100E91DF4 /* Release */ = {
			isa = XCBuildConfiguration;
			buildSettings = {
				ALWAYS_EMBED_SWIFT_STANDARD_LIBRARIES = YES;
				CLANG_ANALYZER_NONNULL = YES;
				CLANG_ANALYZER_NUMBER_OBJECT_CONVERSION = YES_AGGRESSIVE;
				CLANG_CXX_LANGUAGE_STANDARD = "gnu++14";
				CLANG_CXX_LIBRARY = "libc++";
				CLANG_ENABLE_OBJC_WEAK = YES;
				CLANG_WARN_DOCUMENTATION_COMMENTS = YES;
				CLANG_WARN_UNGUARDED_AVAILABILITY = YES_AGGRESSIVE;
				CODE_SIGN_STYLE = Automatic;
				DEVELOPMENT_TEAM = 3H3SBN3AYY;
				GCC_C_LANGUAGE_STANDARD = gnu11;
				INFOPLIST_FILE = CoreTests/Info.plist;
				LD_RUNPATH_SEARCH_PATHS = "$(inherited) @executable_path/Frameworks @loader_path/Frameworks";
				MTL_FAST_MATH = YES;
				PRODUCT_BUNDLE_IDENTIFIER = uk.co.amlcurran.whatson.CoreTests;
				PRODUCT_NAME = "$(TARGET_NAME)";
				SWIFT_OPTIMIZATION_LEVEL = "-Owholemodule";
				SWIFT_VERSION = 5.0;
				TARGETED_DEVICE_FAMILY = "1,2";
				TEST_HOST = "$(BUILT_PRODUCTS_DIR)/What’s on.app/What’s on";
			};
			name = Release;
		};
		868A16CF26D257C30090D6E4 /* Debug */ = {
			isa = XCBuildConfiguration;
			buildSettings = {
				ASSETCATALOG_COMPILER_GLOBAL_ACCENT_COLOR_NAME = AccentColor;
				ASSETCATALOG_COMPILER_WIDGET_BACKGROUND_COLOR_NAME = WidgetBackground;
				CLANG_ANALYZER_NONNULL = YES;
				CLANG_ANALYZER_NUMBER_OBJECT_CONVERSION = YES_AGGRESSIVE;
				CLANG_CXX_LANGUAGE_STANDARD = "gnu++17";
				CLANG_CXX_LIBRARY = "libc++";
				CLANG_ENABLE_OBJC_WEAK = YES;
				CLANG_WARN_DOCUMENTATION_COMMENTS = YES;
				CLANG_WARN_UNGUARDED_AVAILABILITY = YES_AGGRESSIVE;
				CODE_SIGN_ENTITLEMENTS = Widget3Extension.entitlements;
				CODE_SIGN_IDENTITY = "iPhone Developer";
				"CODE_SIGN_IDENTITY[sdk=iphoneos*]" = "iPhone Developer";
				CODE_SIGN_STYLE = Automatic;
				CURRENT_PROJECT_VERSION = 1000;
				DEVELOPMENT_TEAM = 3H3SBN3AYY;
				GCC_C_LANGUAGE_STANDARD = gnu11;
				GCC_OPTIMIZATION_LEVEL = 0;
				GENERATE_INFOPLIST_FILE = YES;
				INFOPLIST_FILE = Widget3/Info.plist;
				INFOPLIST_KEY_CFBundleDisplayName = Widget3;
				INFOPLIST_KEY_NSHumanReadableCopyright = "Copyright © 2021 Alex Curran. All rights reserved.";
				IPHONEOS_DEPLOYMENT_TARGET = 15.0;
				LD_RUNPATH_SEARCH_PATHS = "$(inherited) @executable_path/Frameworks @executable_path/../../Frameworks";
				MARKETING_VERSION = 1.0;
				MTL_ENABLE_DEBUG_INFO = INCLUDE_SOURCE;
				MTL_FAST_MATH = YES;
				PRODUCT_BUNDLE_IDENTIFIER = uk.co.amlcurran.whatson.Widget3;
				PRODUCT_NAME = "$(TARGET_NAME)";
				SKIP_INSTALL = YES;
				SUPPORTS_MACCATALYST = YES;
				SWIFT_ACTIVE_COMPILATION_CONDITIONS = DEBUG;
				SWIFT_EMIT_LOC_STRINGS = YES;
				SWIFT_OPTIMIZATION_LEVEL = "-Onone";
				SWIFT_VERSION = 5.0;
				TARGETED_DEVICE_FAMILY = "1,2";
			};
			name = Debug;
		};
		868A16D026D257C30090D6E4 /* Release */ = {
			isa = XCBuildConfiguration;
			buildSettings = {
				ASSETCATALOG_COMPILER_GLOBAL_ACCENT_COLOR_NAME = AccentColor;
				ASSETCATALOG_COMPILER_WIDGET_BACKGROUND_COLOR_NAME = WidgetBackground;
				CLANG_ANALYZER_NONNULL = YES;
				CLANG_ANALYZER_NUMBER_OBJECT_CONVERSION = YES_AGGRESSIVE;
				CLANG_CXX_LANGUAGE_STANDARD = "gnu++17";
				CLANG_CXX_LIBRARY = "libc++";
				CLANG_ENABLE_OBJC_WEAK = YES;
				CLANG_WARN_DOCUMENTATION_COMMENTS = YES;
				CLANG_WARN_UNGUARDED_AVAILABILITY = YES_AGGRESSIVE;
				CODE_SIGN_ENTITLEMENTS = Widget3Extension.entitlements;
				CODE_SIGN_IDENTITY = "iPhone Developer";
				"CODE_SIGN_IDENTITY[sdk=iphoneos*]" = "iPhone Developer";
				CODE_SIGN_STYLE = Automatic;
				CURRENT_PROJECT_VERSION = 1000;
				DEVELOPMENT_TEAM = 3H3SBN3AYY;
				GCC_C_LANGUAGE_STANDARD = gnu11;
				GENERATE_INFOPLIST_FILE = YES;
				INFOPLIST_FILE = Widget3/Info.plist;
				INFOPLIST_KEY_CFBundleDisplayName = Widget3;
				INFOPLIST_KEY_NSHumanReadableCopyright = "Copyright © 2021 Alex Curran. All rights reserved.";
				IPHONEOS_DEPLOYMENT_TARGET = 15.0;
				LD_RUNPATH_SEARCH_PATHS = "$(inherited) @executable_path/Frameworks @executable_path/../../Frameworks";
				MARKETING_VERSION = 1.0;
				MTL_FAST_MATH = YES;
				PRODUCT_BUNDLE_IDENTIFIER = uk.co.amlcurran.whatson.Widget3;
				PRODUCT_NAME = "$(TARGET_NAME)";
				SKIP_INSTALL = YES;
				SUPPORTS_MACCATALYST = YES;
				SWIFT_EMIT_LOC_STRINGS = YES;
				SWIFT_OPTIMIZATION_LEVEL = "-Owholemodule";
				SWIFT_VERSION = 5.0;
				TARGETED_DEVICE_FAMILY = "1,2";
			};
			name = Release;
		};
		869DAC771D449EFB005AF315 /* Debug */ = {
			isa = XCBuildConfiguration;
			buildSettings = {
				BUNDLE_LOADER = "$(TEST_HOST)";
				CLANG_ANALYZER_NONNULL = YES;
				CLANG_WARN_DOCUMENTATION_COMMENTS = YES;
				HEADER_SEARCH_PATHS = (
					"\"$(inherited)\"",
					"$(SRCROOT)/Pods/Firebase/**",
				);
				INFOPLIST_FILE = WhatsOnTests/Info.plist;
				J2OBJC_HOME = ./j2objc;
				LD_RUNPATH_SEARCH_PATHS = "$(inherited) @executable_path/Frameworks @loader_path/Frameworks";
				PRODUCT_BUNDLE_IDENTIFIER = uk.co.amlcurran.WhatsOnTests;
				PRODUCT_NAME = "$(TARGET_NAME)";
				SWIFT_ACTIVE_COMPILATION_CONDITIONS = DEBUG;
				SWIFT_OPTIMIZATION_LEVEL = "-Onone";
				SWIFT_VERSION = 5.0;
				TEST_HOST = "$(BUILT_PRODUCTS_DIR)/What’s on.app/What’s on";
				USER_HEADER_SEARCH_PATHS = "\"$(J2OBJC_HOME)/include\"/**";
			};
			name = Debug;
		};
		869DAC781D449EFB005AF315 /* Release */ = {
			isa = XCBuildConfiguration;
			buildSettings = {
				BUNDLE_LOADER = "$(TEST_HOST)";
				CLANG_ANALYZER_NONNULL = YES;
				CLANG_WARN_DOCUMENTATION_COMMENTS = YES;
				HEADER_SEARCH_PATHS = (
					"\"$(inherited)\"",
					"$(SRCROOT)/Pods/Firebase/**",
				);
				INFOPLIST_FILE = WhatsOnTests/Info.plist;
				J2OBJC_HOME = ./j2objc;
				LD_RUNPATH_SEARCH_PATHS = "$(inherited) @executable_path/Frameworks @loader_path/Frameworks";
				PRODUCT_BUNDLE_IDENTIFIER = uk.co.amlcurran.WhatsOnTests;
				PRODUCT_NAME = "$(TARGET_NAME)";
				SWIFT_OPTIMIZATION_LEVEL = "-Owholemodule";
				SWIFT_VERSION = 5.0;
				TEST_HOST = "$(BUILT_PRODUCTS_DIR)/What’s on.app/What’s on";
				USER_HEADER_SEARCH_PATHS = "\"$(J2OBJC_HOME)/include\"/**";
			};
			name = Release;
		};
		86CAD4AE1BACC9B1009C9CFD /* Debug */ = {
			isa = XCBuildConfiguration;
			buildSettings = {
				ALWAYS_SEARCH_USER_PATHS = NO;
				CLANG_CXX_LANGUAGE_STANDARD = "gnu++0x";
				CLANG_ENABLE_MODULES = YES;
				CLANG_ENABLE_OBJC_ARC = YES;
				CLANG_WARN_BLOCK_CAPTURE_AUTORELEASING = YES;
				CLANG_WARN_BOOL_CONVERSION = YES;
				CLANG_WARN_COMMA = YES;
				CLANG_WARN_CONSTANT_CONVERSION = YES;
				CLANG_WARN_DEPRECATED_OBJC_IMPLEMENTATIONS = YES;
				CLANG_WARN_DIRECT_OBJC_ISA_USAGE = YES_ERROR;
				CLANG_WARN_EMPTY_BODY = YES;
				CLANG_WARN_ENUM_CONVERSION = YES;
				CLANG_WARN_INFINITE_RECURSION = YES;
				CLANG_WARN_INT_CONVERSION = YES;
				CLANG_WARN_NON_LITERAL_NULL_CONVERSION = YES;
				CLANG_WARN_OBJC_IMPLICIT_RETAIN_SELF = YES;
				CLANG_WARN_OBJC_LITERAL_CONVERSION = YES;
				CLANG_WARN_OBJC_ROOT_CLASS = YES_ERROR;
				CLANG_WARN_QUOTED_INCLUDE_IN_FRAMEWORK_HEADER = YES;
				CLANG_WARN_RANGE_LOOP_ANALYSIS = YES;
				CLANG_WARN_STRICT_PROTOTYPES = YES;
				CLANG_WARN_SUSPICIOUS_MOVE = YES;
				CLANG_WARN_UNREACHABLE_CODE = YES;
				CLANG_WARN__DUPLICATE_METHOD_MATCH = YES;
				"CODE_SIGN_IDENTITY[sdk=iphoneos*]" = "iPhone Developer";
				COPY_PHASE_STRIP = NO;
				DEBUG_INFORMATION_FORMAT = dwarf;
				ENABLE_STRICT_OBJC_MSGSEND = YES;
				ENABLE_TESTABILITY = YES;
				GCC_C_LANGUAGE_STANDARD = gnu99;
				GCC_DYNAMIC_NO_PIC = NO;
				GCC_NO_COMMON_BLOCKS = YES;
				GCC_PREPROCESSOR_DEFINITIONS = (
					"DEBUG=1",
					"$(inherited)",
				);
				GCC_WARN_64_TO_32_BIT_CONVERSION = YES;
				GCC_WARN_ABOUT_RETURN_TYPE = YES_ERROR;
				GCC_WARN_UNDECLARED_SELECTOR = YES;
				GCC_WARN_UNINITIALIZED_AUTOS = YES_AGGRESSIVE;
				GCC_WARN_UNUSED_FUNCTION = YES;
				GCC_WARN_UNUSED_VARIABLE = YES;
				IPHONEOS_DEPLOYMENT_TARGET = 15.0;
				J2OBJC_HOME = "/Users/amlcurran/Downloads/j2objc-2.4";
				MTL_ENABLE_DEBUG_INFO = YES;
				ONLY_ACTIVE_ARCH = YES;
				SDKROOT = iphoneos;
				SWIFT_VERSION = 3.0;
				TARGETED_DEVICE_FAMILY = "1,2";
			};
			name = Debug;
		};
		86CAD4AF1BACC9B1009C9CFD /* Release */ = {
			isa = XCBuildConfiguration;
			buildSettings = {
				ALWAYS_SEARCH_USER_PATHS = NO;
				CLANG_CXX_LANGUAGE_STANDARD = "gnu++0x";
				CLANG_ENABLE_MODULES = YES;
				CLANG_ENABLE_OBJC_ARC = YES;
				CLANG_WARN_BLOCK_CAPTURE_AUTORELEASING = YES;
				CLANG_WARN_BOOL_CONVERSION = YES;
				CLANG_WARN_COMMA = YES;
				CLANG_WARN_CONSTANT_CONVERSION = YES;
				CLANG_WARN_DEPRECATED_OBJC_IMPLEMENTATIONS = YES;
				CLANG_WARN_DIRECT_OBJC_ISA_USAGE = YES_ERROR;
				CLANG_WARN_EMPTY_BODY = YES;
				CLANG_WARN_ENUM_CONVERSION = YES;
				CLANG_WARN_INFINITE_RECURSION = YES;
				CLANG_WARN_INT_CONVERSION = YES;
				CLANG_WARN_NON_LITERAL_NULL_CONVERSION = YES;
				CLANG_WARN_OBJC_IMPLICIT_RETAIN_SELF = YES;
				CLANG_WARN_OBJC_LITERAL_CONVERSION = YES;
				CLANG_WARN_OBJC_ROOT_CLASS = YES_ERROR;
				CLANG_WARN_QUOTED_INCLUDE_IN_FRAMEWORK_HEADER = YES;
				CLANG_WARN_RANGE_LOOP_ANALYSIS = YES;
				CLANG_WARN_STRICT_PROTOTYPES = YES;
				CLANG_WARN_SUSPICIOUS_MOVE = YES;
				CLANG_WARN_UNREACHABLE_CODE = YES;
				CLANG_WARN__DUPLICATE_METHOD_MATCH = YES;
				"CODE_SIGN_IDENTITY[sdk=iphoneos*]" = "iPhone Developer";
				COPY_PHASE_STRIP = NO;
				DEBUG_INFORMATION_FORMAT = "dwarf-with-dsym";
				ENABLE_NS_ASSERTIONS = NO;
				ENABLE_STRICT_OBJC_MSGSEND = YES;
				GCC_C_LANGUAGE_STANDARD = gnu99;
				GCC_NO_COMMON_BLOCKS = YES;
				GCC_WARN_64_TO_32_BIT_CONVERSION = YES;
				GCC_WARN_ABOUT_RETURN_TYPE = YES_ERROR;
				GCC_WARN_UNDECLARED_SELECTOR = YES;
				GCC_WARN_UNINITIALIZED_AUTOS = YES_AGGRESSIVE;
				GCC_WARN_UNUSED_FUNCTION = YES;
				GCC_WARN_UNUSED_VARIABLE = YES;
				IPHONEOS_DEPLOYMENT_TARGET = 15.0;
				J2OBJC_HOME = "/Users/amlcurran/Downloads/j2objc-2.4";
				MTL_ENABLE_DEBUG_INFO = NO;
				SDKROOT = iphoneos;
				SWIFT_VERSION = 3.0;
				TARGETED_DEVICE_FAMILY = "1,2";
				VALIDATE_PRODUCT = YES;
			};
			name = Release;
		};
		86CAD4B11BACC9B1009C9CFD /* Debug */ = {
			isa = XCBuildConfiguration;
			buildSettings = {
				ALWAYS_EMBED_SWIFT_STANDARD_LIBRARIES = YES;
				ASSETCATALOG_COMPILER_APPICON_NAME = AppIcon;
				CLANG_ENABLE_MODULES = YES;
				CODE_SIGN_ENTITLEMENTS = "whatson/What’s on.entitlements";
				CODE_SIGN_IDENTITY = "iPhone Developer";
				"CODE_SIGN_IDENTITY[sdk=iphoneos*]" = "iPhone Developer";
				CURRENT_PROJECT_VERSION = 10000;
				DEFINES_MODULE = YES;
				DEVELOPMENT_TEAM = 3H3SBN3AYY;
				ENABLE_BITCODE = YES;
				INFOPLIST_FILE = whatson/Info.plist;
				IPHONEOS_DEPLOYMENT_TARGET = 15.0;
				LD_RUNPATH_SEARCH_PATHS = "$(inherited) @executable_path/Frameworks";
				MARKETING_VERSION = 1.0.1;
				OTHER_SWIFT_FLAGS = "-D DEBUG";
				PRODUCT_BUNDLE_IDENTIFIER = uk.co.amlcurran.whatson;
				PRODUCT_MODULE_NAME = Whatson;
				PRODUCT_NAME = "What’s on";
				SUPPORTS_MACCATALYST = YES;
				SWIFT_OPTIMIZATION_LEVEL = "-Onone";
				SWIFT_VERSION = 5.0;
				TARGETED_DEVICE_FAMILY = "1,2,6";
				USER_HEADER_SEARCH_PATHS = "";
			};
			name = Debug;
		};
		86CAD4B21BACC9B1009C9CFD /* Release */ = {
			isa = XCBuildConfiguration;
			buildSettings = {
				ALWAYS_EMBED_SWIFT_STANDARD_LIBRARIES = YES;
				ASSETCATALOG_COMPILER_APPICON_NAME = AppIcon;
				CLANG_ENABLE_MODULES = YES;
				CODE_SIGN_ENTITLEMENTS = "whatson/What’s on.entitlements";
				CODE_SIGN_IDENTITY = "iPhone Developer";
				"CODE_SIGN_IDENTITY[sdk=iphoneos*]" = "iPhone Developer";
				CURRENT_PROJECT_VERSION = 10000;
				DEFINES_MODULE = YES;
				DEVELOPMENT_TEAM = 3H3SBN3AYY;
				ENABLE_BITCODE = YES;
				INFOPLIST_FILE = whatson/Info.plist;
				IPHONEOS_DEPLOYMENT_TARGET = 15.0;
				LD_RUNPATH_SEARCH_PATHS = "$(inherited) @executable_path/Frameworks";
				MARKETING_VERSION = 1.0.1;
				OTHER_SWIFT_FLAGS = "";
				PRODUCT_BUNDLE_IDENTIFIER = uk.co.amlcurran.whatson;
				PRODUCT_MODULE_NAME = Whatson;
				PRODUCT_NAME = "What’s on";
				SUPPORTS_MACCATALYST = YES;
				SWIFT_OPTIMIZATION_LEVEL = "-Owholemodule";
				SWIFT_VERSION = 5.0;
				TARGETED_DEVICE_FAMILY = "1,2,6";
				USER_HEADER_SEARCH_PATHS = "";
			};
			name = Release;
		};
/* End XCBuildConfiguration section */

/* Begin XCConfigurationList section */
		862F236326FD2E68000A8BFD /* Build configuration list for PBXNativeTarget "WhatsOnIntents" */ = {
			isa = XCConfigurationList;
			buildConfigurations = (
				862F236426FD2E68000A8BFD /* Debug */,
				862F236526FD2E68000A8BFD /* Release */,
			);
			defaultConfigurationIsVisible = 0;
			defaultConfigurationName = Release;
		};
		86755DE122C7BC2100E91DF4 /* Build configuration list for PBXNativeTarget "Core" */ = {
			isa = XCConfigurationList;
			buildConfigurations = (
				86755DDD22C7BC2100E91DF4 /* Debug */,
				86755DDE22C7BC2100E91DF4 /* Release */,
			);
			defaultConfigurationIsVisible = 0;
			defaultConfigurationName = Release;
		};
		86755DE222C7BC2100E91DF4 /* Build configuration list for PBXNativeTarget "CoreTests" */ = {
			isa = XCConfigurationList;
			buildConfigurations = (
				86755DDF22C7BC2100E91DF4 /* Debug */,
				86755DE022C7BC2100E91DF4 /* Release */,
			);
			defaultConfigurationIsVisible = 0;
			defaultConfigurationName = Release;
		};
		868A16CE26D257C30090D6E4 /* Build configuration list for PBXNativeTarget "Widget3Extension" */ = {
			isa = XCConfigurationList;
			buildConfigurations = (
				868A16CF26D257C30090D6E4 /* Debug */,
				868A16D026D257C30090D6E4 /* Release */,
			);
			defaultConfigurationIsVisible = 0;
			defaultConfigurationName = Release;
		};
		869DAC791D449EFB005AF315 /* Build configuration list for PBXNativeTarget "WhatsOnTests" */ = {
			isa = XCConfigurationList;
			buildConfigurations = (
				869DAC771D449EFB005AF315 /* Debug */,
				869DAC781D449EFB005AF315 /* Release */,
			);
			defaultConfigurationIsVisible = 0;
			defaultConfigurationName = Release;
		};
		86CAD4941BACC9B1009C9CFD /* Build configuration list for PBXProject "whatson" */ = {
			isa = XCConfigurationList;
			buildConfigurations = (
				86CAD4AE1BACC9B1009C9CFD /* Debug */,
				86CAD4AF1BACC9B1009C9CFD /* Release */,
			);
			defaultConfigurationIsVisible = 0;
			defaultConfigurationName = Release;
		};
		86CAD4B01BACC9B1009C9CFD /* Build configuration list for PBXNativeTarget "whatson" */ = {
			isa = XCConfigurationList;
			buildConfigurations = (
				86CAD4B11BACC9B1009C9CFD /* Debug */,
				86CAD4B21BACC9B1009C9CFD /* Release */,
			);
			defaultConfigurationIsVisible = 0;
			defaultConfigurationName = Release;
		};
/* End XCConfigurationList section */
	};
	rootObject = 86CAD4911BACC9B1009C9CFD /* Project object */;
}
